
Microsoft Visual Studio Solution File, Format Version 12.00
# Visual Studio 15
VisualStudioVersion = 15.0.28307.1000
MinimumVisualStudioVersion = 10.0.40219.1
Project("{8BC9CEB8-8B4A-11D0-8D11-00A0C91BC942}") = "ingescape", "ingescape.vcxproj", "{70769A56-0F77-41E4-9152-82BCC22B9E14}"
EndProject
Project("{8BC9CEB8-8B4A-11D0-8D11-00A0C91BC942}") = "libsodium", "..\..\..\libsodium\builds\msvc\vs2017\libsodium\libsodium.vcxproj", "{A185B162-6CB6-4502-B03F-B56F7699A8D9}"
EndProject
Project("{8BC9CEB8-8B4A-11D0-8D11-00A0C91BC942}") = "libzmq", "..\..\..\libzmq\builds\msvc\vs2017\x64\libzmq.vcxproj", "{F1B953DB-2496-3DB5-835F-EF2766DA64EE}"
EndProject
Project("{8BC9CEB8-8B4A-11D0-8D11-00A0C91BC942}") = "libczmq", "..\..\..\czmq\builds\msvc\vs2017\libczmq\libczmq.vcxproj", "{0C4A2E28-8C9E-4B27-85D9-BB679AD84AC7}"
EndProject
Project("{8BC9CEB8-8B4A-11D0-8D11-00A0C91BC942}") = "libzyre", "..\..\..\zyre\builds\msvc\vs2017\libzyre\libzyre.vcxproj", "{BF621796-B478-4FC7-9332-0D76AC83319D}"
EndProject
Global
	GlobalSection(SolutionConfigurationPlatforms) = preSolution
		Debug|x64 = Debug|x64
		Debug|x86 = Debug|x86
		DebugDLL|x64 = DebugDLL|x64
		DebugDLL|x86 = DebugDLL|x86
		DebugLIB|x64 = DebugLIB|x64
		DebugLIB|x86 = DebugLIB|x86
		DebugLTCG|x64 = DebugLTCG|x64
		DebugLTCG|x86 = DebugLTCG|x86
		MinSizeRel|x64 = MinSizeRel|x64
		MinSizeRel|x86 = MinSizeRel|x86
		Release|x64 = Release|x64
		Release|x86 = Release|x86
		ReleaseDLL|x64 = ReleaseDLL|x64
		ReleaseDLL|x86 = ReleaseDLL|x86
		ReleaseLIB|x64 = ReleaseLIB|x64
		ReleaseLIB|x86 = ReleaseLIB|x86
		ReleaseLTCG|x64 = ReleaseLTCG|x64
		ReleaseLTCG|x86 = ReleaseLTCG|x86
		RelWithDebInfo|x64 = RelWithDebInfo|x64
		RelWithDebInfo|x86 = RelWithDebInfo|x86
	EndGlobalSection
	GlobalSection(ProjectConfigurationPlatforms) = postSolution
		{70769A56-0F77-41E4-9152-82BCC22B9E14}.Debug|x64.ActiveCfg = Debug|x64
		{70769A56-0F77-41E4-9152-82BCC22B9E14}.Debug|x64.Build.0 = Debug|x64
		{70769A56-0F77-41E4-9152-82BCC22B9E14}.Debug|x86.ActiveCfg = Debug|Win32
		{70769A56-0F77-41E4-9152-82BCC22B9E14}.Debug|x86.Build.0 = Debug|Win32
		{70769A56-0F77-41E4-9152-82BCC22B9E14}.DebugDLL|x64.ActiveCfg = Debug|x64
		{70769A56-0F77-41E4-9152-82BCC22B9E14}.DebugDLL|x64.Build.0 = Debug|x64
		{70769A56-0F77-41E4-9152-82BCC22B9E14}.DebugDLL|x86.ActiveCfg = Debug|Win32
		{70769A56-0F77-41E4-9152-82BCC22B9E14}.DebugDLL|x86.Build.0 = Debug|Win32
		{70769A56-0F77-41E4-9152-82BCC22B9E14}.DebugLIB|x64.ActiveCfg = Debug|x64
		{70769A56-0F77-41E4-9152-82BCC22B9E14}.DebugLIB|x64.Build.0 = Debug|x64
		{70769A56-0F77-41E4-9152-82BCC22B9E14}.DebugLIB|x86.ActiveCfg = Debug|Win32
		{70769A56-0F77-41E4-9152-82BCC22B9E14}.DebugLIB|x86.Build.0 = Debug|Win32
		{70769A56-0F77-41E4-9152-82BCC22B9E14}.DebugLTCG|x64.ActiveCfg = Debug|x64
		{70769A56-0F77-41E4-9152-82BCC22B9E14}.DebugLTCG|x64.Build.0 = Debug|x64
		{70769A56-0F77-41E4-9152-82BCC22B9E14}.DebugLTCG|x86.ActiveCfg = Debug|Win32
		{70769A56-0F77-41E4-9152-82BCC22B9E14}.DebugLTCG|x86.Build.0 = Debug|Win32
		{70769A56-0F77-41E4-9152-82BCC22B9E14}.MinSizeRel|x64.ActiveCfg = Release|x64
		{70769A56-0F77-41E4-9152-82BCC22B9E14}.MinSizeRel|x64.Build.0 = Release|x64
		{70769A56-0F77-41E4-9152-82BCC22B9E14}.MinSizeRel|x86.ActiveCfg = Release|Win32
		{70769A56-0F77-41E4-9152-82BCC22B9E14}.MinSizeRel|x86.Build.0 = Release|Win32
		{70769A56-0F77-41E4-9152-82BCC22B9E14}.Release|x64.ActiveCfg = Release|x64
		{70769A56-0F77-41E4-9152-82BCC22B9E14}.Release|x64.Build.0 = Release|x64
		{70769A56-0F77-41E4-9152-82BCC22B9E14}.Release|x86.ActiveCfg = Release|Win32
		{70769A56-0F77-41E4-9152-82BCC22B9E14}.Release|x86.Build.0 = Release|Win32
		{70769A56-0F77-41E4-9152-82BCC22B9E14}.ReleaseDLL|x64.ActiveCfg = Release|x64
		{70769A56-0F77-41E4-9152-82BCC22B9E14}.ReleaseDLL|x64.Build.0 = Release|x64
		{70769A56-0F77-41E4-9152-82BCC22B9E14}.ReleaseDLL|x86.ActiveCfg = Release|Win32
		{70769A56-0F77-41E4-9152-82BCC22B9E14}.ReleaseDLL|x86.Build.0 = Release|Win32
		{70769A56-0F77-41E4-9152-82BCC22B9E14}.ReleaseLIB|x64.ActiveCfg = Release|x64
		{70769A56-0F77-41E4-9152-82BCC22B9E14}.ReleaseLIB|x64.Build.0 = Release|x64
		{70769A56-0F77-41E4-9152-82BCC22B9E14}.ReleaseLIB|x86.ActiveCfg = Release|Win32
		{70769A56-0F77-41E4-9152-82BCC22B9E14}.ReleaseLIB|x86.Build.0 = Release|Win32
		{70769A56-0F77-41E4-9152-82BCC22B9E14}.ReleaseLTCG|x64.ActiveCfg = Release|x64
		{70769A56-0F77-41E4-9152-82BCC22B9E14}.ReleaseLTCG|x64.Build.0 = Release|x64
		{70769A56-0F77-41E4-9152-82BCC22B9E14}.ReleaseLTCG|x86.ActiveCfg = Release|Win32
		{70769A56-0F77-41E4-9152-82BCC22B9E14}.ReleaseLTCG|x86.Build.0 = Release|Win32
		{70769A56-0F77-41E4-9152-82BCC22B9E14}.RelWithDebInfo|x64.ActiveCfg = Release|x64
		{70769A56-0F77-41E4-9152-82BCC22B9E14}.RelWithDebInfo|x64.Build.0 = Release|x64
		{70769A56-0F77-41E4-9152-82BCC22B9E14}.RelWithDebInfo|x86.ActiveCfg = Release|Win32
		{70769A56-0F77-41E4-9152-82BCC22B9E14}.RelWithDebInfo|x86.Build.0 = Release|Win32
		{A185B162-6CB6-4502-B03F-B56F7699A8D9}.Debug|x64.ActiveCfg = DebugDLL|x64
		{A185B162-6CB6-4502-B03F-B56F7699A8D9}.Debug|x64.Build.0 = DebugDLL|x64
		{A185B162-6CB6-4502-B03F-B56F7699A8D9}.Debug|x86.ActiveCfg = DebugDLL|Win32
		{A185B162-6CB6-4502-B03F-B56F7699A8D9}.Debug|x86.Build.0 = DebugDLL|Win32
		{A185B162-6CB6-4502-B03F-B56F7699A8D9}.DebugDLL|x64.ActiveCfg = DebugDLL|x64
		{A185B162-6CB6-4502-B03F-B56F7699A8D9}.DebugDLL|x64.Build.0 = DebugDLL|x64
		{A185B162-6CB6-4502-B03F-B56F7699A8D9}.DebugDLL|x86.ActiveCfg = DebugDLL|Win32
		{A185B162-6CB6-4502-B03F-B56F7699A8D9}.DebugDLL|x86.Build.0 = DebugDLL|Win32
		{A185B162-6CB6-4502-B03F-B56F7699A8D9}.DebugLIB|x64.ActiveCfg = DebugLIB|x64
		{A185B162-6CB6-4502-B03F-B56F7699A8D9}.DebugLIB|x64.Build.0 = DebugLIB|x64
		{A185B162-6CB6-4502-B03F-B56F7699A8D9}.DebugLIB|x86.ActiveCfg = DebugLIB|Win32
		{A185B162-6CB6-4502-B03F-B56F7699A8D9}.DebugLIB|x86.Build.0 = DebugLIB|Win32
		{A185B162-6CB6-4502-B03F-B56F7699A8D9}.DebugLTCG|x64.ActiveCfg = DebugLTCG|x64
		{A185B162-6CB6-4502-B03F-B56F7699A8D9}.DebugLTCG|x64.Build.0 = DebugLTCG|x64
		{A185B162-6CB6-4502-B03F-B56F7699A8D9}.DebugLTCG|x86.ActiveCfg = DebugLTCG|Win32
		{A185B162-6CB6-4502-B03F-B56F7699A8D9}.DebugLTCG|x86.Build.0 = DebugLTCG|Win32
		{A185B162-6CB6-4502-B03F-B56F7699A8D9}.MinSizeRel|x64.ActiveCfg = DebugDLL|x64
		{A185B162-6CB6-4502-B03F-B56F7699A8D9}.MinSizeRel|x64.Build.0 = DebugDLL|x64
		{A185B162-6CB6-4502-B03F-B56F7699A8D9}.MinSizeRel|x86.ActiveCfg = DebugDLL|Win32
		{A185B162-6CB6-4502-B03F-B56F7699A8D9}.MinSizeRel|x86.Build.0 = DebugDLL|Win32
		{A185B162-6CB6-4502-B03F-B56F7699A8D9}.Release|x64.ActiveCfg = ReleaseLIB|x64
		{A185B162-6CB6-4502-B03F-B56F7699A8D9}.Release|x64.Build.0 = ReleaseLIB|x64
		{A185B162-6CB6-4502-B03F-B56F7699A8D9}.Release|x86.ActiveCfg = ReleaseLIB|Win32
		{A185B162-6CB6-4502-B03F-B56F7699A8D9}.Release|x86.Build.0 = ReleaseLIB|Win32
		{A185B162-6CB6-4502-B03F-B56F7699A8D9}.ReleaseDLL|x64.ActiveCfg = ReleaseDLL|x64
		{A185B162-6CB6-4502-B03F-B56F7699A8D9}.ReleaseDLL|x64.Build.0 = ReleaseDLL|x64
		{A185B162-6CB6-4502-B03F-B56F7699A8D9}.ReleaseDLL|x86.ActiveCfg = ReleaseDLL|Win32
		{A185B162-6CB6-4502-B03F-B56F7699A8D9}.ReleaseDLL|x86.Build.0 = ReleaseDLL|Win32
		{A185B162-6CB6-4502-B03F-B56F7699A8D9}.ReleaseLIB|x64.ActiveCfg = ReleaseLIB|x64
		{A185B162-6CB6-4502-B03F-B56F7699A8D9}.ReleaseLIB|x64.Build.0 = ReleaseLIB|x64
		{A185B162-6CB6-4502-B03F-B56F7699A8D9}.ReleaseLIB|x86.ActiveCfg = ReleaseLIB|Win32
		{A185B162-6CB6-4502-B03F-B56F7699A8D9}.ReleaseLIB|x86.Build.0 = ReleaseLIB|Win32
		{A185B162-6CB6-4502-B03F-B56F7699A8D9}.ReleaseLTCG|x64.ActiveCfg = ReleaseLTCG|x64
		{A185B162-6CB6-4502-B03F-B56F7699A8D9}.ReleaseLTCG|x64.Build.0 = ReleaseLTCG|x64
		{A185B162-6CB6-4502-B03F-B56F7699A8D9}.ReleaseLTCG|x86.ActiveCfg = ReleaseLTCG|Win32
		{A185B162-6CB6-4502-B03F-B56F7699A8D9}.ReleaseLTCG|x86.Build.0 = ReleaseLTCG|Win32
		{A185B162-6CB6-4502-B03F-B56F7699A8D9}.RelWithDebInfo|x64.ActiveCfg = ReleaseLIB|x64
		{A185B162-6CB6-4502-B03F-B56F7699A8D9}.RelWithDebInfo|x64.Build.0 = ReleaseLIB|x64
		{A185B162-6CB6-4502-B03F-B56F7699A8D9}.RelWithDebInfo|x86.ActiveCfg = ReleaseLIB|Win32
		{A185B162-6CB6-4502-B03F-B56F7699A8D9}.RelWithDebInfo|x86.Build.0 = ReleaseLIB|Win32
		{F1B953DB-2496-3DB5-835F-EF2766DA64EE}.Debug|x64.ActiveCfg = Debug|x64
		{F1B953DB-2496-3DB5-835F-EF2766DA64EE}.Debug|x64.Build.0 = Debug|x64
		{F1B953DB-2496-3DB5-835F-EF2766DA64EE}.Debug|x86.ActiveCfg = Debug|x64
		{F1B953DB-2496-3DB5-835F-EF2766DA64EE}.DebugDLL|x64.ActiveCfg = Debug|x64
		{F1B953DB-2496-3DB5-835F-EF2766DA64EE}.DebugDLL|x64.Build.0 = Debug|x64
		{F1B953DB-2496-3DB5-835F-EF2766DA64EE}.DebugDLL|x86.ActiveCfg = RelWithDebInfo|x64
		{F1B953DB-2496-3DB5-835F-EF2766DA64EE}.DebugDLL|x86.Build.0 = RelWithDebInfo|x64
		{F1B953DB-2496-3DB5-835F-EF2766DA64EE}.DebugLIB|x64.ActiveCfg = Debug|x64
		{F1B953DB-2496-3DB5-835F-EF2766DA64EE}.DebugLIB|x64.Build.0 = Debug|x64
		{F1B953DB-2496-3DB5-835F-EF2766DA64EE}.DebugLIB|x86.ActiveCfg = RelWithDebInfo|x64
		{F1B953DB-2496-3DB5-835F-EF2766DA64EE}.DebugLIB|x86.Build.0 = RelWithDebInfo|x64
		{F1B953DB-2496-3DB5-835F-EF2766DA64EE}.DebugLTCG|x64.ActiveCfg = Debug|x64
		{F1B953DB-2496-3DB5-835F-EF2766DA64EE}.DebugLTCG|x64.Build.0 = Debug|x64
		{F1B953DB-2496-3DB5-835F-EF2766DA64EE}.DebugLTCG|x86.ActiveCfg = RelWithDebInfo|x64
		{F1B953DB-2496-3DB5-835F-EF2766DA64EE}.DebugLTCG|x86.Build.0 = RelWithDebInfo|x64
		{F1B953DB-2496-3DB5-835F-EF2766DA64EE}.MinSizeRel|x64.ActiveCfg = MinSizeRel|x64
		{F1B953DB-2496-3DB5-835F-EF2766DA64EE}.MinSizeRel|x64.Build.0 = MinSizeRel|x64
		{F1B953DB-2496-3DB5-835F-EF2766DA64EE}.MinSizeRel|x86.ActiveCfg = MinSizeRel|x64
		{F1B953DB-2496-3DB5-835F-EF2766DA64EE}.Release|x64.ActiveCfg = Release|x64
		{F1B953DB-2496-3DB5-835F-EF2766DA64EE}.Release|x64.Build.0 = Release|x64
		{F1B953DB-2496-3DB5-835F-EF2766DA64EE}.Release|x86.ActiveCfg = Release|x64
		{F1B953DB-2496-3DB5-835F-EF2766DA64EE}.ReleaseDLL|x64.ActiveCfg = Release|x64
		{F1B953DB-2496-3DB5-835F-EF2766DA64EE}.ReleaseDLL|x64.Build.0 = Release|x64
		{F1B953DB-2496-3DB5-835F-EF2766DA64EE}.ReleaseDLL|x86.ActiveCfg = RelWithDebInfo|x64
		{F1B953DB-2496-3DB5-835F-EF2766DA64EE}.ReleaseDLL|x86.Build.0 = RelWithDebInfo|x64
		{F1B953DB-2496-3DB5-835F-EF2766DA64EE}.ReleaseLIB|x64.ActiveCfg = Release|x64
		{F1B953DB-2496-3DB5-835F-EF2766DA64EE}.ReleaseLIB|x64.Build.0 = Release|x64
		{F1B953DB-2496-3DB5-835F-EF2766DA64EE}.ReleaseLIB|x86.ActiveCfg = RelWithDebInfo|x64
		{F1B953DB-2496-3DB5-835F-EF2766DA64EE}.ReleaseLIB|x86.Build.0 = RelWithDebInfo|x64
		{F1B953DB-2496-3DB5-835F-EF2766DA64EE}.ReleaseLTCG|x64.ActiveCfg = Release|x64
		{F1B953DB-2496-3DB5-835F-EF2766DA64EE}.ReleaseLTCG|x64.Build.0 = Release|x64
		{F1B953DB-2496-3DB5-835F-EF2766DA64EE}.ReleaseLTCG|x86.ActiveCfg = RelWithDebInfo|x64
		{F1B953DB-2496-3DB5-835F-EF2766DA64EE}.ReleaseLTCG|x86.Build.0 = RelWithDebInfo|x64
		{F1B953DB-2496-3DB5-835F-EF2766DA64EE}.RelWithDebInfo|x64.ActiveCfg = RelWithDebInfo|x64
		{F1B953DB-2496-3DB5-835F-EF2766DA64EE}.RelWithDebInfo|x64.Build.0 = RelWithDebInfo|x64
		{F1B953DB-2496-3DB5-835F-EF2766DA64EE}.RelWithDebInfo|x86.ActiveCfg = RelWithDebInfo|x64
		{0C4A2E28-8C9E-4B27-85D9-BB679AD84AC7}.Debug|x64.ActiveCfg = DebugDLL|x64
		{0C4A2E28-8C9E-4B27-85D9-BB679AD84AC7}.Debug|x64.Build.0 = DebugDLL|x64
		{0C4A2E28-8C9E-4B27-85D9-BB679AD84AC7}.Debug|x86.ActiveCfg = DebugDLL|Win32
		{0C4A2E28-8C9E-4B27-85D9-BB679AD84AC7}.Debug|x86.Build.0 = DebugDLL|Win32
		{0C4A2E28-8C9E-4B27-85D9-BB679AD84AC7}.DebugDLL|x64.ActiveCfg = DebugDLL|x64
		{0C4A2E28-8C9E-4B27-85D9-BB679AD84AC7}.DebugDLL|x64.Build.0 = DebugDLL|x64
		{0C4A2E28-8C9E-4B27-85D9-BB679AD84AC7}.DebugDLL|x86.ActiveCfg = DebugDLL|Win32
		{0C4A2E28-8C9E-4B27-85D9-BB679AD84AC7}.DebugDLL|x86.Build.0 = DebugDLL|Win32
		{0C4A2E28-8C9E-4B27-85D9-BB679AD84AC7}.DebugLIB|x64.ActiveCfg = DebugLIB|x64
		{0C4A2E28-8C9E-4B27-85D9-BB679AD84AC7}.DebugLIB|x64.Build.0 = DebugLIB|x64
		{0C4A2E28-8C9E-4B27-85D9-BB679AD84AC7}.DebugLIB|x86.ActiveCfg = DebugLIB|Win32
		{0C4A2E28-8C9E-4B27-85D9-BB679AD84AC7}.DebugLIB|x86.Build.0 = DebugLIB|Win32
		{0C4A2E28-8C9E-4B27-85D9-BB679AD84AC7}.DebugLTCG|x64.ActiveCfg = DebugLTCG|x64
		{0C4A2E28-8C9E-4B27-85D9-BB679AD84AC7}.DebugLTCG|x64.Build.0 = DebugLTCG|x64
		{0C4A2E28-8C9E-4B27-85D9-BB679AD84AC7}.DebugLTCG|x86.ActiveCfg = DebugLTCG|Win32
		{0C4A2E28-8C9E-4B27-85D9-BB679AD84AC7}.DebugLTCG|x86.Build.0 = DebugLTCG|Win32
		{0C4A2E28-8C9E-4B27-85D9-BB679AD84AC7}.MinSizeRel|x64.ActiveCfg = DebugDLL|x64
		{0C4A2E28-8C9E-4B27-85D9-BB679AD84AC7}.MinSizeRel|x64.Build.0 = DebugDLL|x64
		{0C4A2E28-8C9E-4B27-85D9-BB679AD84AC7}.MinSizeRel|x86.ActiveCfg = DebugDLL|Win32
		{0C4A2E28-8C9E-4B27-85D9-BB679AD84AC7}.MinSizeRel|x86.Build.0 = DebugDLL|Win32
		{0C4A2E28-8C9E-4B27-85D9-BB679AD84AC7}.Release|x64.ActiveCfg = ReleaseLIB|x64
		{0C4A2E28-8C9E-4B27-85D9-BB679AD84AC7}.Release|x64.Build.0 = ReleaseLIB|x64
		{0C4A2E28-8C9E-4B27-85D9-BB679AD84AC7}.Release|x86.ActiveCfg = ReleaseLIB|Win32
		{0C4A2E28-8C9E-4B27-85D9-BB679AD84AC7}.Release|x86.Build.0 = ReleaseLIB|Win32
		{0C4A2E28-8C9E-4B27-85D9-BB679AD84AC7}.ReleaseDLL|x64.ActiveCfg = ReleaseDLL|x64
		{0C4A2E28-8C9E-4B27-85D9-BB679AD84AC7}.ReleaseDLL|x64.Build.0 = ReleaseDLL|x64
		{0C4A2E28-8C9E-4B27-85D9-BB679AD84AC7}.ReleaseDLL|x86.ActiveCfg = ReleaseDLL|Win32
		{0C4A2E28-8C9E-4B27-85D9-BB679AD84AC7}.ReleaseDLL|x86.Build.0 = ReleaseDLL|Win32
		{0C4A2E28-8C9E-4B27-85D9-BB679AD84AC7}.ReleaseLIB|x64.ActiveCfg = ReleaseLIB|x64
		{0C4A2E28-8C9E-4B27-85D9-BB679AD84AC7}.ReleaseLIB|x64.Build.0 = ReleaseLIB|x64
		{0C4A2E28-8C9E-4B27-85D9-BB679AD84AC7}.ReleaseLIB|x86.ActiveCfg = ReleaseLIB|Win32
		{0C4A2E28-8C9E-4B27-85D9-BB679AD84AC7}.ReleaseLIB|x86.Build.0 = ReleaseLIB|Win32
		{0C4A2E28-8C9E-4B27-85D9-BB679AD84AC7}.ReleaseLTCG|x64.ActiveCfg = ReleaseLTCG|x64
		{0C4A2E28-8C9E-4B27-85D9-BB679AD84AC7}.ReleaseLTCG|x64.Build.0 = ReleaseLTCG|x64
		{0C4A2E28-8C9E-4B27-85D9-BB679AD84AC7}.ReleaseLTCG|x86.ActiveCfg = ReleaseLTCG|Win32
		{0C4A2E28-8C9E-4B27-85D9-BB679AD84AC7}.ReleaseLTCG|x86.Build.0 = ReleaseLTCG|Win32
		{0C4A2E28-8C9E-4B27-85D9-BB679AD84AC7}.RelWithDebInfo|x64.ActiveCfg = ReleaseLIB|x64
		{0C4A2E28-8C9E-4B27-85D9-BB679AD84AC7}.RelWithDebInfo|x64.Build.0 = ReleaseLIB|x64
		{0C4A2E28-8C9E-4B27-85D9-BB679AD84AC7}.RelWithDebInfo|x86.ActiveCfg = ReleaseLIB|Win32
		{0C4A2E28-8C9E-4B27-85D9-BB679AD84AC7}.RelWithDebInfo|x86.Build.0 = ReleaseLIB|Win32
		{BF621796-B478-4FC7-9332-0D76AC83319D}.Debug|x64.ActiveCfg = DebugLIB|x64
		{BF621796-B478-4FC7-9332-0D76AC83319D}.Debug|x64.Build.0 = DebugLIB|x64
		{BF621796-B478-4FC7-9332-0D76AC83319D}.Debug|x86.ActiveCfg = DebugDLL|Win32
		{BF621796-B478-4FC7-9332-0D76AC83319D}.Debug|x86.Build.0 = DebugDLL|Win32
		{BF621796-B478-4FC7-9332-0D76AC83319D}.DebugDLL|x64.ActiveCfg = DebugDLL|x64
		{BF621796-B478-4FC7-9332-0D76AC83319D}.DebugDLL|x64.Build.0 = DebugDLL|x64
		{BF621796-B478-4FC7-9332-0D76AC83319D}.DebugDLL|x86.ActiveCfg = DebugDLL|Win32
		{BF621796-B478-4FC7-9332-0D76AC83319D}.DebugDLL|x86.Build.0 = DebugDLL|Win32
		{BF621796-B478-4FC7-9332-0D76AC83319D}.DebugLIB|x64.ActiveCfg = DebugLIB|x64
		{BF621796-B478-4FC7-9332-0D76AC83319D}.DebugLIB|x64.Build.0 = DebugLIB|x64
		{BF621796-B478-4FC7-9332-0D76AC83319D}.DebugLIB|x86.ActiveCfg = DebugLIB|Win32
		{BF621796-B478-4FC7-9332-0D76AC83319D}.DebugLIB|x86.Build.0 = DebugLIB|Win32
		{BF621796-B478-4FC7-9332-0D76AC83319D}.DebugLTCG|x64.ActiveCfg = DebugLTCG|x64
		{BF621796-B478-4FC7-9332-0D76AC83319D}.DebugLTCG|x64.Build.0 = DebugLTCG|x64
		{BF621796-B478-4FC7-9332-0D76AC83319D}.DebugLTCG|x86.ActiveCfg = DebugLTCG|Win32
		{BF621796-B478-4FC7-9332-0D76AC83319D}.DebugLTCG|x86.Build.0 = DebugLTCG|Win32
		{BF621796-B478-4FC7-9332-0D76AC83319D}.MinSizeRel|x64.ActiveCfg = DebugLIB|x64
		{BF621796-B478-4FC7-9332-0D76AC83319D}.MinSizeRel|x64.Build.0 = DebugLIB|x64
		{BF621796-B478-4FC7-9332-0D76AC83319D}.MinSizeRel|x86.ActiveCfg = DebugDLL|Win32
		{BF621796-B478-4FC7-9332-0D76AC83319D}.MinSizeRel|x86.Build.0 = DebugDLL|Win32
		{BF621796-B478-4FC7-9332-0D76AC83319D}.Release|x64.ActiveCfg = ReleaseLIB|x64
		{BF621796-B478-4FC7-9332-0D76AC83319D}.Release|x64.Build.0 = ReleaseLIB|x64
		{BF621796-B478-4FC7-9332-0D76AC83319D}.Release|x86.ActiveCfg = ReleaseLIB|Win32
		{BF621796-B478-4FC7-9332-0D76AC83319D}.Release|x86.Build.0 = ReleaseLIB|Win32
		{BF621796-B478-4FC7-9332-0D76AC83319D}.ReleaseDLL|x64.ActiveCfg = ReleaseDLL|x64
		{BF621796-B478-4FC7-9332-0D76AC83319D}.ReleaseDLL|x64.Build.0 = ReleaseDLL|x64
		{BF621796-B478-4FC7-9332-0D76AC83319D}.ReleaseDLL|x86.ActiveCfg = ReleaseDLL|Win32
		{BF621796-B478-4FC7-9332-0D76AC83319D}.ReleaseDLL|x86.Build.0 = ReleaseDLL|Win32
		{BF621796-B478-4FC7-9332-0D76AC83319D}.ReleaseLIB|x64.ActiveCfg = ReleaseLIB|x64
		{BF621796-B478-4FC7-9332-0D76AC83319D}.ReleaseLIB|x64.Build.0 = ReleaseLIB|x64
		{BF621796-B478-4FC7-9332-0D76AC83319D}.ReleaseLIB|x86.ActiveCfg = ReleaseLIB|Win32
		{BF621796-B478-4FC7-9332-0D76AC83319D}.ReleaseLIB|x86.Build.0 = ReleaseLIB|Win32
		{BF621796-B478-4FC7-9332-0D76AC83319D}.ReleaseLTCG|x64.ActiveCfg = ReleaseLTCG|x64
		{BF621796-B478-4FC7-9332-0D76AC83319D}.ReleaseLTCG|x64.Build.0 = ReleaseLTCG|x64
		{BF621796-B478-4FC7-9332-0D76AC83319D}.ReleaseLTCG|x86.ActiveCfg = ReleaseLTCG|Win32
		{BF621796-B478-4FC7-9332-0D76AC83319D}.ReleaseLTCG|x86.Build.0 = ReleaseLTCG|Win32
		{BF621796-B478-4FC7-9332-0D76AC83319D}.RelWithDebInfo|x64.ActiveCfg = ReleaseLIB|x64
		{BF621796-B478-4FC7-9332-0D76AC83319D}.RelWithDebInfo|x64.Build.0 = ReleaseLIB|x64
		{BF621796-B478-4FC7-9332-0D76AC83319D}.RelWithDebInfo|x86.ActiveCfg = ReleaseLIB|Win32
		{BF621796-B478-4FC7-9332-0D76AC83319D}.RelWithDebInfo|x86.Build.0 = ReleaseLIB|Win32
	EndGlobalSection
	GlobalSection(SolutionProperties) = preSolution
		HideSolutionNode = FALSE
	EndGlobalSection
	GlobalSection(ExtensibilityGlobals) = postSolution
		SolutionGuid = {0AC2E9C7-14AE-4AC2-90B8-491925573A21}
	EndGlobalSection
EndGlobal
