
Microsoft Visual Studio Solution File, Format Version 12.00
# Visual Studio Version 16
VisualStudioVersion = 16.0.31112.23
MinimumVisualStudioVersion = 10.0.40219.1
Project("{9A19103F-16F7-4668-BE54-9A1E7A4F7556}") = "IngescapeCSharp", "IngescapeCSharp\IngescapeCSharp.csproj", "{5A8F71BB-E14D-4F96-9A87-A622A03CDEF4}"
EndProject
Project("{2150E333-8FDC-42A3-9474-1A3956D46DE8}") = "ingescape", "ingescape", "{CAE777E6-93C0-4B4F-BAA7-F37C90E8C3DC}"
EndProject
Project("{8BC9CEB8-8B4A-11D0-8D11-00A0C91BC942}") = "ingescape", "..\..\..\builds\visual-studio\ingescape.vcxproj", "{B30376DD-096B-3792-AC2B-A4534624E3CB}"
EndProject
Project("{2150E333-8FDC-42A3-9474-1A3956D46DE8}") = "dependencies", "dependencies", "{4D27A3F1-A187-413B-B612-122B0994AF2D}"
EndProject
Project("{8BC9CEB8-8B4A-11D0-8D11-00A0C91BC942}") = "sodium", "..\..\..\builds\visual-studio\dependencies\sodium\sodium.vcxproj", "{6DF21852-05C8-3718-9B1E-56638C23117C}"
EndProject
Project("{8BC9CEB8-8B4A-11D0-8D11-00A0C91BC942}") = "libzmq", "..\..\..\builds\visual-studio\dependencies\libzmq\libzmq.vcxproj", "{1728F069-24E8-31BC-8C5E-6B6E0F33F228}"
EndProject
Project("{8BC9CEB8-8B4A-11D0-8D11-00A0C91BC942}") = "czmq", "..\..\..\builds\visual-studio\dependencies\czmq\czmq.vcxproj", "{2B160CC8-C0B5-318C-958D-38F7389C3D20}"
EndProject
Project("{8BC9CEB8-8B4A-11D0-8D11-00A0C91BC942}") = "zyre", "..\..\..\builds\visual-studio\dependencies\zyre\zyre.vcxproj", "{CAEF1FAE-E7FA-376D-B9CF-EE1C3B2ED12A}"
EndProject
Project("{FAE04EC0-301F-11D3-BF4B-00C04F79EFBC}") = "igstester", "test\igstester\igstester.csproj", "{5BC79495-8202-44E8-BC91-A7FBE3D3AEA9}"
EndProject
Global
	GlobalSection(SolutionConfigurationPlatforms) = preSolution
		Debug|Any CPU = Debug|Any CPU
		Debug|x64 = Debug|x64
		Debug|x86 = Debug|x86
		Release|Any CPU = Release|Any CPU
		Release|x64 = Release|x64
		Release|x86 = Release|x86
	EndGlobalSection
	GlobalSection(ProjectConfigurationPlatforms) = postSolution
		{5A8F71BB-E14D-4F96-9A87-A622A03CDEF4}.Debug|Any CPU.ActiveCfg = Debug|x86
		{5A8F71BB-E14D-4F96-9A87-A622A03CDEF4}.Debug|x64.ActiveCfg = Debug|x64
		{5A8F71BB-E14D-4F96-9A87-A622A03CDEF4}.Debug|x64.Build.0 = Debug|x64
		{5A8F71BB-E14D-4F96-9A87-A622A03CDEF4}.Debug|x86.ActiveCfg = Debug|x86
		{5A8F71BB-E14D-4F96-9A87-A622A03CDEF4}.Debug|x86.Build.0 = Debug|x86
		{5A8F71BB-E14D-4F96-9A87-A622A03CDEF4}.Release|Any CPU.ActiveCfg = Release|x86
		{5A8F71BB-E14D-4F96-9A87-A622A03CDEF4}.Release|x64.ActiveCfg = Release|x64
		{5A8F71BB-E14D-4F96-9A87-A622A03CDEF4}.Release|x64.Build.0 = Release|x64
		{5A8F71BB-E14D-4F96-9A87-A622A03CDEF4}.Release|x86.ActiveCfg = Release|x86
		{5A8F71BB-E14D-4F96-9A87-A622A03CDEF4}.Release|x86.Build.0 = Release|x86
		{B30376DD-096B-3792-AC2B-A4534624E3CB}.Debug|Any CPU.ActiveCfg = Debug|Win32
		{B30376DD-096B-3792-AC2B-A4534624E3CB}.Debug|x64.ActiveCfg = Debug|x64
		{B30376DD-096B-3792-AC2B-A4534624E3CB}.Debug|x64.Build.0 = Debug|x64
		{B30376DD-096B-3792-AC2B-A4534624E3CB}.Debug|x86.ActiveCfg = Debug|Win32
		{B30376DD-096B-3792-AC2B-A4534624E3CB}.Debug|x86.Build.0 = Debug|Win32
		{B30376DD-096B-3792-AC2B-A4534624E3CB}.Release|Any CPU.ActiveCfg = Release|Win32
		{B30376DD-096B-3792-AC2B-A4534624E3CB}.Release|x64.ActiveCfg = Release|x64
		{B30376DD-096B-3792-AC2B-A4534624E3CB}.Release|x64.Build.0 = Release|x64
		{B30376DD-096B-3792-AC2B-A4534624E3CB}.Release|x86.ActiveCfg = Release|Win32
		{B30376DD-096B-3792-AC2B-A4534624E3CB}.Release|x86.Build.0 = Release|Win32
		{6DF21852-05C8-3718-9B1E-56638C23117C}.Debug|Any CPU.ActiveCfg = Debug|Win32
		{6DF21852-05C8-3718-9B1E-56638C23117C}.Debug|x64.ActiveCfg = Debug|x64
		{6DF21852-05C8-3718-9B1E-56638C23117C}.Debug|x64.Build.0 = Debug|x64
		{6DF21852-05C8-3718-9B1E-56638C23117C}.Debug|x86.ActiveCfg = Debug|Win32
		{6DF21852-05C8-3718-9B1E-56638C23117C}.Debug|x86.Build.0 = Debug|Win32
		{6DF21852-05C8-3718-9B1E-56638C23117C}.Release|Any CPU.ActiveCfg = Release|Win32
		{6DF21852-05C8-3718-9B1E-56638C23117C}.Release|x64.ActiveCfg = Release|x64
		{6DF21852-05C8-3718-9B1E-56638C23117C}.Release|x64.Build.0 = Release|x64
		{6DF21852-05C8-3718-9B1E-56638C23117C}.Release|x86.ActiveCfg = Release|Win32
		{6DF21852-05C8-3718-9B1E-56638C23117C}.Release|x86.Build.0 = Release|Win32
		{1728F069-24E8-31BC-8C5E-6B6E0F33F228}.Debug|Any CPU.ActiveCfg = Debug|Win32
		{1728F069-24E8-31BC-8C5E-6B6E0F33F228}.Debug|x64.ActiveCfg = Debug|x64
		{1728F069-24E8-31BC-8C5E-6B6E0F33F228}.Debug|x64.Build.0 = Debug|x64
		{1728F069-24E8-31BC-8C5E-6B6E0F33F228}.Debug|x86.ActiveCfg = Debug|Win32
		{1728F069-24E8-31BC-8C5E-6B6E0F33F228}.Debug|x86.Build.0 = Debug|Win32
		{1728F069-24E8-31BC-8C5E-6B6E0F33F228}.Release|Any CPU.ActiveCfg = Release|Win32
		{1728F069-24E8-31BC-8C5E-6B6E0F33F228}.Release|x64.ActiveCfg = Release|x64
		{1728F069-24E8-31BC-8C5E-6B6E0F33F228}.Release|x64.Build.0 = Release|x64
		{1728F069-24E8-31BC-8C5E-6B6E0F33F228}.Release|x86.ActiveCfg = Release|Win32
		{1728F069-24E8-31BC-8C5E-6B6E0F33F228}.Release|x86.Build.0 = Release|Win32
		{2B160CC8-C0B5-318C-958D-38F7389C3D20}.Debug|Any CPU.ActiveCfg = Debug|Win32
		{2B160CC8-C0B5-318C-958D-38F7389C3D20}.Debug|x64.ActiveCfg = Debug|x64
		{2B160CC8-C0B5-318C-958D-38F7389C3D20}.Debug|x64.Build.0 = Debug|x64
		{2B160CC8-C0B5-318C-958D-38F7389C3D20}.Debug|x86.ActiveCfg = Debug|Win32
		{2B160CC8-C0B5-318C-958D-38F7389C3D20}.Debug|x86.Build.0 = Debug|Win32
		{2B160CC8-C0B5-318C-958D-38F7389C3D20}.Release|Any CPU.ActiveCfg = Release|Win32
		{2B160CC8-C0B5-318C-958D-38F7389C3D20}.Release|x64.ActiveCfg = Release|x64
		{2B160CC8-C0B5-318C-958D-38F7389C3D20}.Release|x64.Build.0 = Release|x64
		{2B160CC8-C0B5-318C-958D-38F7389C3D20}.Release|x86.ActiveCfg = Release|Win32
		{2B160CC8-C0B5-318C-958D-38F7389C3D20}.Release|x86.Build.0 = Release|Win32
		{CAEF1FAE-E7FA-376D-B9CF-EE1C3B2ED12A}.Debug|Any CPU.ActiveCfg = Debug|Win32
		{CAEF1FAE-E7FA-376D-B9CF-EE1C3B2ED12A}.Debug|x64.ActiveCfg = Debug|x64
		{CAEF1FAE-E7FA-376D-B9CF-EE1C3B2ED12A}.Debug|x64.Build.0 = Debug|x64
		{CAEF1FAE-E7FA-376D-B9CF-EE1C3B2ED12A}.Debug|x86.ActiveCfg = Debug|Win32
		{CAEF1FAE-E7FA-376D-B9CF-EE1C3B2ED12A}.Debug|x86.Build.0 = Debug|Win32
		{CAEF1FAE-E7FA-376D-B9CF-EE1C3B2ED12A}.Release|Any CPU.ActiveCfg = Release|Win32
		{CAEF1FAE-E7FA-376D-B9CF-EE1C3B2ED12A}.Release|x64.ActiveCfg = Release|x64
		{CAEF1FAE-E7FA-376D-B9CF-EE1C3B2ED12A}.Release|x64.Build.0 = Release|x64
		{CAEF1FAE-E7FA-376D-B9CF-EE1C3B2ED12A}.Release|x86.ActiveCfg = Release|Win32
		{CAEF1FAE-E7FA-376D-B9CF-EE1C3B2ED12A}.Release|x86.Build.0 = Release|Win32
		{5BC79495-8202-44E8-BC91-A7FBE3D3AEA9}.Debug|Any CPU.ActiveCfg = Debug|Any CPU
		{5BC79495-8202-44E8-BC91-A7FBE3D3AEA9}.Debug|Any CPU.Build.0 = Debug|Any CPU
		{5BC79495-8202-44E8-BC91-A7FBE3D3AEA9}.Debug|x64.ActiveCfg = Debug|x64
		{5BC79495-8202-44E8-BC91-A7FBE3D3AEA9}.Debug|x64.Build.0 = Debug|x64
		{5BC79495-8202-44E8-BC91-A7FBE3D3AEA9}.Debug|x86.ActiveCfg = Debug|x86
		{5BC79495-8202-44E8-BC91-A7FBE3D3AEA9}.Debug|x86.Build.0 = Debug|x86
		{5BC79495-8202-44E8-BC91-A7FBE3D3AEA9}.Release|Any CPU.ActiveCfg = Release|Any CPU
		{5BC79495-8202-44E8-BC91-A7FBE3D3AEA9}.Release|Any CPU.Build.0 = Release|Any CPU
		{5BC79495-8202-44E8-BC91-A7FBE3D3AEA9}.Release|x64.ActiveCfg = Release|x64
		{5BC79495-8202-44E8-BC91-A7FBE3D3AEA9}.Release|x64.Build.0 = Release|x64
		{5BC79495-8202-44E8-BC91-A7FBE3D3AEA9}.Release|x86.ActiveCfg = Release|x86
		{5BC79495-8202-44E8-BC91-A7FBE3D3AEA9}.Release|x86.Build.0 = Release|x86
	EndGlobalSection
	GlobalSection(SolutionProperties) = preSolution
		HideSolutionNode = FALSE
	EndGlobalSection
	GlobalSection(NestedProjects) = preSolution
		{B30376DD-096B-3792-AC2B-A4534624E3CB} = {CAE777E6-93C0-4B4F-BAA7-F37C90E8C3DC}
		{4D27A3F1-A187-413B-B612-122B0994AF2D} = {CAE777E6-93C0-4B4F-BAA7-F37C90E8C3DC}
		{6DF21852-05C8-3718-9B1E-56638C23117C} = {4D27A3F1-A187-413B-B612-122B0994AF2D}
		{1728F069-24E8-31BC-8C5E-6B6E0F33F228} = {4D27A3F1-A187-413B-B612-122B0994AF2D}
		{2B160CC8-C0B5-318C-958D-38F7389C3D20} = {4D27A3F1-A187-413B-B612-122B0994AF2D}
		{CAEF1FAE-E7FA-376D-B9CF-EE1C3B2ED12A} = {4D27A3F1-A187-413B-B612-122B0994AF2D}
	EndGlobalSection
	GlobalSection(ExtensibilityGlobals) = postSolution
		SolutionGuid = {113CF2E9-3450-4F70-8163-CA30A2D036ED}
	EndGlobalSection
EndGlobal
