
Microsoft Visual Studio Solution File, Format Version 12.00
# Visual Studio Version 16
VisualStudioVersion = 16.0.31112.23
MinimumVisualStudioVersion = 10.0.40219.1
Project("{9A19103F-16F7-4668-BE54-9A1E7A4F7556}") = "IngescapeCSharp", "IngescapeCSharp\IngescapeCSharp.csproj", "{5A8F71BB-E14D-4F96-9A87-A622A03CDEF4}"
EndProject
Project("{FAE04EC0-301F-11D3-BF4B-00C04F79EFBC}") = "IsAPICallable", "unitTest\IsAPICallable\IsAPICallable.csproj", "{374DB478-BA25-4C03-A8EE-18BF339A75E3}"
EndProject
Project("{FAE04EC0-301F-11D3-BF4B-00C04F79EFBC}") = "Tester", "unitTest\Tester\Tester.csproj", "{76B2465A-5240-459F-AAC2-337AF39D281A}"
EndProject
Project("{9A19103F-16F7-4668-BE54-9A1E7A4F7556}") = "CSharpSampleAgentNetCore", "projects\CSharpSampleNetCore\CSharpSampleAgentNetCore.csproj", "{1A2E57A1-BB28-478A-9D38-E4919A5999BC}"
EndProject
Project("{FAE04EC0-301F-11D3-BF4B-00C04F79EFBC}") = "CSharpSampleAgent", "projects\CSharpSample\CSharpSampleAgent.csproj", "{433522B5-F605-4025-A276-A011FC51FB5B}"
EndProject
Project("{2150E333-8FDC-42A3-9474-1A3956D46DE8}") = "projects", "projects", "{E714D056-B698-445B-A048-6E342C662752}"
EndProject
Project("{2150E333-8FDC-42A3-9474-1A3956D46DE8}") = "units tests", "units tests", "{32567129-F624-4183-84E3-5FDD324BFDAE}"
EndProject
Project("{9A19103F-16F7-4668-BE54-9A1E7A4F7556}") = "agent_csharp", "projects\agent_csharp\agent_csharp.csproj", "{59CE1E67-D0E2-4C62-A2B4-68F3F5E5BDCC}"
EndProject
Project("{8BC9CEB8-8B4A-11D0-8D11-00A0C91BC942}") = "ingescape", "..\..\..\..\ingescape\builds\visual-studio\ingescape.vcxproj", "{B30376DD-096B-3792-AC2B-A4534624E3CB}"
EndProject
Project("{2150E333-8FDC-42A3-9474-1A3956D46DE8}") = "ingescape", "ingescape", "{CCD4CD29-1EA3-49AB-AAE0-9BD463ADAF0F}"
EndProject
Project("{8BC9CEB8-8B4A-11D0-8D11-00A0C91BC942}") = "czmq", "..\..\..\..\ingescape\builds\visual-studio\dependencies\czmq\czmq.vcxproj", "{2B160CC8-C0B5-318C-958D-38F7389C3D20}"
EndProject
Project("{8BC9CEB8-8B4A-11D0-8D11-00A0C91BC942}") = "libzmq", "..\..\..\..\ingescape\builds\visual-studio\dependencies\libzmq\libzmq.vcxproj", "{1728F069-24E8-31BC-8C5E-6B6E0F33F228}"
EndProject
Project("{8BC9CEB8-8B4A-11D0-8D11-00A0C91BC942}") = "sodium", "..\..\..\..\ingescape\builds\visual-studio\dependencies\sodium\sodium.vcxproj", "{6DF21852-05C8-3718-9B1E-56638C23117C}"
EndProject
Project("{8BC9CEB8-8B4A-11D0-8D11-00A0C91BC942}") = "zyre", "..\..\..\..\ingescape\builds\visual-studio\dependencies\zyre\zyre.vcxproj", "{CAEF1FAE-E7FA-376D-B9CF-EE1C3B2ED12A}"
EndProject
Global
	GlobalSection(SolutionConfigurationPlatforms) = preSolution
		Debug|Any CPU = Debug|Any CPU
		Debug|x64 = Debug|x64
		Debug|x86 = Debug|x86
		DebugSysroot|Any CPU = DebugSysroot|Any CPU
		DebugSysroot|x64 = DebugSysroot|x64
		DebugSysroot|x86 = DebugSysroot|x86
		Release|Any CPU = Release|Any CPU
		Release|x64 = Release|x64
		Release|x86 = Release|x86
	EndGlobalSection
	GlobalSection(ProjectConfigurationPlatforms) = postSolution
		{5A8F71BB-E14D-4F96-9A87-A622A03CDEF4}.Debug|Any CPU.ActiveCfg = Debug|Any CPU
		{5A8F71BB-E14D-4F96-9A87-A622A03CDEF4}.Debug|Any CPU.Build.0 = Debug|Any CPU
		{5A8F71BB-E14D-4F96-9A87-A622A03CDEF4}.Debug|x64.ActiveCfg = Debug|x64
		{5A8F71BB-E14D-4F96-9A87-A622A03CDEF4}.Debug|x64.Build.0 = Debug|x64
		{5A8F71BB-E14D-4F96-9A87-A622A03CDEF4}.Debug|x86.ActiveCfg = Debug|x86
		{5A8F71BB-E14D-4F96-9A87-A622A03CDEF4}.Debug|x86.Build.0 = Debug|x86
		{5A8F71BB-E14D-4F96-9A87-A622A03CDEF4}.DebugSysroot|Any CPU.ActiveCfg = DebugSysroot|Any CPU
		{5A8F71BB-E14D-4F96-9A87-A622A03CDEF4}.DebugSysroot|Any CPU.Build.0 = DebugSysroot|Any CPU
		{5A8F71BB-E14D-4F96-9A87-A622A03CDEF4}.DebugSysroot|x64.ActiveCfg = DebugSysroot|x64
		{5A8F71BB-E14D-4F96-9A87-A622A03CDEF4}.DebugSysroot|x64.Build.0 = DebugSysroot|x64
		{5A8F71BB-E14D-4F96-9A87-A622A03CDEF4}.DebugSysroot|x86.ActiveCfg = DebugSysroot|x86
		{5A8F71BB-E14D-4F96-9A87-A622A03CDEF4}.DebugSysroot|x86.Build.0 = DebugSysroot|x86
		{5A8F71BB-E14D-4F96-9A87-A622A03CDEF4}.Release|Any CPU.ActiveCfg = Release|Any CPU
		{5A8F71BB-E14D-4F96-9A87-A622A03CDEF4}.Release|Any CPU.Build.0 = Release|Any CPU
		{5A8F71BB-E14D-4F96-9A87-A622A03CDEF4}.Release|x64.ActiveCfg = Release|x64
		{5A8F71BB-E14D-4F96-9A87-A622A03CDEF4}.Release|x64.Build.0 = Release|x64
		{5A8F71BB-E14D-4F96-9A87-A622A03CDEF4}.Release|x86.ActiveCfg = Release|x86
		{5A8F71BB-E14D-4F96-9A87-A622A03CDEF4}.Release|x86.Build.0 = Release|x86
		{374DB478-BA25-4C03-A8EE-18BF339A75E3}.Debug|Any CPU.ActiveCfg = Debug|Any CPU
		{374DB478-BA25-4C03-A8EE-18BF339A75E3}.Debug|Any CPU.Build.0 = Debug|Any CPU
		{374DB478-BA25-4C03-A8EE-18BF339A75E3}.Debug|x64.ActiveCfg = Debug|x64
		{374DB478-BA25-4C03-A8EE-18BF339A75E3}.Debug|x64.Build.0 = Debug|x64
		{374DB478-BA25-4C03-A8EE-18BF339A75E3}.Debug|x86.ActiveCfg = Debug|x86
		{374DB478-BA25-4C03-A8EE-18BF339A75E3}.Debug|x86.Build.0 = Debug|x86
		{374DB478-BA25-4C03-A8EE-18BF339A75E3}.DebugSysroot|Any CPU.ActiveCfg = DebugSysroot|Any CPU
		{374DB478-BA25-4C03-A8EE-18BF339A75E3}.DebugSysroot|Any CPU.Build.0 = DebugSysroot|Any CPU
		{374DB478-BA25-4C03-A8EE-18BF339A75E3}.DebugSysroot|x64.ActiveCfg = DebugSysroot|x64
		{374DB478-BA25-4C03-A8EE-18BF339A75E3}.DebugSysroot|x64.Build.0 = DebugSysroot|x64
		{374DB478-BA25-4C03-A8EE-18BF339A75E3}.DebugSysroot|x86.ActiveCfg = DebugSysroot|x86
		{374DB478-BA25-4C03-A8EE-18BF339A75E3}.DebugSysroot|x86.Build.0 = DebugSysroot|x86
		{374DB478-BA25-4C03-A8EE-18BF339A75E3}.Release|Any CPU.ActiveCfg = Release|Any CPU
		{374DB478-BA25-4C03-A8EE-18BF339A75E3}.Release|Any CPU.Build.0 = Release|Any CPU
		{374DB478-BA25-4C03-A8EE-18BF339A75E3}.Release|x64.ActiveCfg = Release|x64
		{374DB478-BA25-4C03-A8EE-18BF339A75E3}.Release|x64.Build.0 = Release|x64
		{374DB478-BA25-4C03-A8EE-18BF339A75E3}.Release|x86.ActiveCfg = Release|Any CPU
		{374DB478-BA25-4C03-A8EE-18BF339A75E3}.Release|x86.Build.0 = Release|Any CPU
		{76B2465A-5240-459F-AAC2-337AF39D281A}.Debug|Any CPU.ActiveCfg = Debug|Any CPU
		{76B2465A-5240-459F-AAC2-337AF39D281A}.Debug|Any CPU.Build.0 = Debug|Any CPU
		{76B2465A-5240-459F-AAC2-337AF39D281A}.Debug|x64.ActiveCfg = Debug|x64
		{76B2465A-5240-459F-AAC2-337AF39D281A}.Debug|x64.Build.0 = Debug|x64
		{76B2465A-5240-459F-AAC2-337AF39D281A}.Debug|x86.ActiveCfg = Debug|x86
		{76B2465A-5240-459F-AAC2-337AF39D281A}.Debug|x86.Build.0 = Debug|x86
		{76B2465A-5240-459F-AAC2-337AF39D281A}.DebugSysroot|Any CPU.ActiveCfg = DebugSysroot|Any CPU
		{76B2465A-5240-459F-AAC2-337AF39D281A}.DebugSysroot|Any CPU.Build.0 = DebugSysroot|Any CPU
		{76B2465A-5240-459F-AAC2-337AF39D281A}.DebugSysroot|x64.ActiveCfg = DebugSysroot|x64
		{76B2465A-5240-459F-AAC2-337AF39D281A}.DebugSysroot|x64.Build.0 = DebugSysroot|x64
		{76B2465A-5240-459F-AAC2-337AF39D281A}.DebugSysroot|x86.ActiveCfg = DebugSysroot|x86
		{76B2465A-5240-459F-AAC2-337AF39D281A}.DebugSysroot|x86.Build.0 = DebugSysroot|x86
		{76B2465A-5240-459F-AAC2-337AF39D281A}.Release|Any CPU.ActiveCfg = Release|Any CPU
		{76B2465A-5240-459F-AAC2-337AF39D281A}.Release|Any CPU.Build.0 = Release|Any CPU
		{76B2465A-5240-459F-AAC2-337AF39D281A}.Release|x64.ActiveCfg = Release|x64
		{76B2465A-5240-459F-AAC2-337AF39D281A}.Release|x64.Build.0 = Release|x64
		{76B2465A-5240-459F-AAC2-337AF39D281A}.Release|x86.ActiveCfg = Release|Any CPU
		{76B2465A-5240-459F-AAC2-337AF39D281A}.Release|x86.Build.0 = Release|Any CPU
		{1A2E57A1-BB28-478A-9D38-E4919A5999BC}.Debug|Any CPU.ActiveCfg = Debug|Any CPU
		{1A2E57A1-BB28-478A-9D38-E4919A5999BC}.Debug|Any CPU.Build.0 = Debug|Any CPU
		{1A2E57A1-BB28-478A-9D38-E4919A5999BC}.Debug|x64.ActiveCfg = Debug|x64
		{1A2E57A1-BB28-478A-9D38-E4919A5999BC}.Debug|x64.Build.0 = Debug|x64
		{1A2E57A1-BB28-478A-9D38-E4919A5999BC}.Debug|x86.ActiveCfg = Debug|x86
		{1A2E57A1-BB28-478A-9D38-E4919A5999BC}.Debug|x86.Build.0 = Debug|x86
		{1A2E57A1-BB28-478A-9D38-E4919A5999BC}.DebugSysroot|Any CPU.ActiveCfg = DebugSysroot|Any CPU
		{1A2E57A1-BB28-478A-9D38-E4919A5999BC}.DebugSysroot|Any CPU.Build.0 = DebugSysroot|Any CPU
		{1A2E57A1-BB28-478A-9D38-E4919A5999BC}.DebugSysroot|x64.ActiveCfg = DebugSysroot|x64
		{1A2E57A1-BB28-478A-9D38-E4919A5999BC}.DebugSysroot|x64.Build.0 = DebugSysroot|x64
		{1A2E57A1-BB28-478A-9D38-E4919A5999BC}.DebugSysroot|x86.ActiveCfg = DebugSysroot|x86
		{1A2E57A1-BB28-478A-9D38-E4919A5999BC}.DebugSysroot|x86.Build.0 = DebugSysroot|x86
		{1A2E57A1-BB28-478A-9D38-E4919A5999BC}.Release|Any CPU.ActiveCfg = Release|Any CPU
		{1A2E57A1-BB28-478A-9D38-E4919A5999BC}.Release|Any CPU.Build.0 = Release|Any CPU
		{1A2E57A1-BB28-478A-9D38-E4919A5999BC}.Release|x64.ActiveCfg = Release|x64
		{1A2E57A1-BB28-478A-9D38-E4919A5999BC}.Release|x64.Build.0 = Release|x64
		{1A2E57A1-BB28-478A-9D38-E4919A5999BC}.Release|x86.ActiveCfg = Release|Any CPU
		{1A2E57A1-BB28-478A-9D38-E4919A5999BC}.Release|x86.Build.0 = Release|Any CPU
		{433522B5-F605-4025-A276-A011FC51FB5B}.Debug|Any CPU.ActiveCfg = Debug|Any CPU
		{433522B5-F605-4025-A276-A011FC51FB5B}.Debug|Any CPU.Build.0 = Debug|Any CPU
		{433522B5-F605-4025-A276-A011FC51FB5B}.Debug|x64.ActiveCfg = Debug|x64
		{433522B5-F605-4025-A276-A011FC51FB5B}.Debug|x64.Build.0 = Debug|x64
		{433522B5-F605-4025-A276-A011FC51FB5B}.Debug|x86.ActiveCfg = Debug|x86
		{433522B5-F605-4025-A276-A011FC51FB5B}.Debug|x86.Build.0 = Debug|x86
		{433522B5-F605-4025-A276-A011FC51FB5B}.DebugSysroot|Any CPU.ActiveCfg = DebugSysroot|Any CPU
		{433522B5-F605-4025-A276-A011FC51FB5B}.DebugSysroot|Any CPU.Build.0 = DebugSysroot|Any CPU
		{433522B5-F605-4025-A276-A011FC51FB5B}.DebugSysroot|x64.ActiveCfg = DebugSysroot|x64
		{433522B5-F605-4025-A276-A011FC51FB5B}.DebugSysroot|x64.Build.0 = DebugSysroot|x64
		{433522B5-F605-4025-A276-A011FC51FB5B}.DebugSysroot|x86.ActiveCfg = DebugSysroot|x86
		{433522B5-F605-4025-A276-A011FC51FB5B}.DebugSysroot|x86.Build.0 = DebugSysroot|x86
		{433522B5-F605-4025-A276-A011FC51FB5B}.Release|Any CPU.ActiveCfg = Release|Any CPU
		{433522B5-F605-4025-A276-A011FC51FB5B}.Release|Any CPU.Build.0 = Release|Any CPU
		{433522B5-F605-4025-A276-A011FC51FB5B}.Release|x64.ActiveCfg = Release|x64
		{433522B5-F605-4025-A276-A011FC51FB5B}.Release|x64.Build.0 = Release|x64
		{433522B5-F605-4025-A276-A011FC51FB5B}.Release|x86.ActiveCfg = Release|x86
		{433522B5-F605-4025-A276-A011FC51FB5B}.Release|x86.Build.0 = Release|x86
		{59CE1E67-D0E2-4C62-A2B4-68F3F5E5BDCC}.Debug|Any CPU.ActiveCfg = Debug|Any CPU
		{59CE1E67-D0E2-4C62-A2B4-68F3F5E5BDCC}.Debug|Any CPU.Build.0 = Debug|Any CPU
		{59CE1E67-D0E2-4C62-A2B4-68F3F5E5BDCC}.Debug|x64.ActiveCfg = Debug|x64
		{59CE1E67-D0E2-4C62-A2B4-68F3F5E5BDCC}.Debug|x64.Build.0 = Debug|x64
		{59CE1E67-D0E2-4C62-A2B4-68F3F5E5BDCC}.Debug|x86.ActiveCfg = Debug|x86
		{59CE1E67-D0E2-4C62-A2B4-68F3F5E5BDCC}.Debug|x86.Build.0 = Debug|x86
		{59CE1E67-D0E2-4C62-A2B4-68F3F5E5BDCC}.DebugSysroot|Any CPU.ActiveCfg = Debug|Any CPU
		{59CE1E67-D0E2-4C62-A2B4-68F3F5E5BDCC}.DebugSysroot|Any CPU.Build.0 = Debug|Any CPU
		{59CE1E67-D0E2-4C62-A2B4-68F3F5E5BDCC}.DebugSysroot|x64.ActiveCfg = DebugSysroot|x64
		{59CE1E67-D0E2-4C62-A2B4-68F3F5E5BDCC}.DebugSysroot|x64.Build.0 = DebugSysroot|x64
		{59CE1E67-D0E2-4C62-A2B4-68F3F5E5BDCC}.DebugSysroot|x86.ActiveCfg = Debug|Any CPU
		{59CE1E67-D0E2-4C62-A2B4-68F3F5E5BDCC}.DebugSysroot|x86.Build.0 = Debug|Any CPU
		{59CE1E67-D0E2-4C62-A2B4-68F3F5E5BDCC}.Release|Any CPU.ActiveCfg = Release|Any CPU
		{59CE1E67-D0E2-4C62-A2B4-68F3F5E5BDCC}.Release|Any CPU.Build.0 = Release|Any CPU
		{59CE1E67-D0E2-4C62-A2B4-68F3F5E5BDCC}.Release|x64.ActiveCfg = Release|x64
		{59CE1E67-D0E2-4C62-A2B4-68F3F5E5BDCC}.Release|x64.Build.0 = Release|x64
		{59CE1E67-D0E2-4C62-A2B4-68F3F5E5BDCC}.Release|x86.ActiveCfg = Release|Any CPU
		{59CE1E67-D0E2-4C62-A2B4-68F3F5E5BDCC}.Release|x86.Build.0 = Release|Any CPU
		{B30376DD-096B-3792-AC2B-A4534624E3CB}.Debug|Any CPU.ActiveCfg = Debug|Win32
		{B30376DD-096B-3792-AC2B-A4534624E3CB}.Debug|x64.ActiveCfg = Debug|x64
		{B30376DD-096B-3792-AC2B-A4534624E3CB}.Debug|x64.Build.0 = Debug|x64
		{B30376DD-096B-3792-AC2B-A4534624E3CB}.Debug|x86.ActiveCfg = Debug|Win32
		{B30376DD-096B-3792-AC2B-A4534624E3CB}.Debug|x86.Build.0 = Debug|Win32
		{B30376DD-096B-3792-AC2B-A4534624E3CB}.DebugSysroot|Any CPU.ActiveCfg = Debug|x64
		{B30376DD-096B-3792-AC2B-A4534624E3CB}.DebugSysroot|Any CPU.Build.0 = Debug|x64
		{B30376DD-096B-3792-AC2B-A4534624E3CB}.DebugSysroot|x64.ActiveCfg = Debug|x64
		{B30376DD-096B-3792-AC2B-A4534624E3CB}.DebugSysroot|x64.Build.0 = Debug|x64
		{B30376DD-096B-3792-AC2B-A4534624E3CB}.DebugSysroot|x86.ActiveCfg = Debug|Win32
		{B30376DD-096B-3792-AC2B-A4534624E3CB}.DebugSysroot|x86.Build.0 = Debug|Win32
		{B30376DD-096B-3792-AC2B-A4534624E3CB}.Release|Any CPU.ActiveCfg = Release|Win32
		{B30376DD-096B-3792-AC2B-A4534624E3CB}.Release|x64.ActiveCfg = Release|x64
		{B30376DD-096B-3792-AC2B-A4534624E3CB}.Release|x64.Build.0 = Release|x64
		{B30376DD-096B-3792-AC2B-A4534624E3CB}.Release|x86.ActiveCfg = Release|Win32
		{B30376DD-096B-3792-AC2B-A4534624E3CB}.Release|x86.Build.0 = Release|Win32
		{2B160CC8-C0B5-318C-958D-38F7389C3D20}.Debug|Any CPU.ActiveCfg = Debug|Win32
		{2B160CC8-C0B5-318C-958D-38F7389C3D20}.Debug|x64.ActiveCfg = Debug|x64
		{2B160CC8-C0B5-318C-958D-38F7389C3D20}.Debug|x64.Build.0 = Debug|x64
		{2B160CC8-C0B5-318C-958D-38F7389C3D20}.Debug|x86.ActiveCfg = Debug|Win32
		{2B160CC8-C0B5-318C-958D-38F7389C3D20}.Debug|x86.Build.0 = Debug|Win32
		{2B160CC8-C0B5-318C-958D-38F7389C3D20}.DebugSysroot|Any CPU.ActiveCfg = Debug|Win32
		{2B160CC8-C0B5-318C-958D-38F7389C3D20}.DebugSysroot|Any CPU.Build.0 = Debug|Win32
		{2B160CC8-C0B5-318C-958D-38F7389C3D20}.DebugSysroot|x64.ActiveCfg = Debug|x64
		{2B160CC8-C0B5-318C-958D-38F7389C3D20}.DebugSysroot|x64.Build.0 = Debug|x64
		{2B160CC8-C0B5-318C-958D-38F7389C3D20}.DebugSysroot|x86.ActiveCfg = Debug|Win32
		{2B160CC8-C0B5-318C-958D-38F7389C3D20}.DebugSysroot|x86.Build.0 = Debug|Win32
		{2B160CC8-C0B5-318C-958D-38F7389C3D20}.Release|Any CPU.ActiveCfg = Release|Win32
		{2B160CC8-C0B5-318C-958D-38F7389C3D20}.Release|x64.ActiveCfg = Release|x64
		{2B160CC8-C0B5-318C-958D-38F7389C3D20}.Release|x64.Build.0 = Release|x64
		{2B160CC8-C0B5-318C-958D-38F7389C3D20}.Release|x86.ActiveCfg = Release|Win32
		{2B160CC8-C0B5-318C-958D-38F7389C3D20}.Release|x86.Build.0 = Release|Win32
		{1728F069-24E8-31BC-8C5E-6B6E0F33F228}.Debug|Any CPU.ActiveCfg = Debug|Win32
		{1728F069-24E8-31BC-8C5E-6B6E0F33F228}.Debug|x64.ActiveCfg = Debug|x64
		{1728F069-24E8-31BC-8C5E-6B6E0F33F228}.Debug|x64.Build.0 = Debug|x64
		{1728F069-24E8-31BC-8C5E-6B6E0F33F228}.Debug|x86.ActiveCfg = Debug|Win32
		{1728F069-24E8-31BC-8C5E-6B6E0F33F228}.Debug|x86.Build.0 = Debug|Win32
		{1728F069-24E8-31BC-8C5E-6B6E0F33F228}.DebugSysroot|Any CPU.ActiveCfg = Debug|Win32
		{1728F069-24E8-31BC-8C5E-6B6E0F33F228}.DebugSysroot|Any CPU.Build.0 = Debug|Win32
		{1728F069-24E8-31BC-8C5E-6B6E0F33F228}.DebugSysroot|x64.ActiveCfg = Debug|x64
		{1728F069-24E8-31BC-8C5E-6B6E0F33F228}.DebugSysroot|x64.Build.0 = Debug|x64
		{1728F069-24E8-31BC-8C5E-6B6E0F33F228}.DebugSysroot|x86.ActiveCfg = Debug|Win32
		{1728F069-24E8-31BC-8C5E-6B6E0F33F228}.DebugSysroot|x86.Build.0 = Debug|Win32
		{1728F069-24E8-31BC-8C5E-6B6E0F33F228}.Release|Any CPU.ActiveCfg = Release|Win32
		{1728F069-24E8-31BC-8C5E-6B6E0F33F228}.Release|x64.ActiveCfg = Release|x64
		{1728F069-24E8-31BC-8C5E-6B6E0F33F228}.Release|x64.Build.0 = Release|x64
		{1728F069-24E8-31BC-8C5E-6B6E0F33F228}.Release|x86.ActiveCfg = Release|Win32
		{1728F069-24E8-31BC-8C5E-6B6E0F33F228}.Release|x86.Build.0 = Release|Win32
		{6DF21852-05C8-3718-9B1E-56638C23117C}.Debug|Any CPU.ActiveCfg = Debug|Win32
		{6DF21852-05C8-3718-9B1E-56638C23117C}.Debug|x64.ActiveCfg = Debug|x64
		{6DF21852-05C8-3718-9B1E-56638C23117C}.Debug|x64.Build.0 = Debug|x64
		{6DF21852-05C8-3718-9B1E-56638C23117C}.Debug|x86.ActiveCfg = Debug|Win32
		{6DF21852-05C8-3718-9B1E-56638C23117C}.Debug|x86.Build.0 = Debug|Win32
		{6DF21852-05C8-3718-9B1E-56638C23117C}.DebugSysroot|Any CPU.ActiveCfg = Debug|Win32
		{6DF21852-05C8-3718-9B1E-56638C23117C}.DebugSysroot|Any CPU.Build.0 = Debug|Win32
		{6DF21852-05C8-3718-9B1E-56638C23117C}.DebugSysroot|x64.ActiveCfg = Debug|x64
		{6DF21852-05C8-3718-9B1E-56638C23117C}.DebugSysroot|x64.Build.0 = Debug|x64
		{6DF21852-05C8-3718-9B1E-56638C23117C}.DebugSysroot|x86.ActiveCfg = Debug|Win32
		{6DF21852-05C8-3718-9B1E-56638C23117C}.DebugSysroot|x86.Build.0 = Debug|Win32
		{6DF21852-05C8-3718-9B1E-56638C23117C}.Release|Any CPU.ActiveCfg = Release|Win32
		{6DF21852-05C8-3718-9B1E-56638C23117C}.Release|x64.ActiveCfg = Release|x64
		{6DF21852-05C8-3718-9B1E-56638C23117C}.Release|x64.Build.0 = Release|x64
		{6DF21852-05C8-3718-9B1E-56638C23117C}.Release|x86.ActiveCfg = Release|Win32
		{6DF21852-05C8-3718-9B1E-56638C23117C}.Release|x86.Build.0 = Release|Win32
		{CAEF1FAE-E7FA-376D-B9CF-EE1C3B2ED12A}.Debug|Any CPU.ActiveCfg = Debug|Win32
		{CAEF1FAE-E7FA-376D-B9CF-EE1C3B2ED12A}.Debug|x64.ActiveCfg = Debug|x64
		{CAEF1FAE-E7FA-376D-B9CF-EE1C3B2ED12A}.Debug|x64.Build.0 = Debug|x64
		{CAEF1FAE-E7FA-376D-B9CF-EE1C3B2ED12A}.Debug|x86.ActiveCfg = Debug|Win32
		{CAEF1FAE-E7FA-376D-B9CF-EE1C3B2ED12A}.Debug|x86.Build.0 = Debug|Win32
		{CAEF1FAE-E7FA-376D-B9CF-EE1C3B2ED12A}.DebugSysroot|Any CPU.ActiveCfg = Debug|Win32
		{CAEF1FAE-E7FA-376D-B9CF-EE1C3B2ED12A}.DebugSysroot|Any CPU.Build.0 = Debug|Win32
		{CAEF1FAE-E7FA-376D-B9CF-EE1C3B2ED12A}.DebugSysroot|x64.ActiveCfg = Debug|x64
		{CAEF1FAE-E7FA-376D-B9CF-EE1C3B2ED12A}.DebugSysroot|x64.Build.0 = Debug|x64
		{CAEF1FAE-E7FA-376D-B9CF-EE1C3B2ED12A}.DebugSysroot|x86.ActiveCfg = Debug|Win32
		{CAEF1FAE-E7FA-376D-B9CF-EE1C3B2ED12A}.DebugSysroot|x86.Build.0 = Debug|Win32
		{CAEF1FAE-E7FA-376D-B9CF-EE1C3B2ED12A}.Release|Any CPU.ActiveCfg = Release|Win32
		{CAEF1FAE-E7FA-376D-B9CF-EE1C3B2ED12A}.Release|x64.ActiveCfg = Release|x64
		{CAEF1FAE-E7FA-376D-B9CF-EE1C3B2ED12A}.Release|x64.Build.0 = Release|x64
		{CAEF1FAE-E7FA-376D-B9CF-EE1C3B2ED12A}.Release|x86.ActiveCfg = Release|Win32
		{CAEF1FAE-E7FA-376D-B9CF-EE1C3B2ED12A}.Release|x86.Build.0 = Release|Win32
	EndGlobalSection
	GlobalSection(SolutionProperties) = preSolution
		HideSolutionNode = FALSE
	EndGlobalSection
	GlobalSection(NestedProjects) = preSolution
		{374DB478-BA25-4C03-A8EE-18BF339A75E3} = {32567129-F624-4183-84E3-5FDD324BFDAE}
		{76B2465A-5240-459F-AAC2-337AF39D281A} = {32567129-F624-4183-84E3-5FDD324BFDAE}
		{1A2E57A1-BB28-478A-9D38-E4919A5999BC} = {E714D056-B698-445B-A048-6E342C662752}
		{433522B5-F605-4025-A276-A011FC51FB5B} = {E714D056-B698-445B-A048-6E342C662752}
		{59CE1E67-D0E2-4C62-A2B4-68F3F5E5BDCC} = {E714D056-B698-445B-A048-6E342C662752}
		{B30376DD-096B-3792-AC2B-A4534624E3CB} = {CCD4CD29-1EA3-49AB-AAE0-9BD463ADAF0F}
		{2B160CC8-C0B5-318C-958D-38F7389C3D20} = {CCD4CD29-1EA3-49AB-AAE0-9BD463ADAF0F}
		{1728F069-24E8-31BC-8C5E-6B6E0F33F228} = {CCD4CD29-1EA3-49AB-AAE0-9BD463ADAF0F}
		{6DF21852-05C8-3718-9B1E-56638C23117C} = {CCD4CD29-1EA3-49AB-AAE0-9BD463ADAF0F}
		{CAEF1FAE-E7FA-376D-B9CF-EE1C3B2ED12A} = {CCD4CD29-1EA3-49AB-AAE0-9BD463ADAF0F}
	EndGlobalSection
	GlobalSection(ExtensibilityGlobals) = postSolution
		SolutionGuid = {113CF2E9-3450-4F70-8163-CA30A2D036ED}
	EndGlobalSection
EndGlobal
