// !$*UTF8*$!
{
	archiveVersion = 1;
	classes = {
	};
	objectVersion = 48;
	objects = {

/* Begin PBXBuildFile section */
		97A87CDE20A325BD00DDB1FE /* main.c in Sources */ = {isa = PBXBuildFile; fileRef = 97A87CDD20A325BD00DDB1FE /* main.c */; };
		97A87CE620A3265A00DDB1FE /* regexp.c in Sources */ = {isa = PBXBuildFile; fileRef = 97A87CE420A3265A00DDB1FE /* regexp.c */; };
		97A87CEE20A4A0CA00DDB1FE /* libingescape.dylib in Frameworks */ = {isa = PBXBuildFile; fileRef = 97A87CE820A3286600DDB1FE /* libingescape.dylib */; };
/* End PBXBuildFile section */

/* Begin PBXCopyFilesBuildPhase section */
		97A87CD820A325BD00DDB1FE /* CopyFiles */ = {
			isa = PBXCopyFilesBuildPhase;
			buildActionMask = 2147483647;
			dstPath = /usr/share/man/man1/;
			dstSubfolderSpec = 0;
			files = (
			);
			runOnlyForDeploymentPostprocessing = 1;
		};
/* End PBXCopyFilesBuildPhase section */

/* Begin PBXFileReference section */
		97A87CDA20A325BD00DDB1FE /* firstFullAgent */ = {isa = PBXFileReference; explicitFileType = "compiled.mach-o.executable"; includeInIndex = 0; path = firstFullAgent; sourceTree = BUILT_PRODUCTS_DIR; };
		97A87CDD20A325BD00DDB1FE /* main.c */ = {isa = PBXFileReference; lastKnownFileType = sourcecode.c.c; path = main.c; sourceTree = "<group>"; };
		97A87CE420A3265A00DDB1FE /* regexp.c */ = {isa = PBXFileReference; lastKnownFileType = sourcecode.c.c; path = regexp.c; sourceTree = "<group>"; };
		97A87CE520A3265A00DDB1FE /* regexp.h */ = {isa = PBXFileReference; lastKnownFileType = sourcecode.c.h; path = regexp.h; sourceTree = "<group>"; };
		97A87CE820A3286600DDB1FE /* libingescape.dylib */ = {isa = PBXFileReference; lastKnownFileType = "compiled.mach-o.dylib"; name = libingescape.dylib; path = ../../../../../../../../../../../../usr/local/lib/libingescape.dylib; sourceTree = "<group>"; };
/* End PBXFileReference section */

/* Begin PBXFrameworksBuildPhase section */
		97A87CD720A325BD00DDB1FE /* Frameworks */ = {
			isa = PBXFrameworksBuildPhase;
			buildActionMask = 2147483647;
			files = (
				97A87CEE20A4A0CA00DDB1FE /* libingescape.dylib in Frameworks */,
			);
			runOnlyForDeploymentPostprocessing = 0;
		};
/* End PBXFrameworksBuildPhase section */

/* Begin PBXGroup section */
		97A87CD120A325BD00DDB1FE = {
			isa = PBXGroup;
			children = (
				97A87CDC20A325BD00DDB1FE /* firstFullAgent */,
				97A87CDB20A325BD00DDB1FE /* Products */,
				97A87CE720A3286500DDB1FE /* Frameworks */,
			);
			sourceTree = "<group>";
		};
		97A87CDB20A325BD00DDB1FE /* Products */ = {
			isa = PBXGroup;
			children = (
				97A87CDA20A325BD00DDB1FE /* firstFullAgent */,
			);
			name = Products;
			sourceTree = "<group>";
		};
		97A87CDC20A325BD00DDB1FE /* firstFullAgent */ = {
			isa = PBXGroup;
			children = (
				97A87CDD20A325BD00DDB1FE /* main.c */,
				97A87CE420A3265A00DDB1FE /* regexp.c */,
				97A87CE520A3265A00DDB1FE /* regexp.h */,
			);
			path = firstFullAgent;
			sourceTree = "<group>";
		};
		97A87CE720A3286500DDB1FE /* Frameworks */ = {
			isa = PBXGroup;
			children = (
				97A87CE820A3286600DDB1FE /* libingescape.dylib */,
			);
			name = Frameworks;
			sourceTree = "<group>";
		};
/* End PBXGroup section */

/* Begin PBXNativeTarget section */
		97A87CD920A325BD00DDB1FE /* firstFullAgent */ = {
			isa = PBXNativeTarget;
			buildConfigurationList = 97A87CE120A325BD00DDB1FE /* Build configuration list for PBXNativeTarget "firstFullAgent" */;
			buildPhases = (
				97A87CD620A325BD00DDB1FE /* Sources */,
				97A87CD720A325BD00DDB1FE /* Frameworks */,
				97A87CD820A325BD00DDB1FE /* CopyFiles */,
			);
			buildRules = (
			);
			dependencies = (
			);
			name = firstFullAgent;
			productName = firstFullAgent;
			productReference = 97A87CDA20A325BD00DDB1FE /* firstFullAgent */;
			productType = "com.apple.product-type.tool";
		};
/* End PBXNativeTarget section */

/* Begin PBXProject section */
		97A87CD220A325BD00DDB1FE /* Project object */ = {
			isa = PBXProject;
			attributes = {
				LastUpgradeCheck = 0920;
				ORGANIZATIONNAME = IngeScape;
				TargetAttributes = {
					97A87CD920A325BD00DDB1FE = {
						CreatedOnToolsVersion = 9.2;
						ProvisioningStyle = Automatic;
					};
				};
			};
			buildConfigurationList = 97A87CD520A325BD00DDB1FE /* Build configuration list for PBXProject "firstFullAgent" */;
			compatibilityVersion = "Xcode 8.0";
			developmentRegion = en;
			hasScannedForEncodings = 0;
			knownRegions = (
				en,
			);
			mainGroup = 97A87CD120A325BD00DDB1FE;
			productRefGroup = 97A87CDB20A325BD00DDB1FE /* Products */;
			projectDirPath = "";
			projectRoot = "";
			targets = (
				97A87CD920A325BD00DDB1FE /* firstFullAgent */,
			);
		};
/* End PBXProject section */

/* Begin PBXSourcesBuildPhase section */
		97A87CD620A325BD00DDB1FE /* Sources */ = {
			isa = PBXSourcesBuildPhase;
			buildActionMask = 2147483647;
			files = (
				97A87CDE20A325BD00DDB1FE /* main.c in Sources */,
				97A87CE620A3265A00DDB1FE /* regexp.c in Sources */,
			);
			runOnlyForDeploymentPostprocessing = 0;
		};
/* End PBXSourcesBuildPhase section */

/* Begin XCBuildConfiguration section */
		97A87CDF20A325BD00DDB1FE /* Debug */ = {
			isa = XCBuildConfiguration;
			buildSettings = {
				ALWAYS_SEARCH_USER_PATHS = NO;
				CLANG_ANALYZER_NONNULL = YES;
				CLANG_ANALYZER_NUMBER_OBJECT_CONVERSION = YES_AGGRESSIVE;
				CLANG_CXX_LANGUAGE_STANDARD = "gnu++14";
				CLANG_CXX_LIBRARY = "libc++";
				CLANG_ENABLE_MODULES = YES;
				CLANG_ENABLE_OBJC_ARC = YES;
				CLANG_WARN_BLOCK_CAPTURE_AUTORELEASING = YES;
				CLANG_WARN_BOOL_CONVERSION = YES;
				CLANG_WARN_COMMA = YES;
				CLANG_WARN_CONSTANT_CONVERSION = YES;
				CLANG_WARN_DIRECT_OBJC_ISA_USAGE = YES_ERROR;
				CLANG_WARN_DOCUMENTATION_COMMENTS = YES;
				CLANG_WARN_EMPTY_BODY = YES;
				CLANG_WARN_ENUM_CONVERSION = YES;
				CLANG_WARN_INFINITE_RECURSION = YES;
				CLANG_WARN_INT_CONVERSION = YES;
				CLANG_WARN_NON_LITERAL_NULL_CONVERSION = YES;
				CLANG_WARN_OBJC_LITERAL_CONVERSION = YES;
				CLANG_WARN_OBJC_ROOT_CLASS = YES_ERROR;
				CLANG_WARN_RANGE_LOOP_ANALYSIS = YES;
				CLANG_WARN_STRICT_PROTOTYPES = YES;
				CLANG_WARN_SUSPICIOUS_MOVE = YES;
				CLANG_WARN_UNGUARDED_AVAILABILITY = YES_AGGRESSIVE;
				CLANG_WARN_UNREACHABLE_CODE = YES;
				CLANG_WARN__DUPLICATE_METHOD_MATCH = YES;
				CODE_SIGN_IDENTITY = "Mac Developer";
				COPY_PHASE_STRIP = NO;
				DEBUG_INFORMATION_FORMAT = dwarf;
				ENABLE_STRICT_OBJC_MSGSEND = YES;
				ENABLE_TESTABILITY = YES;
				GCC_C_LANGUAGE_STANDARD = gnu11;
				GCC_DYNAMIC_NO_PIC = NO;
				GCC_NO_COMMON_BLOCKS = YES;
				GCC_OPTIMIZATION_LEVEL = 0;
				GCC_PREPROCESSOR_DEFINITIONS = (
					"DEBUG=1",
					"$(inherited)",
				);
				GCC_WARN_64_TO_32_BIT_CONVERSION = YES;
				GCC_WARN_ABOUT_RETURN_TYPE = YES_ERROR;
				GCC_WARN_UNDECLARED_SELECTOR = YES;
				GCC_WARN_UNINITIALIZED_AUTOS = YES_AGGRESSIVE;
				GCC_WARN_UNUSED_FUNCTION = YES;
				GCC_WARN_UNUSED_VARIABLE = YES;
				MACOSX_DEPLOYMENT_TARGET = 10.12;
				MTL_ENABLE_DEBUG_INFO = YES;
				ONLY_ACTIVE_ARCH = YES;
				SDKROOT = macosx;
			};
			name = Debug;
		};
		97A87CE020A325BD00DDB1FE /* Release */ = {
			isa = XCBuildConfiguration;
			buildSettings = {
				ALWAYS_SEARCH_USER_PATHS = NO;
				CLANG_ANALYZER_NONNULL = YES;
				CLANG_ANALYZER_NUMBER_OBJECT_CONVERSION = YES_AGGRESSIVE;
				CLANG_CXX_LANGUAGE_STANDARD = "gnu++14";
				CLANG_CXX_LIBRARY = "libc++";
				CLANG_ENABLE_MODULES = YES;
				CLANG_ENABLE_OBJC_ARC = YES;
				CLANG_WARN_BLOCK_CAPTURE_AUTORELEASING = YES;
				CLANG_WARN_BOOL_CONVERSION = YES;
				CLANG_WARN_COMMA = YES;
				CLANG_WARN_CONSTANT_CONVERSION = YES;
				CLANG_WARN_DIRECT_OBJC_ISA_USAGE = YES_ERROR;
				CLANG_WARN_DOCUMENTATION_COMMENTS = YES;
				CLANG_WARN_EMPTY_BODY = YES;
				CLANG_WARN_ENUM_CONVERSION = YES;
				CLANG_WARN_INFINITE_RECURSION = YES;
				CLANG_WARN_INT_CONVERSION = YES;
				CLANG_WARN_NON_LITERAL_NULL_CONVERSION = YES;
				CLANG_WARN_OBJC_LITERAL_CONVERSION = YES;
				CLANG_WARN_OBJC_ROOT_CLASS = YES_ERROR;
				CLANG_WARN_RANGE_LOOP_ANALYSIS = YES;
				CLANG_WARN_STRICT_PROTOTYPES = YES;
				CLANG_WARN_SUSPICIOUS_MOVE = YES;
				CLANG_WARN_UNGUARDED_AVAILABILITY = YES_AGGRESSIVE;
				CLANG_WARN_UNREACHABLE_CODE = YES;
				CLANG_WARN__DUPLICATE_METHOD_MATCH = YES;
				CODE_SIGN_IDENTITY = "Mac Developer";
				COPY_PHASE_STRIP = NO;
				DEBUG_INFORMATION_FORMAT = "dwarf-with-dsym";
				ENABLE_NS_ASSERTIONS = NO;
				ENABLE_STRICT_OBJC_MSGSEND = YES;
				GCC_C_LANGUAGE_STANDARD = gnu11;
				GCC_NO_COMMON_BLOCKS = YES;
				GCC_WARN_64_TO_32_BIT_CONVERSION = YES;
				GCC_WARN_ABOUT_RETURN_TYPE = YES_ERROR;
				GCC_WARN_UNDECLARED_SELECTOR = YES;
				GCC_WARN_UNINITIALIZED_AUTOS = YES_AGGRESSIVE;
				GCC_WARN_UNUSED_FUNCTION = YES;
				GCC_WARN_UNUSED_VARIABLE = YES;
				MACOSX_DEPLOYMENT_TARGET = 10.12;
				MTL_ENABLE_DEBUG_INFO = NO;
				SDKROOT = macosx;
			};
			name = Release;
		};
		97A87CE220A325BD00DDB1FE /* Debug */ = {
			isa = XCBuildConfiguration;
			buildSettings = {
				CODE_SIGN_STYLE = Automatic;
				DEVELOPMENT_TEAM = 56DRT9MG9S;
				HEADER_SEARCH_PATHS = /usr/local/include;
				LIBRARY_SEARCH_PATHS = /usr/local/lib;
				PRODUCT_NAME = "$(TARGET_NAME)";
			};
			name = Debug;
		};
		97A87CE320A325BD00DDB1FE /* Release */ = {
			isa = XCBuildConfiguration;
			buildSettings = {
				CODE_SIGN_STYLE = Automatic;
				DEVELOPMENT_TEAM = 56DRT9MG9S;
				HEADER_SEARCH_PATHS = /usr/local/include;
				LIBRARY_SEARCH_PATHS = /usr/local/lib;
				PRODUCT_NAME = "$(TARGET_NAME)";
			};
			name = Release;
		};
/* End XCBuildConfiguration section */

/* Begin XCConfigurationList section */
		97A87CD520A325BD00DDB1FE /* Build configuration list for PBXProject "firstFullAgent" */ = {
			isa = XCConfigurationList;
			buildConfigurations = (
				97A87CDF20A325BD00DDB1FE /* Debug */,
				97A87CE020A325BD00DDB1FE /* Release */,
			);
			defaultConfigurationIsVisible = 0;
			defaultConfigurationName = Release;
		};
		97A87CE120A325BD00DDB1FE /* Build configuration list for PBXNativeTarget "firstFullAgent" */ = {
			isa = XCConfigurationList;
			buildConfigurations = (
				97A87CE220A325BD00DDB1FE /* Debug */,
				97A87CE320A325BD00DDB1FE /* Release */,
			);
			defaultConfigurationIsVisible = 0;
			defaultConfigurationName = Release;
		};
/* End XCConfigurationList section */
	};
	rootObject = 97A87CD220A325BD00DDB1FE /* Project object */;
}
