
Microsoft Visual Studio Solution File, Format Version 12.00
# Visual Studio 15
VisualStudioVersion = 15.0.28307.1169
MinimumVisualStudioVersion = 10.0.40219.1
Project("{8BC9CEB8-8B4A-11D0-8D11-00A0C91BC942}") = "sodium", "sodium.vcxproj", "{6DF21852-05C8-3718-9B1E-56638C23117C}"
EndProject
Global
	GlobalSection(SolutionConfigurationPlatforms) = preSolution
		Debug|Win32 = Debug|Win32
		Debug|x64 = Debug|x64
		Debug|x86 = Debug|x86
		MinSizeRel|Win32 = MinSizeRel|Win32
		MinSizeRel|x64 = MinSizeRel|x64
		MinSizeRel|x86 = MinSizeRel|x86
		Release|Win32 = Release|Win32
		Release|x64 = Release|x64
		Release|x86 = Release|x86
		RelWithDebInfo|Win32 = RelWithDebInfo|Win32
		RelWithDebInfo|x64 = RelWithDebInfo|x64
		RelWithDebInfo|x86 = RelWithDebInfo|x86
	EndGlobalSection
	GlobalSection(ProjectConfigurationPlatforms) = postSolution
		{6DF21852-05C8-3718-9B1E-56638C23117C}.Debug|Win32.ActiveCfg = Debug|Win32
		{6DF21852-05C8-3718-9B1E-56638C23117C}.Debug|Win32.Build.0 = Debug|Win32
		{6DF21852-05C8-3718-9B1E-56638C23117C}.Debug|x64.ActiveCfg = Debug|x64
		{6DF21852-05C8-3718-9B1E-56638C23117C}.Debug|x64.Build.0 = Debug|x64
		{6DF21852-05C8-3718-9B1E-56638C23117C}.Debug|x86.ActiveCfg = Debug|Win32
		{6DF21852-05C8-3718-9B1E-56638C23117C}.Debug|x86.Build.0 = Debug|Win32
		{6DF21852-05C8-3718-9B1E-56638C23117C}.MinSizeRel|Win32.ActiveCfg = MinSizeRel|Win32
		{6DF21852-05C8-3718-9B1E-56638C23117C}.MinSizeRel|Win32.Build.0 = MinSizeRel|Win32
		{6DF21852-05C8-3718-9B1E-56638C23117C}.MinSizeRel|x64.ActiveCfg = MinSizeRel|x64
		{6DF21852-05C8-3718-9B1E-56638C23117C}.MinSizeRel|x64.Build.0 = MinSizeRel|x64
		{6DF21852-05C8-3718-9B1E-56638C23117C}.MinSizeRel|x86.ActiveCfg = MinSizeRel|Win32
		{6DF21852-05C8-3718-9B1E-56638C23117C}.MinSizeRel|x86.Build.0 = MinSizeRel|Win32
		{6DF21852-05C8-3718-9B1E-56638C23117C}.Release|Win32.ActiveCfg = Release|Win32
		{6DF21852-05C8-3718-9B1E-56638C23117C}.Release|Win32.Build.0 = Release|Win32
		{6DF21852-05C8-3718-9B1E-56638C23117C}.Release|x64.ActiveCfg = Release|x64
		{6DF21852-05C8-3718-9B1E-56638C23117C}.Release|x64.Build.0 = Release|x64
		{6DF21852-05C8-3718-9B1E-56638C23117C}.Release|x86.ActiveCfg = Release|Win32
		{6DF21852-05C8-3718-9B1E-56638C23117C}.Release|x86.Build.0 = Release|Win32
		{6DF21852-05C8-3718-9B1E-56638C23117C}.RelWithDebInfo|Win32.ActiveCfg = RelWithDebInfo|Win32
		{6DF21852-05C8-3718-9B1E-56638C23117C}.RelWithDebInfo|Win32.Build.0 = RelWithDebInfo|Win32
		{6DF21852-05C8-3718-9B1E-56638C23117C}.RelWithDebInfo|x64.ActiveCfg = RelWithDebInfo|x64
		{6DF21852-05C8-3718-9B1E-56638C23117C}.RelWithDebInfo|x64.Build.0 = RelWithDebInfo|x64
		{6DF21852-05C8-3718-9B1E-56638C23117C}.RelWithDebInfo|x86.ActiveCfg = RelWithDebInfo|Win32
		{6DF21852-05C8-3718-9B1E-56638C23117C}.RelWithDebInfo|x86.Build.0 = RelWithDebInfo|Win32
	EndGlobalSection
	GlobalSection(SolutionProperties) = preSolution
		HideSolutionNode = FALSE
	EndGlobalSection
	GlobalSection(ExtensibilityGlobals) = postSolution
		SolutionGuid = {25AAD3D4-EBD4-34CE-858C-1A12F1F21A6C}
	EndGlobalSection
EndGlobal
