
Microsoft Visual Studio Solution File, Format Version 12.00
# Visual Studio 15
VisualStudioVersion = 15.0.28307.421
MinimumVisualStudioVersion = 10.0.40219.1
Project("{FAE04EC0-301F-11D3-BF4B-00C04F79EFBC}") = "SendCSharpAgent", "SendCSharpAgent\SendCSharpAgent.csproj", "{433522B5-F605-4025-A276-A011FC51FB5B}"
EndProject
Global
	GlobalSection(SolutionConfigurationPlatforms) = preSolution
		Debug|Any CPU = Debug|Any CPU
		Release|Any CPU = Release|Any CPU
	EndGlobalSection
	GlobalSection(ProjectConfigurationPlatforms) = postSolution
		{433522B5-F605-4025-A276-A011FC51FB5B}.Debug|Any CPU.ActiveCfg = Debug|Any CPU
		{433522B5-F605-4025-A276-A011FC51FB5B}.Debug|Any CPU.Build.0 = Debug|Any CPU
		{433522B5-F605-4025-A276-A011FC51FB5B}.Release|Any CPU.ActiveCfg = Release|Any CPU
		{433522B5-F605-4025-A276-A011FC51FB5B}.Release|Any CPU.Build.0 = Release|Any CPU
	EndGlobalSection
	GlobalSection(SolutionProperties) = preSolution
		HideSolutionNode = FALSE
	EndGlobalSection
	GlobalSection(ExtensibilityGlobals) = postSolution
		SolutionGuid = {93CD2393-CEF9-4BC0-9CD8-B49C655D34A8}
	EndGlobalSection
EndGlobal
