
Microsoft Visual Studio Solution File, Format Version 12.00
# Visual Studio 15
VisualStudioVersion = 15.0.28307.421
MinimumVisualStudioVersion = 10.0.40219.1
Project("{FAE04EC0-301F-11D3-BF4B-00C04F79EFBC}") = "IngescapeCSharp", "IngescapeCSharp\IngescapeCSharp.csproj", "{5A8F71BB-E14D-4F96-9A87-A622A03CDEF4}"
EndProject
Global
	GlobalSection(SolutionConfigurationPlatforms) = preSolution
		Debug|Any CPU = Debug|Any CPU
		Release|Any CPU = Release|Any CPU
	EndGlobalSection
	GlobalSection(ProjectConfigurationPlatforms) = postSolution
		{5A8F71BB-E14D-4F96-9A87-A622A03CDEF4}.Debug|Any CPU.ActiveCfg = Debug|Any CPU
		{5A8F71BB-E14D-4F96-9A87-A622A03CDEF4}.Debug|Any CPU.Build.0 = Debug|Any CPU
		{5A8F71BB-E14D-4F96-9A87-A622A03CDEF4}.Release|Any CPU.ActiveCfg = Release|Any CPU
		{5A8F71BB-E14D-4F96-9A87-A622A03CDEF4}.Release|Any CPU.Build.0 = Release|Any CPU
	EndGlobalSection
	GlobalSection(SolutionProperties) = preSolution
		HideSolutionNode = FALSE
	EndGlobalSection
	GlobalSection(ExtensibilityGlobals) = postSolution
		SolutionGuid = {113CF2E9-3450-4F70-8163-CA30A2D036ED}
	EndGlobalSection
EndGlobal
