// !$*UTF8*$!
{
	archiveVersion = 1;
	classes = {
	};
	objectVersion = 50;
	objects = {

/* Begin PBXBuildFile section */
		974E34FB2493D8A300444009 /* libczmq.a in Frameworks */ = {isa = PBXBuildFile; fileRef = 974E33962493D89700444009 /* libczmq.a */; };
		974E34FC2493D8A300444009 /* libsodium.a in Frameworks */ = {isa = PBXBuildFile; fileRef = 974E34F82493D89700444009 /* libsodium.a */; };
		974E34FD2493D8A300444009 /* libzmq.a in Frameworks */ = {isa = PBXBuildFile; fileRef = 974E341B2493D89700444009 /* libzmq.a */; };
		974E34FF2493D8B000444009 /* libc++.tbd in Frameworks */ = {isa = PBXBuildFile; fileRef = 974E34FE2493D8B000444009 /* libc++.tbd */; };
		976FFCBB22BD5729000876BF /* main.c in Sources */ = {isa = PBXBuildFile; fileRef = 976FFCBA22BD5729000876BF /* main.c */; };
		976FFCBC22BD5744000876BF /* agents.txt in CopyFiles */ = {isa = PBXBuildFile; fileRef = 976FFCB822BD5729000876BF /* agents.txt */; };
		976FFCBD22BD5744000876BF /* features.txt in CopyFiles */ = {isa = PBXBuildFile; fileRef = 976FFCB922BD5729000876BF /* features.txt */; };
/* End PBXBuildFile section */

/* Begin PBXContainerItemProxy section */
		974E33932493D89700444009 /* PBXContainerItemProxy */ = {
			isa = PBXContainerItemProxy;
			containerPortal = 974E337A2493D89700444009 /* czmq.xcodeproj */;
			proxyType = 2;
			remoteGlobalIDString = 81B3DA394A3D41F1B77AEB10;
			remoteInfo = czmq;
		};
		974E33952493D89700444009 /* PBXContainerItemProxy */ = {
			isa = PBXContainerItemProxy;
			containerPortal = 974E337A2493D89700444009 /* czmq.xcodeproj */;
			proxyType = 2;
			remoteGlobalIDString = 7BA47C4ADF4D4E2DA7E43762;
			remoteInfo = "czmq-static";
		};
		974E33972493D89700444009 /* PBXContainerItemProxy */ = {
			isa = PBXContainerItemProxy;
			containerPortal = 974E337A2493D89700444009 /* czmq.xcodeproj */;
			proxyType = 2;
			remoteGlobalIDString = 217C46779B724C4184794838;
			remoteInfo = czmq_objects;
		};
		974E33992493D89700444009 /* PBXContainerItemProxy */ = {
			isa = PBXContainerItemProxy;
			containerPortal = 974E337A2493D89700444009 /* czmq.xcodeproj */;
			proxyType = 2;
			remoteGlobalIDString = E5D73AA670034726AD82530E;
			remoteInfo = czmq_selftest;
		};
		974E339B2493D89700444009 /* PBXContainerItemProxy */ = {
			isa = PBXContainerItemProxy;
			containerPortal = 974E337A2493D89700444009 /* czmq.xcodeproj */;
			proxyType = 2;
			remoteGlobalIDString = 9745D983C9A84448A3A7685E;
			remoteInfo = test_randof;
		};
		974E339D2493D89700444009 /* PBXContainerItemProxy */ = {
			isa = PBXContainerItemProxy;
			containerPortal = 974E337A2493D89700444009 /* czmq.xcodeproj */;
			proxyType = 2;
			remoteGlobalIDString = 8947E7BBDD3E4190A737F651;
			remoteInfo = zmakecert;
		};
		974E339F2493D89700444009 /* PBXContainerItemProxy */ = {
			isa = PBXContainerItemProxy;
			containerPortal = 974E337A2493D89700444009 /* czmq.xcodeproj */;
			proxyType = 2;
			remoteGlobalIDString = 4376FAAD88AF4B5CB8BEC2CB;
			remoteInfo = zsp;
		};
		974E34182493D89700444009 /* PBXContainerItemProxy */ = {
			isa = PBXContainerItemProxy;
			containerPortal = 974E33A12493D89700444009 /* ZeroMQ.xcodeproj */;
			proxyType = 2;
			remoteGlobalIDString = 247BBB443F824A6B96C54269;
			remoteInfo = libzmq;
		};
		974E341A2493D89700444009 /* PBXContainerItemProxy */ = {
			isa = PBXContainerItemProxy;
			containerPortal = 974E33A12493D89700444009 /* ZeroMQ.xcodeproj */;
			proxyType = 2;
			remoteGlobalIDString = 387AD5531768443B8D770116;
			remoteInfo = "libzmq-static";
		};
		974E341C2493D89700444009 /* PBXContainerItemProxy */ = {
			isa = PBXContainerItemProxy;
			containerPortal = 974E33A12493D89700444009 /* ZeroMQ.xcodeproj */;
			proxyType = 2;
			remoteGlobalIDString = 367CD50660554F4DA616D39F;
			remoteInfo = objects;
		};
		974E341E2493D89700444009 /* PBXContainerItemProxy */ = {
			isa = PBXContainerItemProxy;
			containerPortal = 974E33A12493D89700444009 /* ZeroMQ.xcodeproj */;
			proxyType = 2;
			remoteGlobalIDString = F1E3AC28662F4B29966FA49D;
			remoteInfo = test_ancillaries;
		};
		974E34202493D89700444009 /* PBXContainerItemProxy */ = {
			isa = PBXContainerItemProxy;
			containerPortal = 974E33A12493D89700444009 /* ZeroMQ.xcodeproj */;
			proxyType = 2;
			remoteGlobalIDString = C8BEE69CA21B4CC9B413A2E9;
			remoteInfo = test_app_meta;
		};
		974E34222493D89700444009 /* PBXContainerItemProxy */ = {
			isa = PBXContainerItemProxy;
			containerPortal = 974E33A12493D89700444009 /* ZeroMQ.xcodeproj */;
			proxyType = 2;
			remoteGlobalIDString = 2F3A0D3E131446EEB55F1C16;
			remoteInfo = test_atomics;
		};
		974E34242493D89700444009 /* PBXContainerItemProxy */ = {
			isa = PBXContainerItemProxy;
			containerPortal = 974E33A12493D89700444009 /* ZeroMQ.xcodeproj */;
			proxyType = 2;
			remoteGlobalIDString = C43A35CD40AA44BEA42AA2F8;
			remoteInfo = test_base85;
		};
		974E34262493D89700444009 /* PBXContainerItemProxy */ = {
			isa = PBXContainerItemProxy;
			containerPortal = 974E33A12493D89700444009 /* ZeroMQ.xcodeproj */;
			proxyType = 2;
			remoteGlobalIDString = 5B9343919F0E41B7836D5319;
			remoteInfo = test_bind_after_connect_tcp;
		};
		974E34282493D89700444009 /* PBXContainerItemProxy */ = {
			isa = PBXContainerItemProxy;
			containerPortal = 974E33A12493D89700444009 /* ZeroMQ.xcodeproj */;
			proxyType = 2;
			remoteGlobalIDString = C636520DC11B483F83F42A4A;
			remoteInfo = test_bind_src_address;
		};
		974E342A2493D89700444009 /* PBXContainerItemProxy */ = {
			isa = PBXContainerItemProxy;
			containerPortal = 974E33A12493D89700444009 /* ZeroMQ.xcodeproj */;
			proxyType = 2;
			remoteGlobalIDString = 48D778718B15483FB006B4A4;
			remoteInfo = test_capabilities;
		};
		974E342C2493D89700444009 /* PBXContainerItemProxy */ = {
			isa = PBXContainerItemProxy;
			containerPortal = 974E33A12493D89700444009 /* ZeroMQ.xcodeproj */;
			proxyType = 2;
			remoteGlobalIDString = 9E624F693B224B149D83FAA3;
			remoteInfo = test_client_server;
		};
		974E342E2493D89700444009 /* PBXContainerItemProxy */ = {
			isa = PBXContainerItemProxy;
			containerPortal = 974E33A12493D89700444009 /* ZeroMQ.xcodeproj */;
			proxyType = 2;
			remoteGlobalIDString = A6B02FE52052485DB2AB7A8B;
			remoteInfo = test_conflate;
		};
		974E34302493D89700444009 /* PBXContainerItemProxy */ = {
			isa = PBXContainerItemProxy;
			containerPortal = 974E33A12493D89700444009 /* ZeroMQ.xcodeproj */;
			proxyType = 2;
			remoteGlobalIDString = 14C1BC4D14AC4540A850C7A5;
			remoteInfo = test_connect_resolve;
		};
		974E34322493D89700444009 /* PBXContainerItemProxy */ = {
			isa = PBXContainerItemProxy;
			containerPortal = 974E33A12493D89700444009 /* ZeroMQ.xcodeproj */;
			proxyType = 2;
			remoteGlobalIDString = 5CD633FA00D3456F8ACEC25A;
			remoteInfo = test_connect_rid;
		};
		974E34342493D89700444009 /* PBXContainerItemProxy */ = {
			isa = PBXContainerItemProxy;
			containerPortal = 974E33A12493D89700444009 /* ZeroMQ.xcodeproj */;
			proxyType = 2;
			remoteGlobalIDString = 048D6C88DFD74FD8A2B8E643;
			remoteInfo = test_ctx_destroy;
		};
		974E34362493D89700444009 /* PBXContainerItemProxy */ = {
			isa = PBXContainerItemProxy;
			containerPortal = 974E33A12493D89700444009 /* ZeroMQ.xcodeproj */;
			proxyType = 2;
			remoteGlobalIDString = A58041E3D3C740109B557892;
			remoteInfo = test_ctx_options;
		};
		974E34382493D89700444009 /* PBXContainerItemProxy */ = {
			isa = PBXContainerItemProxy;
			containerPortal = 974E33A12493D89700444009 /* ZeroMQ.xcodeproj */;
			proxyType = 2;
			remoteGlobalIDString = 397B24FB56614D52B2E128D8;
			remoteInfo = test_dgram;
		};
		974E343A2493D89700444009 /* PBXContainerItemProxy */ = {
			isa = PBXContainerItemProxy;
			containerPortal = 974E33A12493D89700444009 /* ZeroMQ.xcodeproj */;
			proxyType = 2;
			remoteGlobalIDString = 5CE345C92C834755BADCC3E4;
			remoteInfo = test_diffserv;
		};
		974E343C2493D89700444009 /* PBXContainerItemProxy */ = {
			isa = PBXContainerItemProxy;
			containerPortal = 974E33A12493D89700444009 /* ZeroMQ.xcodeproj */;
			proxyType = 2;
			remoteGlobalIDString = 69DC41C1683647E2B0D73ACA;
			remoteInfo = test_disconnect_inproc;
		};
		974E343E2493D89700444009 /* PBXContainerItemProxy */ = {
			isa = PBXContainerItemProxy;
			containerPortal = 974E33A12493D89700444009 /* ZeroMQ.xcodeproj */;
			proxyType = 2;
			remoteGlobalIDString = DABA626B46744784973F89DB;
			remoteInfo = test_filter_ipc;
		};
		974E34402493D89700444009 /* PBXContainerItemProxy */ = {
			isa = PBXContainerItemProxy;
			containerPortal = 974E33A12493D89700444009 /* ZeroMQ.xcodeproj */;
			proxyType = 2;
			remoteGlobalIDString = D0F1BA0FC5604D448E95BF68;
			remoteInfo = test_fork;
		};
		974E34422493D89700444009 /* PBXContainerItemProxy */ = {
			isa = PBXContainerItemProxy;
			containerPortal = 974E33A12493D89700444009 /* ZeroMQ.xcodeproj */;
			proxyType = 2;
			remoteGlobalIDString = 7A105331E44847C3A6586172;
			remoteInfo = test_getsockopt_memset;
		};
		974E34442493D89700444009 /* PBXContainerItemProxy */ = {
			isa = PBXContainerItemProxy;
			containerPortal = 974E33A12493D89700444009 /* ZeroMQ.xcodeproj */;
			proxyType = 2;
			remoteGlobalIDString = 7F02F4CD60D04532B0AF6CA5;
			remoteInfo = test_heartbeats;
		};
		974E34462493D89700444009 /* PBXContainerItemProxy */ = {
			isa = PBXContainerItemProxy;
			containerPortal = 974E33A12493D89700444009 /* ZeroMQ.xcodeproj */;
			proxyType = 2;
			remoteGlobalIDString = 7AE5B0FC8A6C473AA4BCF1CD;
			remoteInfo = test_hwm;
		};
		974E34482493D89700444009 /* PBXContainerItemProxy */ = {
			isa = PBXContainerItemProxy;
			containerPortal = 974E33A12493D89700444009 /* ZeroMQ.xcodeproj */;
			proxyType = 2;
			remoteGlobalIDString = 86E667DA5EDC41FC9966AE07;
			remoteInfo = test_hwm_pubsub;
		};
		974E344A2493D89700444009 /* PBXContainerItemProxy */ = {
			isa = PBXContainerItemProxy;
			containerPortal = 974E33A12493D89700444009 /* ZeroMQ.xcodeproj */;
			proxyType = 2;
			remoteGlobalIDString = F5F9C6F56F864B6A95D7834F;
			remoteInfo = test_immediate;
		};
		974E344C2493D89700444009 /* PBXContainerItemProxy */ = {
			isa = PBXContainerItemProxy;
			containerPortal = 974E33A12493D89700444009 /* ZeroMQ.xcodeproj */;
			proxyType = 2;
			remoteGlobalIDString = F2230576A070454A8C90A7B6;
			remoteInfo = test_inproc_connect;
		};
		974E344E2493D89700444009 /* PBXContainerItemProxy */ = {
			isa = PBXContainerItemProxy;
			containerPortal = 974E33A12493D89700444009 /* ZeroMQ.xcodeproj */;
			proxyType = 2;
			remoteGlobalIDString = BA2029368C83497ABBB75943;
			remoteInfo = test_invalid_rep;
		};
		974E34502493D89700444009 /* PBXContainerItemProxy */ = {
			isa = PBXContainerItemProxy;
			containerPortal = 974E33A12493D89700444009 /* ZeroMQ.xcodeproj */;
			proxyType = 2;
			remoteGlobalIDString = 4E27F67BA7174718984F45E9;
			remoteInfo = test_iov;
		};
		974E34522493D89700444009 /* PBXContainerItemProxy */ = {
			isa = PBXContainerItemProxy;
			containerPortal = 974E33A12493D89700444009 /* ZeroMQ.xcodeproj */;
			proxyType = 2;
			remoteGlobalIDString = F8965C38B2DF484FB9187F65;
			remoteInfo = test_ipc_wildcard;
		};
		974E34542493D89700444009 /* PBXContainerItemProxy */ = {
			isa = PBXContainerItemProxy;
			containerPortal = 974E33A12493D89700444009 /* ZeroMQ.xcodeproj */;
			proxyType = 2;
			remoteGlobalIDString = 73B0F6F39DBD4D4D928FDAD3;
			remoteInfo = test_issue_566;
		};
		974E34562493D89700444009 /* PBXContainerItemProxy */ = {
			isa = PBXContainerItemProxy;
			containerPortal = 974E33A12493D89700444009 /* ZeroMQ.xcodeproj */;
			proxyType = 2;
			remoteGlobalIDString = F77485740528481FA357E6C1;
			remoteInfo = test_last_endpoint;
		};
		974E34582493D89700444009 /* PBXContainerItemProxy */ = {
			isa = PBXContainerItemProxy;
			containerPortal = 974E33A12493D89700444009 /* ZeroMQ.xcodeproj */;
			proxyType = 2;
			remoteGlobalIDString = ABA065B3829D47C0A79B9A1C;
			remoteInfo = test_many_sockets;
		};
		974E345A2493D89700444009 /* PBXContainerItemProxy */ = {
			isa = PBXContainerItemProxy;
			containerPortal = 974E33A12493D89700444009 /* ZeroMQ.xcodeproj */;
			proxyType = 2;
			remoteGlobalIDString = F17919CF9E63430483598403;
			remoteInfo = test_metadata;
		};
		974E345C2493D89700444009 /* PBXContainerItemProxy */ = {
			isa = PBXContainerItemProxy;
			containerPortal = 974E33A12493D89700444009 /* ZeroMQ.xcodeproj */;
			proxyType = 2;
			remoteGlobalIDString = 7E7F2041BA7F4223B9551243;
			remoteInfo = test_mock_pub_sub;
		};
		974E345E2493D89700444009 /* PBXContainerItemProxy */ = {
			isa = PBXContainerItemProxy;
			containerPortal = 974E33A12493D89700444009 /* ZeroMQ.xcodeproj */;
			proxyType = 2;
			remoteGlobalIDString = C1BF456AC2D846BC8FC84B9B;
			remoteInfo = test_monitor;
		};
		974E34602493D89700444009 /* PBXContainerItemProxy */ = {
			isa = PBXContainerItemProxy;
			containerPortal = 974E33A12493D89700444009 /* ZeroMQ.xcodeproj */;
			proxyType = 2;
			remoteGlobalIDString = 32AFB2E496F64807BB991B1A;
			remoteInfo = test_msg_ffn;
		};
		974E34622493D89700444009 /* PBXContainerItemProxy */ = {
			isa = PBXContainerItemProxy;
			containerPortal = 974E33A12493D89700444009 /* ZeroMQ.xcodeproj */;
			proxyType = 2;
			remoteGlobalIDString = 352D9E0C2CA84FBA81C8AA99;
			remoteInfo = test_msg_flags;
		};
		974E34642493D89700444009 /* PBXContainerItemProxy */ = {
			isa = PBXContainerItemProxy;
			containerPortal = 974E33A12493D89700444009 /* ZeroMQ.xcodeproj */;
			proxyType = 2;
			remoteGlobalIDString = F1A33908C1E845739AF737AC;
			remoteInfo = test_pair_inproc;
		};
		974E34662493D89700444009 /* PBXContainerItemProxy */ = {
			isa = PBXContainerItemProxy;
			containerPortal = 974E33A12493D89700444009 /* ZeroMQ.xcodeproj */;
			proxyType = 2;
			remoteGlobalIDString = ADE59ECDEFC64E51AD67E535;
			remoteInfo = test_pair_ipc;
		};
		974E34682493D89700444009 /* PBXContainerItemProxy */ = {
			isa = PBXContainerItemProxy;
			containerPortal = 974E33A12493D89700444009 /* ZeroMQ.xcodeproj */;
			proxyType = 2;
			remoteGlobalIDString = B930ADAEBA934B3898EDCCA5;
			remoteInfo = test_pair_tcp;
		};
		974E346A2493D89700444009 /* PBXContainerItemProxy */ = {
			isa = PBXContainerItemProxy;
			containerPortal = 974E33A12493D89700444009 /* ZeroMQ.xcodeproj */;
			proxyType = 2;
			remoteGlobalIDString = BA1B2C35BBE549FC9F075182;
			remoteInfo = test_peer;
		};
		974E346C2493D89700444009 /* PBXContainerItemProxy */ = {
			isa = PBXContainerItemProxy;
			containerPortal = 974E33A12493D89700444009 /* ZeroMQ.xcodeproj */;
			proxyType = 2;
			remoteGlobalIDString = BF43E12D425A4FDC928E45A7;
			remoteInfo = test_poller;
		};
		974E346E2493D89700444009 /* PBXContainerItemProxy */ = {
			isa = PBXContainerItemProxy;
			containerPortal = 974E33A12493D89700444009 /* ZeroMQ.xcodeproj */;
			proxyType = 2;
			remoteGlobalIDString = 3089001224B34E0FA5D5838D;
			remoteInfo = test_probe_router;
		};
		974E34702493D89700444009 /* PBXContainerItemProxy */ = {
			isa = PBXContainerItemProxy;
			containerPortal = 974E33A12493D89700444009 /* ZeroMQ.xcodeproj */;
			proxyType = 2;
			remoteGlobalIDString = 806EEC46724A4852917FFFAA;
			remoteInfo = test_proxy;
		};
		974E34722493D89700444009 /* PBXContainerItemProxy */ = {
			isa = PBXContainerItemProxy;
			containerPortal = 974E33A12493D89700444009 /* ZeroMQ.xcodeproj */;
			proxyType = 2;
			remoteGlobalIDString = A5A409D2495745928A2B7A48;
			remoteInfo = test_proxy_hwm;
		};
		974E34742493D89700444009 /* PBXContainerItemProxy */ = {
			isa = PBXContainerItemProxy;
			containerPortal = 974E33A12493D89700444009 /* ZeroMQ.xcodeproj */;
			proxyType = 2;
			remoteGlobalIDString = 241BB17DCF8B40F7B4D2083D;
			remoteInfo = test_proxy_single_socket;
		};
		974E34762493D89700444009 /* PBXContainerItemProxy */ = {
			isa = PBXContainerItemProxy;
			containerPortal = 974E33A12493D89700444009 /* ZeroMQ.xcodeproj */;
			proxyType = 2;
			remoteGlobalIDString = 7D8C85989A904D44BD382D8D;
			remoteInfo = test_proxy_terminate;
		};
		974E34782493D89700444009 /* PBXContainerItemProxy */ = {
			isa = PBXContainerItemProxy;
			containerPortal = 974E33A12493D89700444009 /* ZeroMQ.xcodeproj */;
			proxyType = 2;
			remoteGlobalIDString = C8284E12274943A6AAB0DDA4;
			remoteInfo = test_pub_invert_matching;
		};
		974E347A2493D89700444009 /* PBXContainerItemProxy */ = {
			isa = PBXContainerItemProxy;
			containerPortal = 974E33A12493D89700444009 /* ZeroMQ.xcodeproj */;
			proxyType = 2;
			remoteGlobalIDString = 9621138D20984A2C99BA9D54;
			remoteInfo = test_radio_dish;
		};
		974E347C2493D89700444009 /* PBXContainerItemProxy */ = {
			isa = PBXContainerItemProxy;
			containerPortal = 974E33A12493D89700444009 /* ZeroMQ.xcodeproj */;
			proxyType = 2;
			remoteGlobalIDString = F5C9B8AAF2A84AC0A21DA9BA;
			remoteInfo = test_rebind_ipc;
		};
		974E347E2493D89700444009 /* PBXContainerItemProxy */ = {
			isa = PBXContainerItemProxy;
			containerPortal = 974E33A12493D89700444009 /* ZeroMQ.xcodeproj */;
			proxyType = 2;
			remoteGlobalIDString = E187FB8201F140EF8721895F;
			remoteInfo = test_reconnect_ivl;
		};
		974E34802493D89700444009 /* PBXContainerItemProxy */ = {
			isa = PBXContainerItemProxy;
			containerPortal = 974E33A12493D89700444009 /* ZeroMQ.xcodeproj */;
			proxyType = 2;
			remoteGlobalIDString = 8978154F2CEC49ADB6DB7E47;
			remoteInfo = test_req_correlate;
		};
		974E34822493D89700444009 /* PBXContainerItemProxy */ = {
			isa = PBXContainerItemProxy;
			containerPortal = 974E33A12493D89700444009 /* ZeroMQ.xcodeproj */;
			proxyType = 2;
			remoteGlobalIDString = 65D6D1CAB5F4461FB61B90BC;
			remoteInfo = test_req_relaxed;
		};
		974E34842493D89700444009 /* PBXContainerItemProxy */ = {
			isa = PBXContainerItemProxy;
			containerPortal = 974E33A12493D89700444009 /* ZeroMQ.xcodeproj */;
			proxyType = 2;
			remoteGlobalIDString = 5147010A08454850AE77437F;
			remoteInfo = test_reqrep_device;
		};
		974E34862493D89700444009 /* PBXContainerItemProxy */ = {
			isa = PBXContainerItemProxy;
			containerPortal = 974E33A12493D89700444009 /* ZeroMQ.xcodeproj */;
			proxyType = 2;
			remoteGlobalIDString = 2101C5B416D6472B8109D878;
			remoteInfo = test_reqrep_inproc;
		};
		974E34882493D89700444009 /* PBXContainerItemProxy */ = {
			isa = PBXContainerItemProxy;
			containerPortal = 974E33A12493D89700444009 /* ZeroMQ.xcodeproj */;
			proxyType = 2;
			remoteGlobalIDString = 84741780E23A4C66850DAF53;
			remoteInfo = test_reqrep_ipc;
		};
		974E348A2493D89700444009 /* PBXContainerItemProxy */ = {
			isa = PBXContainerItemProxy;
			containerPortal = 974E33A12493D89700444009 /* ZeroMQ.xcodeproj */;
			proxyType = 2;
			remoteGlobalIDString = 531A0812675E4219A31FF8C8;
			remoteInfo = test_reqrep_tcp;
		};
		974E348C2493D89700444009 /* PBXContainerItemProxy */ = {
			isa = PBXContainerItemProxy;
			containerPortal = 974E33A12493D89700444009 /* ZeroMQ.xcodeproj */;
			proxyType = 2;
			remoteGlobalIDString = DA237A96FA054404876FEF50;
			remoteInfo = test_router_handover;
		};
		974E348E2493D89700444009 /* PBXContainerItemProxy */ = {
			isa = PBXContainerItemProxy;
			containerPortal = 974E33A12493D89700444009 /* ZeroMQ.xcodeproj */;
			proxyType = 2;
			remoteGlobalIDString = F8894632E5C744A1AEE2499A;
			remoteInfo = test_router_mandatory;
		};
		974E34902493D89700444009 /* PBXContainerItemProxy */ = {
			isa = PBXContainerItemProxy;
			containerPortal = 974E33A12493D89700444009 /* ZeroMQ.xcodeproj */;
			proxyType = 2;
			remoteGlobalIDString = 72CF8B6E864C429F81755BCC;
			remoteInfo = test_router_mandatory_hwm;
		};
		974E34922493D89700444009 /* PBXContainerItemProxy */ = {
			isa = PBXContainerItemProxy;
			containerPortal = 974E33A12493D89700444009 /* ZeroMQ.xcodeproj */;
			proxyType = 2;
			remoteGlobalIDString = EA859544BDDE4EAAAE948E40;
			remoteInfo = test_router_notify;
		};
		974E34942493D89700444009 /* PBXContainerItemProxy */ = {
			isa = PBXContainerItemProxy;
			containerPortal = 974E33A12493D89700444009 /* ZeroMQ.xcodeproj */;
			proxyType = 2;
			remoteGlobalIDString = 86F86F1657EF431E8229FBBA;
			remoteInfo = test_scatter_gather;
		};
		974E34962493D89700444009 /* PBXContainerItemProxy */ = {
			isa = PBXContainerItemProxy;
			containerPortal = 974E33A12493D89700444009 /* ZeroMQ.xcodeproj */;
			proxyType = 2;
			remoteGlobalIDString = 087866D6E48545F6AD3382AB;
			remoteInfo = test_security_curve;
		};
		974E34982493D89700444009 /* PBXContainerItemProxy */ = {
			isa = PBXContainerItemProxy;
			containerPortal = 974E33A12493D89700444009 /* ZeroMQ.xcodeproj */;
			proxyType = 2;
			remoteGlobalIDString = 560C20CD2AE64D239FC7F3A8;
			remoteInfo = test_security_gssapi;
		};
		974E349A2493D89700444009 /* PBXContainerItemProxy */ = {
			isa = PBXContainerItemProxy;
			containerPortal = 974E33A12493D89700444009 /* ZeroMQ.xcodeproj */;
			proxyType = 2;
			remoteGlobalIDString = 60FAE3ED34C344D5AD410C10;
			remoteInfo = test_security_no_zap_handler;
		};
		974E349C2493D89700444009 /* PBXContainerItemProxy */ = {
			isa = PBXContainerItemProxy;
			containerPortal = 974E33A12493D89700444009 /* ZeroMQ.xcodeproj */;
			proxyType = 2;
			remoteGlobalIDString = 74E2991F7C37488A83D316E7;
			remoteInfo = test_security_null;
		};
		974E349E2493D89700444009 /* PBXContainerItemProxy */ = {
			isa = PBXContainerItemProxy;
			containerPortal = 974E33A12493D89700444009 /* ZeroMQ.xcodeproj */;
			proxyType = 2;
			remoteGlobalIDString = 410FA3D4BBD7435092B97020;
			remoteInfo = test_security_plain;
		};
		974E34A02493D89700444009 /* PBXContainerItemProxy */ = {
			isa = PBXContainerItemProxy;
			containerPortal = 974E33A12493D89700444009 /* ZeroMQ.xcodeproj */;
			proxyType = 2;
			remoteGlobalIDString = D54AE3EF681740BB8914FF67;
			remoteInfo = test_security_zap;
		};
		974E34A22493D89700444009 /* PBXContainerItemProxy */ = {
			isa = PBXContainerItemProxy;
			containerPortal = 974E33A12493D89700444009 /* ZeroMQ.xcodeproj */;
			proxyType = 2;
			remoteGlobalIDString = 80270B93ED494ADD8411C298;
			remoteInfo = test_setsockopt;
		};
		974E34A42493D89700444009 /* PBXContainerItemProxy */ = {
			isa = PBXContainerItemProxy;
			containerPortal = 974E33A12493D89700444009 /* ZeroMQ.xcodeproj */;
			proxyType = 2;
			remoteGlobalIDString = 629AD58E77A94762A4014DFB;
			remoteInfo = test_shutdown_stress;
		};
		974E34A62493D89700444009 /* PBXContainerItemProxy */ = {
			isa = PBXContainerItemProxy;
			containerPortal = 974E33A12493D89700444009 /* ZeroMQ.xcodeproj */;
			proxyType = 2;
			remoteGlobalIDString = A37764F26BBC422DB405B3B5;
			remoteInfo = test_socket_null;
		};
		974E34A82493D89700444009 /* PBXContainerItemProxy */ = {
			isa = PBXContainerItemProxy;
			containerPortal = 974E33A12493D89700444009 /* ZeroMQ.xcodeproj */;
			proxyType = 2;
			remoteGlobalIDString = 75776A620AEE49D4A3FCB085;
			remoteInfo = test_sockopt_hwm;
		};
		974E34AA2493D89700444009 /* PBXContainerItemProxy */ = {
			isa = PBXContainerItemProxy;
			containerPortal = 974E33A12493D89700444009 /* ZeroMQ.xcodeproj */;
			proxyType = 2;
			remoteGlobalIDString = 9056622AEADE4159B238140C;
			remoteInfo = test_sodium;
		};
		974E34AC2493D89700444009 /* PBXContainerItemProxy */ = {
			isa = PBXContainerItemProxy;
			containerPortal = 974E33A12493D89700444009 /* ZeroMQ.xcodeproj */;
			proxyType = 2;
			remoteGlobalIDString = 8622B8182DC146EA831C0BC8;
			remoteInfo = test_spec_dealer;
		};
		974E34AE2493D89700444009 /* PBXContainerItemProxy */ = {
			isa = PBXContainerItemProxy;
			containerPortal = 974E33A12493D89700444009 /* ZeroMQ.xcodeproj */;
			proxyType = 2;
			remoteGlobalIDString = 73C35FBA5A9848F291FAE0E6;
			remoteInfo = test_spec_pushpull;
		};
		974E34B02493D89700444009 /* PBXContainerItemProxy */ = {
			isa = PBXContainerItemProxy;
			containerPortal = 974E33A12493D89700444009 /* ZeroMQ.xcodeproj */;
			proxyType = 2;
			remoteGlobalIDString = 402E8C92CB96434CA55B31FB;
			remoteInfo = test_spec_rep;
		};
		974E34B22493D89700444009 /* PBXContainerItemProxy */ = {
			isa = PBXContainerItemProxy;
			containerPortal = 974E33A12493D89700444009 /* ZeroMQ.xcodeproj */;
			proxyType = 2;
			remoteGlobalIDString = 0371DDD37BF14BA0B0E5457D;
			remoteInfo = test_spec_req;
		};
		974E34B42493D89700444009 /* PBXContainerItemProxy */ = {
			isa = PBXContainerItemProxy;
			containerPortal = 974E33A12493D89700444009 /* ZeroMQ.xcodeproj */;
			proxyType = 2;
			remoteGlobalIDString = 6D7D9B134C2B405980BD332A;
			remoteInfo = test_spec_router;
		};
		974E34B62493D89700444009 /* PBXContainerItemProxy */ = {
			isa = PBXContainerItemProxy;
			containerPortal = 974E33A12493D89700444009 /* ZeroMQ.xcodeproj */;
			proxyType = 2;
			remoteGlobalIDString = D493649A26CA44EFBC40F502;
			remoteInfo = test_srcfd;
		};
		974E34B82493D89700444009 /* PBXContainerItemProxy */ = {
			isa = PBXContainerItemProxy;
			containerPortal = 974E33A12493D89700444009 /* ZeroMQ.xcodeproj */;
			proxyType = 2;
			remoteGlobalIDString = A46CAC972A384DB5A5F7686C;
			remoteInfo = test_stream;
		};
		974E34BA2493D89700444009 /* PBXContainerItemProxy */ = {
			isa = PBXContainerItemProxy;
			containerPortal = 974E33A12493D89700444009 /* ZeroMQ.xcodeproj */;
			proxyType = 2;
			remoteGlobalIDString = 703BE4546BED42B6B2DA8CCE;
			remoteInfo = test_stream_disconnect;
		};
		974E34BC2493D89700444009 /* PBXContainerItemProxy */ = {
			isa = PBXContainerItemProxy;
			containerPortal = 974E33A12493D89700444009 /* ZeroMQ.xcodeproj */;
			proxyType = 2;
			remoteGlobalIDString = 1B8388068A7647B989EC204C;
			remoteInfo = test_stream_empty;
		};
		974E34BE2493D89700444009 /* PBXContainerItemProxy */ = {
			isa = PBXContainerItemProxy;
			containerPortal = 974E33A12493D89700444009 /* ZeroMQ.xcodeproj */;
			proxyType = 2;
			remoteGlobalIDString = 2E5DF55859ED45AEB28482AA;
			remoteInfo = test_stream_exceeds_buffer;
		};
		974E34C02493D89700444009 /* PBXContainerItemProxy */ = {
			isa = PBXContainerItemProxy;
			containerPortal = 974E33A12493D89700444009 /* ZeroMQ.xcodeproj */;
			proxyType = 2;
			remoteGlobalIDString = 1864EE02BFAC4E7E8E9651AE;
			remoteInfo = test_stream_timeout;
		};
		974E34C22493D89700444009 /* PBXContainerItemProxy */ = {
			isa = PBXContainerItemProxy;
			containerPortal = 974E33A12493D89700444009 /* ZeroMQ.xcodeproj */;
			proxyType = 2;
			remoteGlobalIDString = CD212887FEED45028AA7EE7F;
			remoteInfo = test_sub_forward;
		};
		974E34C42493D89700444009 /* PBXContainerItemProxy */ = {
			isa = PBXContainerItemProxy;
			containerPortal = 974E33A12493D89700444009 /* ZeroMQ.xcodeproj */;
			proxyType = 2;
			remoteGlobalIDString = F1F9141DD6D6497F84943735;
			remoteInfo = test_system;
		};
		974E34C62493D89700444009 /* PBXContainerItemProxy */ = {
			isa = PBXContainerItemProxy;
			containerPortal = 974E33A12493D89700444009 /* ZeroMQ.xcodeproj */;
			proxyType = 2;
			remoteGlobalIDString = 37F1E094621B4F4196A0396D;
			remoteInfo = test_term_endpoint;
		};
		974E34C82493D89700444009 /* PBXContainerItemProxy */ = {
			isa = PBXContainerItemProxy;
			containerPortal = 974E33A12493D89700444009 /* ZeroMQ.xcodeproj */;
			proxyType = 2;
			remoteGlobalIDString = FE84CE64361041719ADCE707;
			remoteInfo = test_thread_safe;
		};
		974E34CA2493D89700444009 /* PBXContainerItemProxy */ = {
			isa = PBXContainerItemProxy;
			containerPortal = 974E33A12493D89700444009 /* ZeroMQ.xcodeproj */;
			proxyType = 2;
			remoteGlobalIDString = 2434580C5D4E4C59AA8DD8C6;
			remoteInfo = test_timeo;
		};
		974E34CC2493D89700444009 /* PBXContainerItemProxy */ = {
			isa = PBXContainerItemProxy;
			containerPortal = 974E33A12493D89700444009 /* ZeroMQ.xcodeproj */;
			proxyType = 2;
			remoteGlobalIDString = FEDA58EACD414B228D607EE5;
			remoteInfo = test_timers;
		};
		974E34CE2493D89700444009 /* PBXContainerItemProxy */ = {
			isa = PBXContainerItemProxy;
			containerPortal = 974E33A12493D89700444009 /* ZeroMQ.xcodeproj */;
			proxyType = 2;
			remoteGlobalIDString = 78CF62B37F9E47649B26B3E6;
			remoteInfo = test_unbind_wildcard;
		};
		974E34D02493D89700444009 /* PBXContainerItemProxy */ = {
			isa = PBXContainerItemProxy;
			containerPortal = 974E33A12493D89700444009 /* ZeroMQ.xcodeproj */;
			proxyType = 2;
			remoteGlobalIDString = 3084BD85B61045238A682FD8;
			remoteInfo = test_use_fd;
		};
		974E34D22493D89700444009 /* PBXContainerItemProxy */ = {
			isa = PBXContainerItemProxy;
			containerPortal = 974E33A12493D89700444009 /* ZeroMQ.xcodeproj */;
			proxyType = 2;
			remoteGlobalIDString = 1834FE3EA13F4951B25EF9ED;
			remoteInfo = test_xpub_manual;
		};
		974E34D42493D89700444009 /* PBXContainerItemProxy */ = {
			isa = PBXContainerItemProxy;
			containerPortal = 974E33A12493D89700444009 /* ZeroMQ.xcodeproj */;
			proxyType = 2;
			remoteGlobalIDString = EEA02B6E7B3145379C4F495F;
			remoteInfo = test_xpub_manual_last_value;
		};
		974E34D62493D89700444009 /* PBXContainerItemProxy */ = {
			isa = PBXContainerItemProxy;
			containerPortal = 974E33A12493D89700444009 /* ZeroMQ.xcodeproj */;
			proxyType = 2;
			remoteGlobalIDString = 25D7ED4036274BD298966468;
			remoteInfo = test_xpub_nodrop;
		};
		974E34D82493D89700444009 /* PBXContainerItemProxy */ = {
			isa = PBXContainerItemProxy;
			containerPortal = 974E33A12493D89700444009 /* ZeroMQ.xcodeproj */;
			proxyType = 2;
			remoteGlobalIDString = B5D87BB1F7284E83AA629F38;
			remoteInfo = test_xpub_verbose;
		};
		974E34DA2493D89700444009 /* PBXContainerItemProxy */ = {
			isa = PBXContainerItemProxy;
			containerPortal = 974E33A12493D89700444009 /* ZeroMQ.xcodeproj */;
			proxyType = 2;
			remoteGlobalIDString = BDE700E3B6D54511839D3CE3;
			remoteInfo = test_xpub_welcome_msg;
		};
		974E34DC2493D89700444009 /* PBXContainerItemProxy */ = {
			isa = PBXContainerItemProxy;
			containerPortal = 974E33A12493D89700444009 /* ZeroMQ.xcodeproj */;
			proxyType = 2;
			remoteGlobalIDString = 1F26E856E57341BA8FF3D74D;
			remoteInfo = test_zmq_poll_fd;
		};
		974E34DE2493D89700444009 /* PBXContainerItemProxy */ = {
			isa = PBXContainerItemProxy;
			containerPortal = 974E33A12493D89700444009 /* ZeroMQ.xcodeproj */;
			proxyType = 2;
			remoteGlobalIDString = 0BFF6ED6FA284F159B3DB1C2;
			remoteInfo = testutil;
		};
		974E34E02493D89700444009 /* PBXContainerItemProxy */ = {
			isa = PBXContainerItemProxy;
			containerPortal = 974E33A12493D89700444009 /* ZeroMQ.xcodeproj */;
			proxyType = 2;
			remoteGlobalIDString = CDC335FFB249443BAC8F4944;
			remoteInfo = "testutil-static";
		};
		974E34E22493D89700444009 /* PBXContainerItemProxy */ = {
			isa = PBXContainerItemProxy;
			containerPortal = 974E33A12493D89700444009 /* ZeroMQ.xcodeproj */;
			proxyType = 2;
			remoteGlobalIDString = 1467ABC6BD2E4E95945DF9DD;
			remoteInfo = unittest_curve_encoding;
		};
		974E34E42493D89700444009 /* PBXContainerItemProxy */ = {
			isa = PBXContainerItemProxy;
			containerPortal = 974E33A12493D89700444009 /* ZeroMQ.xcodeproj */;
			proxyType = 2;
			remoteGlobalIDString = 287AF46DAF3D41FBA34DFA3D;
			remoteInfo = unittest_ip_resolver;
		};
		974E34E62493D89700444009 /* PBXContainerItemProxy */ = {
			isa = PBXContainerItemProxy;
			containerPortal = 974E33A12493D89700444009 /* ZeroMQ.xcodeproj */;
			proxyType = 2;
			remoteGlobalIDString = E1450C83CF8C4FF18589C14A;
			remoteInfo = unittest_mtrie;
		};
		974E34E82493D89700444009 /* PBXContainerItemProxy */ = {
			isa = PBXContainerItemProxy;
			containerPortal = 974E33A12493D89700444009 /* ZeroMQ.xcodeproj */;
			proxyType = 2;
			remoteGlobalIDString = 5C7F92F495564D27B26F879E;
			remoteInfo = unittest_poller;
		};
		974E34EA2493D89700444009 /* PBXContainerItemProxy */ = {
			isa = PBXContainerItemProxy;
			containerPortal = 974E33A12493D89700444009 /* ZeroMQ.xcodeproj */;
			proxyType = 2;
			remoteGlobalIDString = 62307E84E7E44316A5D75506;
			remoteInfo = unittest_radix_tree;
		};
		974E34EC2493D89700444009 /* PBXContainerItemProxy */ = {
			isa = PBXContainerItemProxy;
			containerPortal = 974E33A12493D89700444009 /* ZeroMQ.xcodeproj */;
			proxyType = 2;
			remoteGlobalIDString = CCF3067E2496435698C5F09C;
			remoteInfo = unittest_udp_address;
		};
		974E34EE2493D89700444009 /* PBXContainerItemProxy */ = {
			isa = PBXContainerItemProxy;
			containerPortal = 974E33A12493D89700444009 /* ZeroMQ.xcodeproj */;
			proxyType = 2;
			remoteGlobalIDString = 067CBCF184A94497A444CDAD;
			remoteInfo = unittest_ypipe;
		};
		974E34F02493D89700444009 /* PBXContainerItemProxy */ = {
			isa = PBXContainerItemProxy;
			containerPortal = 974E33A12493D89700444009 /* ZeroMQ.xcodeproj */;
			proxyType = 2;
			remoteGlobalIDString = 67F49B8689D94A19891DAF74;
			remoteInfo = unity;
		};
		974E34F72493D89700444009 /* PBXContainerItemProxy */ = {
			isa = PBXContainerItemProxy;
			containerPortal = 974E34F22493D89700444009 /* sodium.xcodeproj */;
			proxyType = 2;
			remoteGlobalIDString = 9717517124913828005B2CFB;
			remoteInfo = "sodium-static";
		};
		974E34F92493D89700444009 /* PBXContainerItemProxy */ = {
			isa = PBXContainerItemProxy;
			containerPortal = 974E34F22493D89700444009 /* sodium.xcodeproj */;
			proxyType = 2;
			remoteGlobalIDString = 971754F224913D8C005B2CFB;
			remoteInfo = sodium;
		};
		978175BF2513B04D00EFF20F /* PBXContainerItemProxy */ = {
			isa = PBXContainerItemProxy;
			containerPortal = 974E33A12493D89700444009 /* ZeroMQ.xcodeproj */;
			proxyType = 2;
			remoteGlobalIDString = 3EABC5D59AF54208BC6A4139;
			remoteInfo = test_bind_curve_fuzzer;
		};
		978175C12513B04D00EFF20F /* PBXContainerItemProxy */ = {
			isa = PBXContainerItemProxy;
			containerPortal = 974E33A12493D89700444009 /* ZeroMQ.xcodeproj */;
			proxyType = 2;
			remoteGlobalIDString = 5B2F50A78F934E9DB6102D82;
			remoteInfo = test_bind_fuzzer;
		};
		978175C32513B04D00EFF20F /* PBXContainerItemProxy */ = {
			isa = PBXContainerItemProxy;
			containerPortal = 974E33A12493D89700444009 /* ZeroMQ.xcodeproj */;
			proxyType = 2;
			remoteGlobalIDString = 3478641D6FA7427EADEE8EE4;
			remoteInfo = test_bind_null_fuzzer;
		};
		978175C52513B04D00EFF20F /* PBXContainerItemProxy */ = {
			isa = PBXContainerItemProxy;
			containerPortal = 974E33A12493D89700444009 /* ZeroMQ.xcodeproj */;
			proxyType = 2;
			remoteGlobalIDString = 83A14E749905474AB61A1553;
			remoteInfo = test_channel;
		};
		978175C72513B04D00EFF20F /* PBXContainerItemProxy */ = {
			isa = PBXContainerItemProxy;
			containerPortal = 974E33A12493D89700444009 /* ZeroMQ.xcodeproj */;
			proxyType = 2;
			remoteGlobalIDString = FF6F154A10644B5DA5C5A920;
			remoteInfo = test_connect_curve_fuzzer;
		};
		978175C92513B04D00EFF20F /* PBXContainerItemProxy */ = {
			isa = PBXContainerItemProxy;
			containerPortal = 974E33A12493D89700444009 /* ZeroMQ.xcodeproj */;
			proxyType = 2;
			remoteGlobalIDString = 6261465022BA40A3901642F6;
			remoteInfo = test_connect_fuzzer;
		};
		978175CB2513B04D00EFF20F /* PBXContainerItemProxy */ = {
			isa = PBXContainerItemProxy;
			containerPortal = 974E33A12493D89700444009 /* ZeroMQ.xcodeproj */;
			proxyType = 2;
			remoteGlobalIDString = 0839987FD45743B8B09D66AF;
			remoteInfo = test_connect_null_fuzzer;
		};
		978175CD2513B04D00EFF20F /* PBXContainerItemProxy */ = {
			isa = PBXContainerItemProxy;
			containerPortal = 974E33A12493D89700444009 /* ZeroMQ.xcodeproj */;
			proxyType = 2;
			remoteGlobalIDString = 9D583F7A8356467C9FD244A3;
			remoteInfo = test_disconnect_msg;
		};
		978175CF2513B04D00EFF20F /* PBXContainerItemProxy */ = {
			isa = PBXContainerItemProxy;
			containerPortal = 974E33A12493D89700444009 /* ZeroMQ.xcodeproj */;
			proxyType = 2;
			remoteGlobalIDString = D47BAD41BEA64CBEB0B0E8A9;
			remoteInfo = test_hello_msg;
		};
		978175D12513B04D00EFF20F /* PBXContainerItemProxy */ = {
			isa = PBXContainerItemProxy;
			containerPortal = 974E33A12493D89700444009 /* ZeroMQ.xcodeproj */;
			proxyType = 2;
			remoteGlobalIDString = 032F16B44C054FAEB22EB8E6;
			remoteInfo = test_msg_init;
		};
		978175D32513B04D00EFF20F /* PBXContainerItemProxy */ = {
			isa = PBXContainerItemProxy;
			containerPortal = 974E33A12493D89700444009 /* ZeroMQ.xcodeproj */;
			proxyType = 2;
			remoteGlobalIDString = 0DA8452420CE4BEEAC621D73;
			remoteInfo = test_reconnect_options;
		};
		978175D52513B04D00EFF20F /* PBXContainerItemProxy */ = {
			isa = PBXContainerItemProxy;
			containerPortal = 974E33A12493D89700444009 /* ZeroMQ.xcodeproj */;
			proxyType = 2;
			remoteGlobalIDString = 81A6B7B77F14410CB612CBE0;
			remoteInfo = test_socks;
		};
		978175D72513B04D00EFF20F /* PBXContainerItemProxy */ = {
			isa = PBXContainerItemProxy;
			containerPortal = 974E33A12493D89700444009 /* ZeroMQ.xcodeproj */;
			proxyType = 2;
			remoteGlobalIDString = 710668137D334D258982F50F;
			remoteInfo = test_tcp_accept_filter;
		};
		978175D92513B04D00EFF20F /* PBXContainerItemProxy */ = {
			isa = PBXContainerItemProxy;
			containerPortal = 974E33A12493D89700444009 /* ZeroMQ.xcodeproj */;
			proxyType = 2;
			remoteGlobalIDString = 463D355C77C84F71B8985D40;
			remoteInfo = test_ws_transport;
		};
		978175DB2513B04D00EFF20F /* PBXContainerItemProxy */ = {
			isa = PBXContainerItemProxy;
			containerPortal = 974E33A12493D89700444009 /* ZeroMQ.xcodeproj */;
			proxyType = 2;
			remoteGlobalIDString = DD5C7B17C9804EFBA6D1C0B7;
			remoteInfo = test_z85_decode_fuzzer;
		};
/* End PBXContainerItemProxy section */

/* Begin PBXCopyFilesBuildPhase section */
		976FFCAB22BD5708000876BF /* CopyFiles */ = {
			isa = PBXCopyFilesBuildPhase;
			buildActionMask = 12;
			dstPath = "";
			dstSubfolderSpec = 16;
			files = (
				976FFCBC22BD5744000876BF /* agents.txt in CopyFiles */,
				976FFCBD22BD5744000876BF /* features.txt in CopyFiles */,
			);
			runOnlyForDeploymentPostprocessing = 0;
		};
/* End PBXCopyFilesBuildPhase section */

/* Begin PBXFileReference section */
		974E336E2493D83D00444009 /* libczmq.a */ = {isa = PBXFileReference; explicitFileType = archive.ar; path = libczmq.a; sourceTree = BUILT_PRODUCTS_DIR; };
		974E33702493D83D00444009 /* libsodium.a */ = {isa = PBXFileReference; explicitFileType = archive.ar; path = libsodium.a; sourceTree = BUILT_PRODUCTS_DIR; };
		974E33722493D83E00444009 /* libzmq.a */ = {isa = PBXFileReference; explicitFileType = archive.ar; path = libzmq.a; sourceTree = BUILT_PRODUCTS_DIR; };
		974E33742493D86A00444009 /* libczmq.a */ = {isa = PBXFileReference; explicitFileType = archive.ar; path = libczmq.a; sourceTree = BUILT_PRODUCTS_DIR; };
		974E33762493D86A00444009 /* libsodium.a */ = {isa = PBXFileReference; explicitFileType = archive.ar; path = libsodium.a; sourceTree = BUILT_PRODUCTS_DIR; };
		974E33782493D86A00444009 /* libzmq.a */ = {isa = PBXFileReference; explicitFileType = archive.ar; path = libzmq.a; sourceTree = BUILT_PRODUCTS_DIR; };
		974E337A2493D89700444009 /* czmq.xcodeproj */ = {isa = PBXFileReference; lastKnownFileType = "wrapper.pb-project"; name = czmq.xcodeproj; path = "../../../../../third-party/czmq/builds/xcode/czmq.xcodeproj"; sourceTree = "<group>"; };
		974E33A12493D89700444009 /* ZeroMQ.xcodeproj */ = {isa = PBXFileReference; lastKnownFileType = "wrapper.pb-project"; name = ZeroMQ.xcodeproj; path = "../../../../../third-party/libzmq/builds/xcode/ZeroMQ.xcodeproj"; sourceTree = "<group>"; };
		974E34F22493D89700444009 /* sodium.xcodeproj */ = {isa = PBXFileReference; lastKnownFileType = "wrapper.pb-project"; name = sodium.xcodeproj; path = "../../../../../third-party/libsodium/builds/xcode/sodium.xcodeproj"; sourceTree = "<group>"; };
		974E34FE2493D8B000444009 /* libc++.tbd */ = {isa = PBXFileReference; lastKnownFileType = "sourcecode.text-based-dylib-definition"; name = "libc++.tbd"; path = "usr/lib/libc++.tbd"; sourceTree = SDKROOT; };
		976BB2F624A48C29002A6EE5 /* ingelicense.entitlements */ = {isa = PBXFileReference; lastKnownFileType = text.plist.entitlements; path = ingelicense.entitlements; sourceTree = "<group>"; };
		976FFCAD22BD5708000876BF /* ingelicense */ = {isa = PBXFileReference; explicitFileType = "compiled.mach-o.executable"; includeInIndex = 0; path = ingelicense; sourceTree = BUILT_PRODUCTS_DIR; };
		976FFCB822BD5729000876BF /* agents.txt */ = {isa = PBXFileReference; fileEncoding = 4; lastKnownFileType = text; path = agents.txt; sourceTree = "<group>"; };
		976FFCB922BD5729000876BF /* features.txt */ = {isa = PBXFileReference; fileEncoding = 4; lastKnownFileType = text; path = features.txt; sourceTree = "<group>"; };
		976FFCBA22BD5729000876BF /* main.c */ = {isa = PBXFileReference; fileEncoding = 4; lastKnownFileType = sourcecode.c.c; path = main.c; sourceTree = "<group>"; };
		976FFCBF22BD5783000876BF /* libsodium.23.dylib */ = {isa = PBXFileReference; lastKnownFileType = "compiled.mach-o.dylib"; name = libsodium.23.dylib; path = ../../../../../../../../../../usr/local/Cellar/libsodium/1.0.17/lib/libsodium.23.dylib; sourceTree = "<group>"; };
		976FFCC022BD5783000876BF /* libczmq.4.dylib */ = {isa = PBXFileReference; lastKnownFileType = "compiled.mach-o.dylib"; name = libczmq.4.dylib; path = ../../../../../../../../../../usr/local/Cellar/czmq/4.2.0/lib/libczmq.4.dylib; sourceTree = "<group>"; };
/* End PBXFileReference section */

/* Begin PBXFrameworksBuildPhase section */
		976FFCAA22BD5708000876BF /* Frameworks */ = {
			isa = PBXFrameworksBuildPhase;
			buildActionMask = 2147483647;
			files = (
				974E34FF2493D8B000444009 /* libc++.tbd in Frameworks */,
				974E34FB2493D8A300444009 /* libczmq.a in Frameworks */,
				974E34FC2493D8A300444009 /* libsodium.a in Frameworks */,
				974E34FD2493D8A300444009 /* libzmq.a in Frameworks */,
			);
			runOnlyForDeploymentPostprocessing = 0;
		};
/* End PBXFrameworksBuildPhase section */

/* Begin PBXGroup section */
		974E337B2493D89700444009 /* Products */ = {
			isa = PBXGroup;
			children = (
				974E33942493D89700444009 /* libczmq.4.2.1.dylib */,
				974E33962493D89700444009 /* libczmq.a */,
				974E33982493D89700444009 /* libczmq_objects.a */,
				974E339A2493D89700444009 /* czmq_selftest */,
				974E339C2493D89700444009 /* test_randof */,
				974E339E2493D89700444009 /* zmakecert */,
				974E33A02493D89700444009 /* zsp */,
			);
			name = Products;
			sourceTree = "<group>";
		};
		974E33A22493D89700444009 /* Products */ = {
			isa = PBXGroup;
			children = (
				974E34192493D89700444009 /* libzmq.5.2.4.dylib */,
				974E341B2493D89700444009 /* libzmq.a */,
				974E341D2493D89700444009 /* libobjects.a */,
				974E341F2493D89700444009 /* test_ancillaries */,
				974E34212493D89700444009 /* test_app_meta */,
				974E34232493D89700444009 /* test_atomics */,
				974E34252493D89700444009 /* test_base85 */,
				974E34272493D89700444009 /* test_bind_after_connect_tcp */,
				978175C02513B04D00EFF20F /* test_bind_curve_fuzzer */,
				978175C22513B04D00EFF20F /* test_bind_fuzzer */,
				978175C42513B04D00EFF20F /* test_bind_null_fuzzer */,
				974E34292493D89700444009 /* test_bind_src_address */,
				974E342B2493D89700444009 /* test_capabilities */,
				978175C62513B04D00EFF20F /* test_channel */,
				974E342D2493D89700444009 /* test_client_server */,
				974E342F2493D89700444009 /* test_conflate */,
				978175C82513B04D00EFF20F /* test_connect_curve_fuzzer */,
				978175CA2513B04D00EFF20F /* test_connect_fuzzer */,
				978175CC2513B04D00EFF20F /* test_connect_null_fuzzer */,
				974E34312493D89700444009 /* test_connect_resolve */,
				974E34332493D89700444009 /* test_connect_rid */,
				974E34352493D89700444009 /* test_ctx_destroy */,
				974E34372493D89700444009 /* test_ctx_options */,
				974E34392493D89700444009 /* test_dgram */,
				974E343B2493D89700444009 /* test_diffserv */,
				974E343D2493D89700444009 /* test_disconnect_inproc */,
				978175CE2513B04D00EFF20F /* test_disconnect_msg */,
				974E343F2493D89700444009 /* test_filter_ipc */,
				974E34412493D89700444009 /* test_fork */,
				974E34432493D89700444009 /* test_getsockopt_memset */,
				974E34452493D89700444009 /* test_heartbeats */,
				978175D02513B04D00EFF20F /* test_hello_msg */,
				974E34472493D89700444009 /* test_hwm */,
				974E34492493D89700444009 /* test_hwm_pubsub */,
				974E344B2493D89700444009 /* test_immediate */,
				974E344D2493D89700444009 /* test_inproc_connect */,
				974E344F2493D89700444009 /* test_invalid_rep */,
				974E34512493D89700444009 /* test_iov */,
				974E34532493D89700444009 /* test_ipc_wildcard */,
				974E34552493D89700444009 /* test_issue_566 */,
				974E34572493D89700444009 /* test_last_endpoint */,
				974E34592493D89700444009 /* test_many_sockets */,
				974E345B2493D89700444009 /* test_metadata */,
				974E345D2493D89700444009 /* test_mock_pub_sub */,
				974E345F2493D89700444009 /* test_monitor */,
				974E34612493D89700444009 /* test_msg_ffn */,
				974E34632493D89700444009 /* test_msg_flags */,
				978175D22513B04D00EFF20F /* test_msg_init */,
				974E34652493D89700444009 /* test_pair_inproc */,
				974E34672493D89700444009 /* test_pair_ipc */,
				974E34692493D89700444009 /* test_pair_tcp */,
				974E346B2493D89700444009 /* test_peer */,
				974E346D2493D89700444009 /* test_poller */,
				974E346F2493D89700444009 /* test_probe_router */,
				974E34712493D89700444009 /* test_proxy */,
				974E34732493D89700444009 /* test_proxy_hwm */,
				974E34752493D89700444009 /* test_proxy_single_socket */,
				974E34772493D89700444009 /* test_proxy_terminate */,
				974E34792493D89700444009 /* test_pub_invert_matching */,
				974E347B2493D89700444009 /* test_radio_dish */,
				974E347D2493D89700444009 /* test_rebind_ipc */,
				974E347F2493D89700444009 /* test_reconnect_ivl */,
				978175D42513B04D00EFF20F /* test_reconnect_options */,
				974E34812493D89700444009 /* test_req_correlate */,
				974E34832493D89700444009 /* test_req_relaxed */,
				974E34852493D89700444009 /* test_reqrep_device */,
				974E34872493D89700444009 /* test_reqrep_inproc */,
				974E34892493D89700444009 /* test_reqrep_ipc */,
				974E348B2493D89700444009 /* test_reqrep_tcp */,
				974E348D2493D89700444009 /* test_router_handover */,
				974E348F2493D89700444009 /* test_router_mandatory */,
				974E34912493D89700444009 /* test_router_mandatory_hwm */,
				974E34932493D89700444009 /* test_router_notify */,
				974E34952493D89700444009 /* test_scatter_gather */,
				974E34972493D89700444009 /* test_security_curve */,
				974E34992493D89700444009 /* test_security_gssapi */,
				974E349B2493D89700444009 /* test_security_no_zap_handler */,
				974E349D2493D89700444009 /* test_security_null */,
				974E349F2493D89700444009 /* test_security_plain */,
				974E34A12493D89700444009 /* test_security_zap */,
				974E34A32493D89700444009 /* test_setsockopt */,
				974E34A52493D89700444009 /* test_shutdown_stress */,
				974E34A72493D89700444009 /* test_socket_null */,
				974E34A92493D89700444009 /* test_sockopt_hwm */,
				978175D62513B04D00EFF20F /* test_socks */,
				974E34AB2493D89700444009 /* test_sodium */,
				974E34AD2493D89700444009 /* test_spec_dealer */,
				974E34AF2493D89700444009 /* test_spec_pushpull */,
				974E34B12493D89700444009 /* test_spec_rep */,
				974E34B32493D89700444009 /* test_spec_req */,
				974E34B52493D89700444009 /* test_spec_router */,
				974E34B72493D89700444009 /* test_srcfd */,
				974E34B92493D89700444009 /* test_stream */,
				974E34BB2493D89700444009 /* test_stream_disconnect */,
				974E34BD2493D89700444009 /* test_stream_empty */,
				974E34BF2493D89700444009 /* test_stream_exceeds_buffer */,
				974E34C12493D89700444009 /* test_stream_timeout */,
				974E34C32493D89700444009 /* test_sub_forward */,
				974E34C52493D89700444009 /* test_system */,
				978175D82513B04D00EFF20F /* test_tcp_accept_filter */,
				974E34C72493D89700444009 /* test_term_endpoint */,
				974E34C92493D89700444009 /* test_thread_safe */,
				974E34CB2493D89700444009 /* test_timeo */,
				974E34CD2493D89700444009 /* test_timers */,
				974E34CF2493D89700444009 /* test_unbind_wildcard */,
				974E34D12493D89700444009 /* test_use_fd */,
				978175DA2513B04D00EFF20F /* test_ws_transport */,
				974E34D32493D89700444009 /* test_xpub_manual */,
				974E34D52493D89700444009 /* test_xpub_manual_last_value */,
				974E34D72493D89700444009 /* test_xpub_nodrop */,
				974E34D92493D89700444009 /* test_xpub_verbose */,
				974E34DB2493D89700444009 /* test_xpub_welcome_msg */,
				978175DC2513B04D00EFF20F /* test_z85_decode_fuzzer */,
				974E34DD2493D89700444009 /* test_zmq_poll_fd */,
				974E34DF2493D89700444009 /* libtestutil.a */,
				974E34E12493D89700444009 /* libtestutil-static.a */,
				974E34E32493D89700444009 /* unittest_curve_encoding */,
				974E34E52493D89700444009 /* unittest_ip_resolver */,
				974E34E72493D89700444009 /* unittest_mtrie */,
				974E34E92493D89700444009 /* unittest_poller */,
				974E34EB2493D89700444009 /* unittest_radix_tree */,
				974E34ED2493D89700444009 /* unittest_udp_address */,
				974E34EF2493D89700444009 /* unittest_ypipe */,
				974E34F12493D89700444009 /* libunity.a */,
			);
			name = Products;
			sourceTree = "<group>";
		};
		974E34F32493D89700444009 /* Products */ = {
			isa = PBXGroup;
			children = (
				974E34F82493D89700444009 /* libsodium.a */,
				974E34FA2493D89700444009 /* libsodium.dylib */,
			);
			name = Products;
			sourceTree = "<group>";
		};
		976FFCA422BD5708000876BF = {
			isa = PBXGroup;
			children = (
				976BB2F624A48C29002A6EE5 /* ingelicense.entitlements */,
				974E34F22493D89700444009 /* sodium.xcodeproj */,
				974E33A12493D89700444009 /* ZeroMQ.xcodeproj */,
				974E337A2493D89700444009 /* czmq.xcodeproj */,
				976FFCB722BD5729000876BF /* src */,
				976FFCAE22BD5708000876BF /* Products */,
				976FFCBE22BD5782000876BF /* Frameworks */,
			);
			sourceTree = "<group>";
		};
		976FFCAE22BD5708000876BF /* Products */ = {
			isa = PBXGroup;
			children = (
				976FFCAD22BD5708000876BF /* ingelicense */,
			);
			name = Products;
			sourceTree = "<group>";
		};
		976FFCB722BD5729000876BF /* src */ = {
			isa = PBXGroup;
			children = (
				976FFCB822BD5729000876BF /* agents.txt */,
				976FFCB922BD5729000876BF /* features.txt */,
				976FFCBA22BD5729000876BF /* main.c */,
			);
			name = src;
			path = ../../src;
			sourceTree = "<group>";
		};
		976FFCBE22BD5782000876BF /* Frameworks */ = {
			isa = PBXGroup;
			children = (
				974E34FE2493D8B000444009 /* libc++.tbd */,
				974E33742493D86A00444009 /* libczmq.a */,
				974E33762493D86A00444009 /* libsodium.a */,
				974E33782493D86A00444009 /* libzmq.a */,
				974E336E2493D83D00444009 /* libczmq.a */,
				974E33702493D83D00444009 /* libsodium.a */,
				974E33722493D83E00444009 /* libzmq.a */,
				976FFCC022BD5783000876BF /* libczmq.4.dylib */,
				976FFCBF22BD5783000876BF /* libsodium.23.dylib */,
			);
			name = Frameworks;
			sourceTree = "<group>";
		};
/* End PBXGroup section */

/* Begin PBXNativeTarget section */
		976FFCAC22BD5708000876BF /* ingelicense */ = {
			isa = PBXNativeTarget;
			buildConfigurationList = 976FFCB422BD5708000876BF /* Build configuration list for PBXNativeTarget "ingelicense" */;
			buildPhases = (
				976FFCA922BD5708000876BF /* Sources */,
				976FFCAA22BD5708000876BF /* Frameworks */,
				976FFCAB22BD5708000876BF /* CopyFiles */,
			);
			buildRules = (
			);
			dependencies = (
			);
			name = ingelicense;
			productName = ingelicense;
			productReference = 976FFCAD22BD5708000876BF /* ingelicense */;
			productType = "com.apple.product-type.tool";
		};
/* End PBXNativeTarget section */

/* Begin PBXProject section */
		976FFCA522BD5708000876BF /* Project object */ = {
			isa = PBXProject;
			attributes = {
				LastUpgradeCheck = 1200;
				ORGANIZATIONNAME = "Ingenuity i/o";
				TargetAttributes = {
					976FFCAC22BD5708000876BF = {
						CreatedOnToolsVersion = 10.2.1;
					};
				};
			};
			buildConfigurationList = 976FFCA822BD5708000876BF /* Build configuration list for PBXProject "ingelicense" */;
			compatibilityVersion = "Xcode 9.3";
			developmentRegion = en;
			hasScannedForEncodings = 0;
			knownRegions = (
				en,
				Base,
			);
			mainGroup = 976FFCA422BD5708000876BF;
			productRefGroup = 976FFCAE22BD5708000876BF /* Products */;
			projectDirPath = "";
			projectReferences = (
				{
					ProductGroup = 974E337B2493D89700444009 /* Products */;
					ProjectRef = 974E337A2493D89700444009 /* czmq.xcodeproj */;
				},
				{
					ProductGroup = 974E34F32493D89700444009 /* Products */;
					ProjectRef = 974E34F22493D89700444009 /* sodium.xcodeproj */;
				},
				{
					ProductGroup = 974E33A22493D89700444009 /* Products */;
					ProjectRef = 974E33A12493D89700444009 /* ZeroMQ.xcodeproj */;
				},
			);
			projectRoot = "";
			targets = (
				976FFCAC22BD5708000876BF /* ingelicense */,
			);
		};
/* End PBXProject section */

/* Begin PBXReferenceProxy section */
		974E33942493D89700444009 /* libczmq.4.2.1.dylib */ = {
			isa = PBXReferenceProxy;
			fileType = "compiled.mach-o.dylib";
			path = libczmq.4.2.1.dylib;
			remoteRef = 974E33932493D89700444009 /* PBXContainerItemProxy */;
			sourceTree = BUILT_PRODUCTS_DIR;
		};
		974E33962493D89700444009 /* libczmq.a */ = {
			isa = PBXReferenceProxy;
			fileType = archive.ar;
			path = libczmq.a;
			remoteRef = 974E33952493D89700444009 /* PBXContainerItemProxy */;
			sourceTree = BUILT_PRODUCTS_DIR;
		};
		974E33982493D89700444009 /* libczmq_objects.a */ = {
			isa = PBXReferenceProxy;
			fileType = archive.ar;
			path = libczmq_objects.a;
			remoteRef = 974E33972493D89700444009 /* PBXContainerItemProxy */;
			sourceTree = BUILT_PRODUCTS_DIR;
		};
		974E339A2493D89700444009 /* czmq_selftest */ = {
			isa = PBXReferenceProxy;
			fileType = "compiled.mach-o.executable";
			path = czmq_selftest;
			remoteRef = 974E33992493D89700444009 /* PBXContainerItemProxy */;
			sourceTree = BUILT_PRODUCTS_DIR;
		};
		974E339C2493D89700444009 /* test_randof */ = {
			isa = PBXReferenceProxy;
			fileType = "compiled.mach-o.executable";
			path = test_randof;
			remoteRef = 974E339B2493D89700444009 /* PBXContainerItemProxy */;
			sourceTree = BUILT_PRODUCTS_DIR;
		};
		974E339E2493D89700444009 /* zmakecert */ = {
			isa = PBXReferenceProxy;
			fileType = "compiled.mach-o.executable";
			path = zmakecert;
			remoteRef = 974E339D2493D89700444009 /* PBXContainerItemProxy */;
			sourceTree = BUILT_PRODUCTS_DIR;
		};
		974E33A02493D89700444009 /* zsp */ = {
			isa = PBXReferenceProxy;
			fileType = "compiled.mach-o.executable";
			path = zsp;
			remoteRef = 974E339F2493D89700444009 /* PBXContainerItemProxy */;
			sourceTree = BUILT_PRODUCTS_DIR;
		};
		974E34192493D89700444009 /* libzmq.5.2.4.dylib */ = {
			isa = PBXReferenceProxy;
			fileType = "compiled.mach-o.dylib";
			path = libzmq.5.2.4.dylib;
			remoteRef = 974E34182493D89700444009 /* PBXContainerItemProxy */;
			sourceTree = BUILT_PRODUCTS_DIR;
		};
		974E341B2493D89700444009 /* libzmq.a */ = {
			isa = PBXReferenceProxy;
			fileType = archive.ar;
			path = libzmq.a;
			remoteRef = 974E341A2493D89700444009 /* PBXContainerItemProxy */;
			sourceTree = BUILT_PRODUCTS_DIR;
		};
		974E341D2493D89700444009 /* libobjects.a */ = {
			isa = PBXReferenceProxy;
			fileType = archive.ar;
			path = libobjects.a;
			remoteRef = 974E341C2493D89700444009 /* PBXContainerItemProxy */;
			sourceTree = BUILT_PRODUCTS_DIR;
		};
		974E341F2493D89700444009 /* test_ancillaries */ = {
			isa = PBXReferenceProxy;
			fileType = "compiled.mach-o.executable";
			path = test_ancillaries;
			remoteRef = 974E341E2493D89700444009 /* PBXContainerItemProxy */;
			sourceTree = BUILT_PRODUCTS_DIR;
		};
		974E34212493D89700444009 /* test_app_meta */ = {
			isa = PBXReferenceProxy;
			fileType = "compiled.mach-o.executable";
			path = test_app_meta;
			remoteRef = 974E34202493D89700444009 /* PBXContainerItemProxy */;
			sourceTree = BUILT_PRODUCTS_DIR;
		};
		974E34232493D89700444009 /* test_atomics */ = {
			isa = PBXReferenceProxy;
			fileType = "compiled.mach-o.executable";
			path = test_atomics;
			remoteRef = 974E34222493D89700444009 /* PBXContainerItemProxy */;
			sourceTree = BUILT_PRODUCTS_DIR;
		};
		974E34252493D89700444009 /* test_base85 */ = {
			isa = PBXReferenceProxy;
			fileType = "compiled.mach-o.executable";
			path = test_base85;
			remoteRef = 974E34242493D89700444009 /* PBXContainerItemProxy */;
			sourceTree = BUILT_PRODUCTS_DIR;
		};
		974E34272493D89700444009 /* test_bind_after_connect_tcp */ = {
			isa = PBXReferenceProxy;
			fileType = "compiled.mach-o.executable";
			path = test_bind_after_connect_tcp;
			remoteRef = 974E34262493D89700444009 /* PBXContainerItemProxy */;
			sourceTree = BUILT_PRODUCTS_DIR;
		};
		974E34292493D89700444009 /* test_bind_src_address */ = {
			isa = PBXReferenceProxy;
			fileType = "compiled.mach-o.executable";
			path = test_bind_src_address;
			remoteRef = 974E34282493D89700444009 /* PBXContainerItemProxy */;
			sourceTree = BUILT_PRODUCTS_DIR;
		};
		974E342B2493D89700444009 /* test_capabilities */ = {
			isa = PBXReferenceProxy;
			fileType = "compiled.mach-o.executable";
			path = test_capabilities;
			remoteRef = 974E342A2493D89700444009 /* PBXContainerItemProxy */;
			sourceTree = BUILT_PRODUCTS_DIR;
		};
		974E342D2493D89700444009 /* test_client_server */ = {
			isa = PBXReferenceProxy;
			fileType = "compiled.mach-o.executable";
			path = test_client_server;
			remoteRef = 974E342C2493D89700444009 /* PBXContainerItemProxy */;
			sourceTree = BUILT_PRODUCTS_DIR;
		};
		974E342F2493D89700444009 /* test_conflate */ = {
			isa = PBXReferenceProxy;
			fileType = "compiled.mach-o.executable";
			path = test_conflate;
			remoteRef = 974E342E2493D89700444009 /* PBXContainerItemProxy */;
			sourceTree = BUILT_PRODUCTS_DIR;
		};
		974E34312493D89700444009 /* test_connect_resolve */ = {
			isa = PBXReferenceProxy;
			fileType = "compiled.mach-o.executable";
			path = test_connect_resolve;
			remoteRef = 974E34302493D89700444009 /* PBXContainerItemProxy */;
			sourceTree = BUILT_PRODUCTS_DIR;
		};
		974E34332493D89700444009 /* test_connect_rid */ = {
			isa = PBXReferenceProxy;
			fileType = "compiled.mach-o.executable";
			path = test_connect_rid;
			remoteRef = 974E34322493D89700444009 /* PBXContainerItemProxy */;
			sourceTree = BUILT_PRODUCTS_DIR;
		};
		974E34352493D89700444009 /* test_ctx_destroy */ = {
			isa = PBXReferenceProxy;
			fileType = "compiled.mach-o.executable";
			path = test_ctx_destroy;
			remoteRef = 974E34342493D89700444009 /* PBXContainerItemProxy */;
			sourceTree = BUILT_PRODUCTS_DIR;
		};
		974E34372493D89700444009 /* test_ctx_options */ = {
			isa = PBXReferenceProxy;
			fileType = "compiled.mach-o.executable";
			path = test_ctx_options;
			remoteRef = 974E34362493D89700444009 /* PBXContainerItemProxy */;
			sourceTree = BUILT_PRODUCTS_DIR;
		};
		974E34392493D89700444009 /* test_dgram */ = {
			isa = PBXReferenceProxy;
			fileType = "compiled.mach-o.executable";
			path = test_dgram;
			remoteRef = 974E34382493D89700444009 /* PBXContainerItemProxy */;
			sourceTree = BUILT_PRODUCTS_DIR;
		};
		974E343B2493D89700444009 /* test_diffserv */ = {
			isa = PBXReferenceProxy;
			fileType = "compiled.mach-o.executable";
			path = test_diffserv;
			remoteRef = 974E343A2493D89700444009 /* PBXContainerItemProxy */;
			sourceTree = BUILT_PRODUCTS_DIR;
		};
		974E343D2493D89700444009 /* test_disconnect_inproc */ = {
			isa = PBXReferenceProxy;
			fileType = "compiled.mach-o.executable";
			path = test_disconnect_inproc;
			remoteRef = 974E343C2493D89700444009 /* PBXContainerItemProxy */;
			sourceTree = BUILT_PRODUCTS_DIR;
		};
		974E343F2493D89700444009 /* test_filter_ipc */ = {
			isa = PBXReferenceProxy;
			fileType = "compiled.mach-o.executable";
			path = test_filter_ipc;
			remoteRef = 974E343E2493D89700444009 /* PBXContainerItemProxy */;
			sourceTree = BUILT_PRODUCTS_DIR;
		};
		974E34412493D89700444009 /* test_fork */ = {
			isa = PBXReferenceProxy;
			fileType = "compiled.mach-o.executable";
			path = test_fork;
			remoteRef = 974E34402493D89700444009 /* PBXContainerItemProxy */;
			sourceTree = BUILT_PRODUCTS_DIR;
		};
		974E34432493D89700444009 /* test_getsockopt_memset */ = {
			isa = PBXReferenceProxy;
			fileType = "compiled.mach-o.executable";
			path = test_getsockopt_memset;
			remoteRef = 974E34422493D89700444009 /* PBXContainerItemProxy */;
			sourceTree = BUILT_PRODUCTS_DIR;
		};
		974E34452493D89700444009 /* test_heartbeats */ = {
			isa = PBXReferenceProxy;
			fileType = "compiled.mach-o.executable";
			path = test_heartbeats;
			remoteRef = 974E34442493D89700444009 /* PBXContainerItemProxy */;
			sourceTree = BUILT_PRODUCTS_DIR;
		};
		974E34472493D89700444009 /* test_hwm */ = {
			isa = PBXReferenceProxy;
			fileType = "compiled.mach-o.executable";
			path = test_hwm;
			remoteRef = 974E34462493D89700444009 /* PBXContainerItemProxy */;
			sourceTree = BUILT_PRODUCTS_DIR;
		};
		974E34492493D89700444009 /* test_hwm_pubsub */ = {
			isa = PBXReferenceProxy;
			fileType = "compiled.mach-o.executable";
			path = test_hwm_pubsub;
			remoteRef = 974E34482493D89700444009 /* PBXContainerItemProxy */;
			sourceTree = BUILT_PRODUCTS_DIR;
		};
		974E344B2493D89700444009 /* test_immediate */ = {
			isa = PBXReferenceProxy;
			fileType = "compiled.mach-o.executable";
			path = test_immediate;
			remoteRef = 974E344A2493D89700444009 /* PBXContainerItemProxy */;
			sourceTree = BUILT_PRODUCTS_DIR;
		};
		974E344D2493D89700444009 /* test_inproc_connect */ = {
			isa = PBXReferenceProxy;
			fileType = "compiled.mach-o.executable";
			path = test_inproc_connect;
			remoteRef = 974E344C2493D89700444009 /* PBXContainerItemProxy */;
			sourceTree = BUILT_PRODUCTS_DIR;
		};
		974E344F2493D89700444009 /* test_invalid_rep */ = {
			isa = PBXReferenceProxy;
			fileType = "compiled.mach-o.executable";
			path = test_invalid_rep;
			remoteRef = 974E344E2493D89700444009 /* PBXContainerItemProxy */;
			sourceTree = BUILT_PRODUCTS_DIR;
		};
		974E34512493D89700444009 /* test_iov */ = {
			isa = PBXReferenceProxy;
			fileType = "compiled.mach-o.executable";
			path = test_iov;
			remoteRef = 974E34502493D89700444009 /* PBXContainerItemProxy */;
			sourceTree = BUILT_PRODUCTS_DIR;
		};
		974E34532493D89700444009 /* test_ipc_wildcard */ = {
			isa = PBXReferenceProxy;
			fileType = "compiled.mach-o.executable";
			path = test_ipc_wildcard;
			remoteRef = 974E34522493D89700444009 /* PBXContainerItemProxy */;
			sourceTree = BUILT_PRODUCTS_DIR;
		};
		974E34552493D89700444009 /* test_issue_566 */ = {
			isa = PBXReferenceProxy;
			fileType = "compiled.mach-o.executable";
			path = test_issue_566;
			remoteRef = 974E34542493D89700444009 /* PBXContainerItemProxy */;
			sourceTree = BUILT_PRODUCTS_DIR;
		};
		974E34572493D89700444009 /* test_last_endpoint */ = {
			isa = PBXReferenceProxy;
			fileType = "compiled.mach-o.executable";
			path = test_last_endpoint;
			remoteRef = 974E34562493D89700444009 /* PBXContainerItemProxy */;
			sourceTree = BUILT_PRODUCTS_DIR;
		};
		974E34592493D89700444009 /* test_many_sockets */ = {
			isa = PBXReferenceProxy;
			fileType = "compiled.mach-o.executable";
			path = test_many_sockets;
			remoteRef = 974E34582493D89700444009 /* PBXContainerItemProxy */;
			sourceTree = BUILT_PRODUCTS_DIR;
		};
		974E345B2493D89700444009 /* test_metadata */ = {
			isa = PBXReferenceProxy;
			fileType = "compiled.mach-o.executable";
			path = test_metadata;
			remoteRef = 974E345A2493D89700444009 /* PBXContainerItemProxy */;
			sourceTree = BUILT_PRODUCTS_DIR;
		};
		974E345D2493D89700444009 /* test_mock_pub_sub */ = {
			isa = PBXReferenceProxy;
			fileType = "compiled.mach-o.executable";
			path = test_mock_pub_sub;
			remoteRef = 974E345C2493D89700444009 /* PBXContainerItemProxy */;
			sourceTree = BUILT_PRODUCTS_DIR;
		};
		974E345F2493D89700444009 /* test_monitor */ = {
			isa = PBXReferenceProxy;
			fileType = "compiled.mach-o.executable";
			path = test_monitor;
			remoteRef = 974E345E2493D89700444009 /* PBXContainerItemProxy */;
			sourceTree = BUILT_PRODUCTS_DIR;
		};
		974E34612493D89700444009 /* test_msg_ffn */ = {
			isa = PBXReferenceProxy;
			fileType = "compiled.mach-o.executable";
			path = test_msg_ffn;
			remoteRef = 974E34602493D89700444009 /* PBXContainerItemProxy */;
			sourceTree = BUILT_PRODUCTS_DIR;
		};
		974E34632493D89700444009 /* test_msg_flags */ = {
			isa = PBXReferenceProxy;
			fileType = "compiled.mach-o.executable";
			path = test_msg_flags;
			remoteRef = 974E34622493D89700444009 /* PBXContainerItemProxy */;
			sourceTree = BUILT_PRODUCTS_DIR;
		};
		974E34652493D89700444009 /* test_pair_inproc */ = {
			isa = PBXReferenceProxy;
			fileType = "compiled.mach-o.executable";
			path = test_pair_inproc;
			remoteRef = 974E34642493D89700444009 /* PBXContainerItemProxy */;
			sourceTree = BUILT_PRODUCTS_DIR;
		};
		974E34672493D89700444009 /* test_pair_ipc */ = {
			isa = PBXReferenceProxy;
			fileType = "compiled.mach-o.executable";
			path = test_pair_ipc;
			remoteRef = 974E34662493D89700444009 /* PBXContainerItemProxy */;
			sourceTree = BUILT_PRODUCTS_DIR;
		};
		974E34692493D89700444009 /* test_pair_tcp */ = {
			isa = PBXReferenceProxy;
			fileType = "compiled.mach-o.executable";
			path = test_pair_tcp;
			remoteRef = 974E34682493D89700444009 /* PBXContainerItemProxy */;
			sourceTree = BUILT_PRODUCTS_DIR;
		};
		974E346B2493D89700444009 /* test_peer */ = {
			isa = PBXReferenceProxy;
			fileType = "compiled.mach-o.executable";
			path = test_peer;
			remoteRef = 974E346A2493D89700444009 /* PBXContainerItemProxy */;
			sourceTree = BUILT_PRODUCTS_DIR;
		};
		974E346D2493D89700444009 /* test_poller */ = {
			isa = PBXReferenceProxy;
			fileType = "compiled.mach-o.executable";
			path = test_poller;
			remoteRef = 974E346C2493D89700444009 /* PBXContainerItemProxy */;
			sourceTree = BUILT_PRODUCTS_DIR;
		};
		974E346F2493D89700444009 /* test_probe_router */ = {
			isa = PBXReferenceProxy;
			fileType = "compiled.mach-o.executable";
			path = test_probe_router;
			remoteRef = 974E346E2493D89700444009 /* PBXContainerItemProxy */;
			sourceTree = BUILT_PRODUCTS_DIR;
		};
		974E34712493D89700444009 /* test_proxy */ = {
			isa = PBXReferenceProxy;
			fileType = "compiled.mach-o.executable";
			path = test_proxy;
			remoteRef = 974E34702493D89700444009 /* PBXContainerItemProxy */;
			sourceTree = BUILT_PRODUCTS_DIR;
		};
		974E34732493D89700444009 /* test_proxy_hwm */ = {
			isa = PBXReferenceProxy;
			fileType = "compiled.mach-o.executable";
			path = test_proxy_hwm;
			remoteRef = 974E34722493D89700444009 /* PBXContainerItemProxy */;
			sourceTree = BUILT_PRODUCTS_DIR;
		};
		974E34752493D89700444009 /* test_proxy_single_socket */ = {
			isa = PBXReferenceProxy;
			fileType = "compiled.mach-o.executable";
			path = test_proxy_single_socket;
			remoteRef = 974E34742493D89700444009 /* PBXContainerItemProxy */;
			sourceTree = BUILT_PRODUCTS_DIR;
		};
		974E34772493D89700444009 /* test_proxy_terminate */ = {
			isa = PBXReferenceProxy;
			fileType = "compiled.mach-o.executable";
			path = test_proxy_terminate;
			remoteRef = 974E34762493D89700444009 /* PBXContainerItemProxy */;
			sourceTree = BUILT_PRODUCTS_DIR;
		};
		974E34792493D89700444009 /* test_pub_invert_matching */ = {
			isa = PBXReferenceProxy;
			fileType = "compiled.mach-o.executable";
			path = test_pub_invert_matching;
			remoteRef = 974E34782493D89700444009 /* PBXContainerItemProxy */;
			sourceTree = BUILT_PRODUCTS_DIR;
		};
		974E347B2493D89700444009 /* test_radio_dish */ = {
			isa = PBXReferenceProxy;
			fileType = "compiled.mach-o.executable";
			path = test_radio_dish;
			remoteRef = 974E347A2493D89700444009 /* PBXContainerItemProxy */;
			sourceTree = BUILT_PRODUCTS_DIR;
		};
		974E347D2493D89700444009 /* test_rebind_ipc */ = {
			isa = PBXReferenceProxy;
			fileType = "compiled.mach-o.executable";
			path = test_rebind_ipc;
			remoteRef = 974E347C2493D89700444009 /* PBXContainerItemProxy */;
			sourceTree = BUILT_PRODUCTS_DIR;
		};
		974E347F2493D89700444009 /* test_reconnect_ivl */ = {
			isa = PBXReferenceProxy;
			fileType = "compiled.mach-o.executable";
			path = test_reconnect_ivl;
			remoteRef = 974E347E2493D89700444009 /* PBXContainerItemProxy */;
			sourceTree = BUILT_PRODUCTS_DIR;
		};
		974E34812493D89700444009 /* test_req_correlate */ = {
			isa = PBXReferenceProxy;
			fileType = "compiled.mach-o.executable";
			path = test_req_correlate;
			remoteRef = 974E34802493D89700444009 /* PBXContainerItemProxy */;
			sourceTree = BUILT_PRODUCTS_DIR;
		};
		974E34832493D89700444009 /* test_req_relaxed */ = {
			isa = PBXReferenceProxy;
			fileType = "compiled.mach-o.executable";
			path = test_req_relaxed;
			remoteRef = 974E34822493D89700444009 /* PBXContainerItemProxy */;
			sourceTree = BUILT_PRODUCTS_DIR;
		};
		974E34852493D89700444009 /* test_reqrep_device */ = {
			isa = PBXReferenceProxy;
			fileType = "compiled.mach-o.executable";
			path = test_reqrep_device;
			remoteRef = 974E34842493D89700444009 /* PBXContainerItemProxy */;
			sourceTree = BUILT_PRODUCTS_DIR;
		};
		974E34872493D89700444009 /* test_reqrep_inproc */ = {
			isa = PBXReferenceProxy;
			fileType = "compiled.mach-o.executable";
			path = test_reqrep_inproc;
			remoteRef = 974E34862493D89700444009 /* PBXContainerItemProxy */;
			sourceTree = BUILT_PRODUCTS_DIR;
		};
		974E34892493D89700444009 /* test_reqrep_ipc */ = {
			isa = PBXReferenceProxy;
			fileType = "compiled.mach-o.executable";
			path = test_reqrep_ipc;
			remoteRef = 974E34882493D89700444009 /* PBXContainerItemProxy */;
			sourceTree = BUILT_PRODUCTS_DIR;
		};
		974E348B2493D89700444009 /* test_reqrep_tcp */ = {
			isa = PBXReferenceProxy;
			fileType = "compiled.mach-o.executable";
			path = test_reqrep_tcp;
			remoteRef = 974E348A2493D89700444009 /* PBXContainerItemProxy */;
			sourceTree = BUILT_PRODUCTS_DIR;
		};
		974E348D2493D89700444009 /* test_router_handover */ = {
			isa = PBXReferenceProxy;
			fileType = "compiled.mach-o.executable";
			path = test_router_handover;
			remoteRef = 974E348C2493D89700444009 /* PBXContainerItemProxy */;
			sourceTree = BUILT_PRODUCTS_DIR;
		};
		974E348F2493D89700444009 /* test_router_mandatory */ = {
			isa = PBXReferenceProxy;
			fileType = "compiled.mach-o.executable";
			path = test_router_mandatory;
			remoteRef = 974E348E2493D89700444009 /* PBXContainerItemProxy */;
			sourceTree = BUILT_PRODUCTS_DIR;
		};
		974E34912493D89700444009 /* test_router_mandatory_hwm */ = {
			isa = PBXReferenceProxy;
			fileType = "compiled.mach-o.executable";
			path = test_router_mandatory_hwm;
			remoteRef = 974E34902493D89700444009 /* PBXContainerItemProxy */;
			sourceTree = BUILT_PRODUCTS_DIR;
		};
		974E34932493D89700444009 /* test_router_notify */ = {
			isa = PBXReferenceProxy;
			fileType = "compiled.mach-o.executable";
			path = test_router_notify;
			remoteRef = 974E34922493D89700444009 /* PBXContainerItemProxy */;
			sourceTree = BUILT_PRODUCTS_DIR;
		};
		974E34952493D89700444009 /* test_scatter_gather */ = {
			isa = PBXReferenceProxy;
			fileType = "compiled.mach-o.executable";
			path = test_scatter_gather;
			remoteRef = 974E34942493D89700444009 /* PBXContainerItemProxy */;
			sourceTree = BUILT_PRODUCTS_DIR;
		};
		974E34972493D89700444009 /* test_security_curve */ = {
			isa = PBXReferenceProxy;
			fileType = "compiled.mach-o.executable";
			path = test_security_curve;
			remoteRef = 974E34962493D89700444009 /* PBXContainerItemProxy */;
			sourceTree = BUILT_PRODUCTS_DIR;
		};
		974E34992493D89700444009 /* test_security_gssapi */ = {
			isa = PBXReferenceProxy;
			fileType = "compiled.mach-o.executable";
			path = test_security_gssapi;
			remoteRef = 974E34982493D89700444009 /* PBXContainerItemProxy */;
			sourceTree = BUILT_PRODUCTS_DIR;
		};
		974E349B2493D89700444009 /* test_security_no_zap_handler */ = {
			isa = PBXReferenceProxy;
			fileType = "compiled.mach-o.executable";
			path = test_security_no_zap_handler;
			remoteRef = 974E349A2493D89700444009 /* PBXContainerItemProxy */;
			sourceTree = BUILT_PRODUCTS_DIR;
		};
		974E349D2493D89700444009 /* test_security_null */ = {
			isa = PBXReferenceProxy;
			fileType = "compiled.mach-o.executable";
			path = test_security_null;
			remoteRef = 974E349C2493D89700444009 /* PBXContainerItemProxy */;
			sourceTree = BUILT_PRODUCTS_DIR;
		};
		974E349F2493D89700444009 /* test_security_plain */ = {
			isa = PBXReferenceProxy;
			fileType = "compiled.mach-o.executable";
			path = test_security_plain;
			remoteRef = 974E349E2493D89700444009 /* PBXContainerItemProxy */;
			sourceTree = BUILT_PRODUCTS_DIR;
		};
		974E34A12493D89700444009 /* test_security_zap */ = {
			isa = PBXReferenceProxy;
			fileType = "compiled.mach-o.executable";
			path = test_security_zap;
			remoteRef = 974E34A02493D89700444009 /* PBXContainerItemProxy */;
			sourceTree = BUILT_PRODUCTS_DIR;
		};
		974E34A32493D89700444009 /* test_setsockopt */ = {
			isa = PBXReferenceProxy;
			fileType = "compiled.mach-o.executable";
			path = test_setsockopt;
			remoteRef = 974E34A22493D89700444009 /* PBXContainerItemProxy */;
			sourceTree = BUILT_PRODUCTS_DIR;
		};
		974E34A52493D89700444009 /* test_shutdown_stress */ = {
			isa = PBXReferenceProxy;
			fileType = "compiled.mach-o.executable";
			path = test_shutdown_stress;
			remoteRef = 974E34A42493D89700444009 /* PBXContainerItemProxy */;
			sourceTree = BUILT_PRODUCTS_DIR;
		};
		974E34A72493D89700444009 /* test_socket_null */ = {
			isa = PBXReferenceProxy;
			fileType = "compiled.mach-o.executable";
			path = test_socket_null;
			remoteRef = 974E34A62493D89700444009 /* PBXContainerItemProxy */;
			sourceTree = BUILT_PRODUCTS_DIR;
		};
		974E34A92493D89700444009 /* test_sockopt_hwm */ = {
			isa = PBXReferenceProxy;
			fileType = "compiled.mach-o.executable";
			path = test_sockopt_hwm;
			remoteRef = 974E34A82493D89700444009 /* PBXContainerItemProxy */;
			sourceTree = BUILT_PRODUCTS_DIR;
		};
		974E34AB2493D89700444009 /* test_sodium */ = {
			isa = PBXReferenceProxy;
			fileType = "compiled.mach-o.executable";
			path = test_sodium;
			remoteRef = 974E34AA2493D89700444009 /* PBXContainerItemProxy */;
			sourceTree = BUILT_PRODUCTS_DIR;
		};
		974E34AD2493D89700444009 /* test_spec_dealer */ = {
			isa = PBXReferenceProxy;
			fileType = "compiled.mach-o.executable";
			path = test_spec_dealer;
			remoteRef = 974E34AC2493D89700444009 /* PBXContainerItemProxy */;
			sourceTree = BUILT_PRODUCTS_DIR;
		};
		974E34AF2493D89700444009 /* test_spec_pushpull */ = {
			isa = PBXReferenceProxy;
			fileType = "compiled.mach-o.executable";
			path = test_spec_pushpull;
			remoteRef = 974E34AE2493D89700444009 /* PBXContainerItemProxy */;
			sourceTree = BUILT_PRODUCTS_DIR;
		};
		974E34B12493D89700444009 /* test_spec_rep */ = {
			isa = PBXReferenceProxy;
			fileType = "compiled.mach-o.executable";
			path = test_spec_rep;
			remoteRef = 974E34B02493D89700444009 /* PBXContainerItemProxy */;
			sourceTree = BUILT_PRODUCTS_DIR;
		};
		974E34B32493D89700444009 /* test_spec_req */ = {
			isa = PBXReferenceProxy;
			fileType = "compiled.mach-o.executable";
			path = test_spec_req;
			remoteRef = 974E34B22493D89700444009 /* PBXContainerItemProxy */;
			sourceTree = BUILT_PRODUCTS_DIR;
		};
		974E34B52493D89700444009 /* test_spec_router */ = {
			isa = PBXReferenceProxy;
			fileType = "compiled.mach-o.executable";
			path = test_spec_router;
			remoteRef = 974E34B42493D89700444009 /* PBXContainerItemProxy */;
			sourceTree = BUILT_PRODUCTS_DIR;
		};
		974E34B72493D89700444009 /* test_srcfd */ = {
			isa = PBXReferenceProxy;
			fileType = "compiled.mach-o.executable";
			path = test_srcfd;
			remoteRef = 974E34B62493D89700444009 /* PBXContainerItemProxy */;
			sourceTree = BUILT_PRODUCTS_DIR;
		};
		974E34B92493D89700444009 /* test_stream */ = {
			isa = PBXReferenceProxy;
			fileType = "compiled.mach-o.executable";
			path = test_stream;
			remoteRef = 974E34B82493D89700444009 /* PBXContainerItemProxy */;
			sourceTree = BUILT_PRODUCTS_DIR;
		};
		974E34BB2493D89700444009 /* test_stream_disconnect */ = {
			isa = PBXReferenceProxy;
			fileType = "compiled.mach-o.executable";
			path = test_stream_disconnect;
			remoteRef = 974E34BA2493D89700444009 /* PBXContainerItemProxy */;
			sourceTree = BUILT_PRODUCTS_DIR;
		};
		974E34BD2493D89700444009 /* test_stream_empty */ = {
			isa = PBXReferenceProxy;
			fileType = "compiled.mach-o.executable";
			path = test_stream_empty;
			remoteRef = 974E34BC2493D89700444009 /* PBXContainerItemProxy */;
			sourceTree = BUILT_PRODUCTS_DIR;
		};
		974E34BF2493D89700444009 /* test_stream_exceeds_buffer */ = {
			isa = PBXReferenceProxy;
			fileType = "compiled.mach-o.executable";
			path = test_stream_exceeds_buffer;
			remoteRef = 974E34BE2493D89700444009 /* PBXContainerItemProxy */;
			sourceTree = BUILT_PRODUCTS_DIR;
		};
		974E34C12493D89700444009 /* test_stream_timeout */ = {
			isa = PBXReferenceProxy;
			fileType = "compiled.mach-o.executable";
			path = test_stream_timeout;
			remoteRef = 974E34C02493D89700444009 /* PBXContainerItemProxy */;
			sourceTree = BUILT_PRODUCTS_DIR;
		};
		974E34C32493D89700444009 /* test_sub_forward */ = {
			isa = PBXReferenceProxy;
			fileType = "compiled.mach-o.executable";
			path = test_sub_forward;
			remoteRef = 974E34C22493D89700444009 /* PBXContainerItemProxy */;
			sourceTree = BUILT_PRODUCTS_DIR;
		};
		974E34C52493D89700444009 /* test_system */ = {
			isa = PBXReferenceProxy;
			fileType = "compiled.mach-o.executable";
			path = test_system;
			remoteRef = 974E34C42493D89700444009 /* PBXContainerItemProxy */;
			sourceTree = BUILT_PRODUCTS_DIR;
		};
		974E34C72493D89700444009 /* test_term_endpoint */ = {
			isa = PBXReferenceProxy;
			fileType = "compiled.mach-o.executable";
			path = test_term_endpoint;
			remoteRef = 974E34C62493D89700444009 /* PBXContainerItemProxy */;
			sourceTree = BUILT_PRODUCTS_DIR;
		};
		974E34C92493D89700444009 /* test_thread_safe */ = {
			isa = PBXReferenceProxy;
			fileType = "compiled.mach-o.executable";
			path = test_thread_safe;
			remoteRef = 974E34C82493D89700444009 /* PBXContainerItemProxy */;
			sourceTree = BUILT_PRODUCTS_DIR;
		};
		974E34CB2493D89700444009 /* test_timeo */ = {
			isa = PBXReferenceProxy;
			fileType = "compiled.mach-o.executable";
			path = test_timeo;
			remoteRef = 974E34CA2493D89700444009 /* PBXContainerItemProxy */;
			sourceTree = BUILT_PRODUCTS_DIR;
		};
		974E34CD2493D89700444009 /* test_timers */ = {
			isa = PBXReferenceProxy;
			fileType = "compiled.mach-o.executable";
			path = test_timers;
			remoteRef = 974E34CC2493D89700444009 /* PBXContainerItemProxy */;
			sourceTree = BUILT_PRODUCTS_DIR;
		};
		974E34CF2493D89700444009 /* test_unbind_wildcard */ = {
			isa = PBXReferenceProxy;
			fileType = "compiled.mach-o.executable";
			path = test_unbind_wildcard;
			remoteRef = 974E34CE2493D89700444009 /* PBXContainerItemProxy */;
			sourceTree = BUILT_PRODUCTS_DIR;
		};
		974E34D12493D89700444009 /* test_use_fd */ = {
			isa = PBXReferenceProxy;
			fileType = "compiled.mach-o.executable";
			path = test_use_fd;
			remoteRef = 974E34D02493D89700444009 /* PBXContainerItemProxy */;
			sourceTree = BUILT_PRODUCTS_DIR;
		};
		974E34D32493D89700444009 /* test_xpub_manual */ = {
			isa = PBXReferenceProxy;
			fileType = "compiled.mach-o.executable";
			path = test_xpub_manual;
			remoteRef = 974E34D22493D89700444009 /* PBXContainerItemProxy */;
			sourceTree = BUILT_PRODUCTS_DIR;
		};
		974E34D52493D89700444009 /* test_xpub_manual_last_value */ = {
			isa = PBXReferenceProxy;
			fileType = "compiled.mach-o.executable";
			path = test_xpub_manual_last_value;
			remoteRef = 974E34D42493D89700444009 /* PBXContainerItemProxy */;
			sourceTree = BUILT_PRODUCTS_DIR;
		};
		974E34D72493D89700444009 /* test_xpub_nodrop */ = {
			isa = PBXReferenceProxy;
			fileType = "compiled.mach-o.executable";
			path = test_xpub_nodrop;
			remoteRef = 974E34D62493D89700444009 /* PBXContainerItemProxy */;
			sourceTree = BUILT_PRODUCTS_DIR;
		};
		974E34D92493D89700444009 /* test_xpub_verbose */ = {
			isa = PBXReferenceProxy;
			fileType = "compiled.mach-o.executable";
			path = test_xpub_verbose;
			remoteRef = 974E34D82493D89700444009 /* PBXContainerItemProxy */;
			sourceTree = BUILT_PRODUCTS_DIR;
		};
		974E34DB2493D89700444009 /* test_xpub_welcome_msg */ = {
			isa = PBXReferenceProxy;
			fileType = "compiled.mach-o.executable";
			path = test_xpub_welcome_msg;
			remoteRef = 974E34DA2493D89700444009 /* PBXContainerItemProxy */;
			sourceTree = BUILT_PRODUCTS_DIR;
		};
		974E34DD2493D89700444009 /* test_zmq_poll_fd */ = {
			isa = PBXReferenceProxy;
			fileType = "compiled.mach-o.executable";
			path = test_zmq_poll_fd;
			remoteRef = 974E34DC2493D89700444009 /* PBXContainerItemProxy */;
			sourceTree = BUILT_PRODUCTS_DIR;
		};
		974E34DF2493D89700444009 /* libtestutil.a */ = {
			isa = PBXReferenceProxy;
			fileType = archive.ar;
			path = libtestutil.a;
			remoteRef = 974E34DE2493D89700444009 /* PBXContainerItemProxy */;
			sourceTree = BUILT_PRODUCTS_DIR;
		};
		974E34E12493D89700444009 /* libtestutil-static.a */ = {
			isa = PBXReferenceProxy;
			fileType = archive.ar;
			path = "libtestutil-static.a";
			remoteRef = 974E34E02493D89700444009 /* PBXContainerItemProxy */;
			sourceTree = BUILT_PRODUCTS_DIR;
		};
		974E34E32493D89700444009 /* unittest_curve_encoding */ = {
			isa = PBXReferenceProxy;
			fileType = "compiled.mach-o.executable";
			path = unittest_curve_encoding;
			remoteRef = 974E34E22493D89700444009 /* PBXContainerItemProxy */;
			sourceTree = BUILT_PRODUCTS_DIR;
		};
		974E34E52493D89700444009 /* unittest_ip_resolver */ = {
			isa = PBXReferenceProxy;
			fileType = "compiled.mach-o.executable";
			path = unittest_ip_resolver;
			remoteRef = 974E34E42493D89700444009 /* PBXContainerItemProxy */;
			sourceTree = BUILT_PRODUCTS_DIR;
		};
		974E34E72493D89700444009 /* unittest_mtrie */ = {
			isa = PBXReferenceProxy;
			fileType = "compiled.mach-o.executable";
			path = unittest_mtrie;
			remoteRef = 974E34E62493D89700444009 /* PBXContainerItemProxy */;
			sourceTree = BUILT_PRODUCTS_DIR;
		};
		974E34E92493D89700444009 /* unittest_poller */ = {
			isa = PBXReferenceProxy;
			fileType = "compiled.mach-o.executable";
			path = unittest_poller;
			remoteRef = 974E34E82493D89700444009 /* PBXContainerItemProxy */;
			sourceTree = BUILT_PRODUCTS_DIR;
		};
		974E34EB2493D89700444009 /* unittest_radix_tree */ = {
			isa = PBXReferenceProxy;
			fileType = "compiled.mach-o.executable";
			path = unittest_radix_tree;
			remoteRef = 974E34EA2493D89700444009 /* PBXContainerItemProxy */;
			sourceTree = BUILT_PRODUCTS_DIR;
		};
		974E34ED2493D89700444009 /* unittest_udp_address */ = {
			isa = PBXReferenceProxy;
			fileType = "compiled.mach-o.executable";
			path = unittest_udp_address;
			remoteRef = 974E34EC2493D89700444009 /* PBXContainerItemProxy */;
			sourceTree = BUILT_PRODUCTS_DIR;
		};
		974E34EF2493D89700444009 /* unittest_ypipe */ = {
			isa = PBXReferenceProxy;
			fileType = "compiled.mach-o.executable";
			path = unittest_ypipe;
			remoteRef = 974E34EE2493D89700444009 /* PBXContainerItemProxy */;
			sourceTree = BUILT_PRODUCTS_DIR;
		};
		974E34F12493D89700444009 /* libunity.a */ = {
			isa = PBXReferenceProxy;
			fileType = archive.ar;
			path = libunity.a;
			remoteRef = 974E34F02493D89700444009 /* PBXContainerItemProxy */;
			sourceTree = BUILT_PRODUCTS_DIR;
		};
		974E34F82493D89700444009 /* libsodium.a */ = {
			isa = PBXReferenceProxy;
			fileType = archive.ar;
			path = libsodium.a;
			remoteRef = 974E34F72493D89700444009 /* PBXContainerItemProxy */;
			sourceTree = BUILT_PRODUCTS_DIR;
		};
		974E34FA2493D89700444009 /* libsodium.dylib */ = {
			isa = PBXReferenceProxy;
			fileType = "compiled.mach-o.dylib";
			path = libsodium.dylib;
			remoteRef = 974E34F92493D89700444009 /* PBXContainerItemProxy */;
			sourceTree = BUILT_PRODUCTS_DIR;
		};
		978175C02513B04D00EFF20F /* test_bind_curve_fuzzer */ = {
			isa = PBXReferenceProxy;
			fileType = "compiled.mach-o.executable";
			path = test_bind_curve_fuzzer;
			remoteRef = 978175BF2513B04D00EFF20F /* PBXContainerItemProxy */;
			sourceTree = BUILT_PRODUCTS_DIR;
		};
		978175C22513B04D00EFF20F /* test_bind_fuzzer */ = {
			isa = PBXReferenceProxy;
			fileType = "compiled.mach-o.executable";
			path = test_bind_fuzzer;
			remoteRef = 978175C12513B04D00EFF20F /* PBXContainerItemProxy */;
			sourceTree = BUILT_PRODUCTS_DIR;
		};
		978175C42513B04D00EFF20F /* test_bind_null_fuzzer */ = {
			isa = PBXReferenceProxy;
			fileType = "compiled.mach-o.executable";
			path = test_bind_null_fuzzer;
			remoteRef = 978175C32513B04D00EFF20F /* PBXContainerItemProxy */;
			sourceTree = BUILT_PRODUCTS_DIR;
		};
		978175C62513B04D00EFF20F /* test_channel */ = {
			isa = PBXReferenceProxy;
			fileType = "compiled.mach-o.executable";
			path = test_channel;
			remoteRef = 978175C52513B04D00EFF20F /* PBXContainerItemProxy */;
			sourceTree = BUILT_PRODUCTS_DIR;
		};
		978175C82513B04D00EFF20F /* test_connect_curve_fuzzer */ = {
			isa = PBXReferenceProxy;
			fileType = "compiled.mach-o.executable";
			path = test_connect_curve_fuzzer;
			remoteRef = 978175C72513B04D00EFF20F /* PBXContainerItemProxy */;
			sourceTree = BUILT_PRODUCTS_DIR;
		};
		978175CA2513B04D00EFF20F /* test_connect_fuzzer */ = {
			isa = PBXReferenceProxy;
			fileType = "compiled.mach-o.executable";
			path = test_connect_fuzzer;
			remoteRef = 978175C92513B04D00EFF20F /* PBXContainerItemProxy */;
			sourceTree = BUILT_PRODUCTS_DIR;
		};
		978175CC2513B04D00EFF20F /* test_connect_null_fuzzer */ = {
			isa = PBXReferenceProxy;
			fileType = "compiled.mach-o.executable";
			path = test_connect_null_fuzzer;
			remoteRef = 978175CB2513B04D00EFF20F /* PBXContainerItemProxy */;
			sourceTree = BUILT_PRODUCTS_DIR;
		};
		978175CE2513B04D00EFF20F /* test_disconnect_msg */ = {
			isa = PBXReferenceProxy;
			fileType = "compiled.mach-o.executable";
			path = test_disconnect_msg;
			remoteRef = 978175CD2513B04D00EFF20F /* PBXContainerItemProxy */;
			sourceTree = BUILT_PRODUCTS_DIR;
		};
		978175D02513B04D00EFF20F /* test_hello_msg */ = {
			isa = PBXReferenceProxy;
			fileType = "compiled.mach-o.executable";
			path = test_hello_msg;
			remoteRef = 978175CF2513B04D00EFF20F /* PBXContainerItemProxy */;
			sourceTree = BUILT_PRODUCTS_DIR;
		};
		978175D22513B04D00EFF20F /* test_msg_init */ = {
			isa = PBXReferenceProxy;
			fileType = "compiled.mach-o.executable";
			path = test_msg_init;
			remoteRef = 978175D12513B04D00EFF20F /* PBXContainerItemProxy */;
			sourceTree = BUILT_PRODUCTS_DIR;
		};
		978175D42513B04D00EFF20F /* test_reconnect_options */ = {
			isa = PBXReferenceProxy;
			fileType = "compiled.mach-o.executable";
			path = test_reconnect_options;
			remoteRef = 978175D32513B04D00EFF20F /* PBXContainerItemProxy */;
			sourceTree = BUILT_PRODUCTS_DIR;
		};
		978175D62513B04D00EFF20F /* test_socks */ = {
			isa = PBXReferenceProxy;
			fileType = "compiled.mach-o.executable";
			path = test_socks;
			remoteRef = 978175D52513B04D00EFF20F /* PBXContainerItemProxy */;
			sourceTree = BUILT_PRODUCTS_DIR;
		};
		978175D82513B04D00EFF20F /* test_tcp_accept_filter */ = {
			isa = PBXReferenceProxy;
			fileType = "compiled.mach-o.executable";
			path = test_tcp_accept_filter;
			remoteRef = 978175D72513B04D00EFF20F /* PBXContainerItemProxy */;
			sourceTree = BUILT_PRODUCTS_DIR;
		};
		978175DA2513B04D00EFF20F /* test_ws_transport */ = {
			isa = PBXReferenceProxy;
			fileType = "compiled.mach-o.executable";
			path = test_ws_transport;
			remoteRef = 978175D92513B04D00EFF20F /* PBXContainerItemProxy */;
			sourceTree = BUILT_PRODUCTS_DIR;
		};
		978175DC2513B04D00EFF20F /* test_z85_decode_fuzzer */ = {
			isa = PBXReferenceProxy;
			fileType = "compiled.mach-o.executable";
			path = test_z85_decode_fuzzer;
			remoteRef = 978175DB2513B04D00EFF20F /* PBXContainerItemProxy */;
			sourceTree = BUILT_PRODUCTS_DIR;
		};
/* End PBXReferenceProxy section */

/* Begin PBXSourcesBuildPhase section */
		976FFCA922BD5708000876BF /* Sources */ = {
			isa = PBXSourcesBuildPhase;
			buildActionMask = 2147483647;
			files = (
				976FFCBB22BD5729000876BF /* main.c in Sources */,
			);
			runOnlyForDeploymentPostprocessing = 0;
		};
/* End PBXSourcesBuildPhase section */

/* Begin XCBuildConfiguration section */
		976FFCB222BD5708000876BF /* Debug */ = {
			isa = XCBuildConfiguration;
			buildSettings = {
				ALWAYS_SEARCH_USER_PATHS = NO;
				CLANG_ANALYZER_NONNULL = YES;
				CLANG_ANALYZER_NUMBER_OBJECT_CONVERSION = YES_AGGRESSIVE;
				CLANG_CXX_LANGUAGE_STANDARD = "gnu++14";
				CLANG_CXX_LIBRARY = "libc++";
				CLANG_ENABLE_MODULES = YES;
				CLANG_ENABLE_OBJC_ARC = YES;
				CLANG_ENABLE_OBJC_WEAK = YES;
				CLANG_WARN_BLOCK_CAPTURE_AUTORELEASING = YES;
				CLANG_WARN_BOOL_CONVERSION = YES;
				CLANG_WARN_COMMA = YES;
				CLANG_WARN_CONSTANT_CONVERSION = YES;
				CLANG_WARN_DEPRECATED_OBJC_IMPLEMENTATIONS = YES;
				CLANG_WARN_DIRECT_OBJC_ISA_USAGE = YES_ERROR;
				CLANG_WARN_DOCUMENTATION_COMMENTS = YES;
				CLANG_WARN_EMPTY_BODY = YES;
				CLANG_WARN_ENUM_CONVERSION = YES;
				CLANG_WARN_INFINITE_RECURSION = YES;
				CLANG_WARN_INT_CONVERSION = YES;
				CLANG_WARN_NON_LITERAL_NULL_CONVERSION = YES;
				CLANG_WARN_OBJC_IMPLICIT_RETAIN_SELF = YES;
				CLANG_WARN_OBJC_LITERAL_CONVERSION = YES;
				CLANG_WARN_OBJC_ROOT_CLASS = YES_ERROR;
				CLANG_WARN_QUOTED_INCLUDE_IN_FRAMEWORK_HEADER = YES;
				CLANG_WARN_RANGE_LOOP_ANALYSIS = YES;
				CLANG_WARN_STRICT_PROTOTYPES = YES;
				CLANG_WARN_SUSPICIOUS_MOVE = YES;
				CLANG_WARN_UNGUARDED_AVAILABILITY = YES_AGGRESSIVE;
				CLANG_WARN_UNREACHABLE_CODE = YES;
				CLANG_WARN__DUPLICATE_METHOD_MATCH = YES;
				CODE_SIGN_IDENTITY = "Mac Developer";
				COPY_PHASE_STRIP = NO;
				DEBUG_INFORMATION_FORMAT = dwarf;
				ENABLE_STRICT_OBJC_MSGSEND = YES;
				ENABLE_TESTABILITY = YES;
				GCC_C_LANGUAGE_STANDARD = gnu11;
				GCC_DYNAMIC_NO_PIC = NO;
				GCC_NO_COMMON_BLOCKS = YES;
				GCC_OPTIMIZATION_LEVEL = 0;
				GCC_PREPROCESSOR_DEFINITIONS = (
					"DEBUG=1",
					"$(inherited)",
				);
				GCC_WARN_64_TO_32_BIT_CONVERSION = YES;
				GCC_WARN_ABOUT_RETURN_TYPE = YES_ERROR;
				GCC_WARN_UNDECLARED_SELECTOR = YES;
				GCC_WARN_UNINITIALIZED_AUTOS = YES_AGGRESSIVE;
				GCC_WARN_UNUSED_FUNCTION = YES;
				GCC_WARN_UNUSED_VARIABLE = YES;
				MACOSX_DEPLOYMENT_TARGET = 10.14;
				MTL_ENABLE_DEBUG_INFO = INCLUDE_SOURCE;
				MTL_FAST_MATH = YES;
				ONLY_ACTIVE_ARCH = YES;
				SDKROOT = macosx;
			};
			name = Debug;
		};
		976FFCB322BD5708000876BF /* Release */ = {
			isa = XCBuildConfiguration;
			buildSettings = {
				ALWAYS_SEARCH_USER_PATHS = NO;
				CLANG_ANALYZER_NONNULL = YES;
				CLANG_ANALYZER_NUMBER_OBJECT_CONVERSION = YES_AGGRESSIVE;
				CLANG_CXX_LANGUAGE_STANDARD = "gnu++14";
				CLANG_CXX_LIBRARY = "libc++";
				CLANG_ENABLE_MODULES = YES;
				CLANG_ENABLE_OBJC_ARC = YES;
				CLANG_ENABLE_OBJC_WEAK = YES;
				CLANG_WARN_BLOCK_CAPTURE_AUTORELEASING = YES;
				CLANG_WARN_BOOL_CONVERSION = YES;
				CLANG_WARN_COMMA = YES;
				CLANG_WARN_CONSTANT_CONVERSION = YES;
				CLANG_WARN_DEPRECATED_OBJC_IMPLEMENTATIONS = YES;
				CLANG_WARN_DIRECT_OBJC_ISA_USAGE = YES_ERROR;
				CLANG_WARN_DOCUMENTATION_COMMENTS = YES;
				CLANG_WARN_EMPTY_BODY = YES;
				CLANG_WARN_ENUM_CONVERSION = YES;
				CLANG_WARN_INFINITE_RECURSION = YES;
				CLANG_WARN_INT_CONVERSION = YES;
				CLANG_WARN_NON_LITERAL_NULL_CONVERSION = YES;
				CLANG_WARN_OBJC_IMPLICIT_RETAIN_SELF = YES;
				CLANG_WARN_OBJC_LITERAL_CONVERSION = YES;
				CLANG_WARN_OBJC_ROOT_CLASS = YES_ERROR;
				CLANG_WARN_QUOTED_INCLUDE_IN_FRAMEWORK_HEADER = YES;
				CLANG_WARN_RANGE_LOOP_ANALYSIS = YES;
				CLANG_WARN_STRICT_PROTOTYPES = YES;
				CLANG_WARN_SUSPICIOUS_MOVE = YES;
				CLANG_WARN_UNGUARDED_AVAILABILITY = YES_AGGRESSIVE;
				CLANG_WARN_UNREACHABLE_CODE = YES;
				CLANG_WARN__DUPLICATE_METHOD_MATCH = YES;
				CODE_SIGN_IDENTITY = "Mac Developer";
				COPY_PHASE_STRIP = NO;
				DEBUG_INFORMATION_FORMAT = "dwarf-with-dsym";
				ENABLE_NS_ASSERTIONS = NO;
				ENABLE_STRICT_OBJC_MSGSEND = YES;
				GCC_C_LANGUAGE_STANDARD = gnu11;
				GCC_NO_COMMON_BLOCKS = YES;
				GCC_WARN_64_TO_32_BIT_CONVERSION = YES;
				GCC_WARN_ABOUT_RETURN_TYPE = YES_ERROR;
				GCC_WARN_UNDECLARED_SELECTOR = YES;
				GCC_WARN_UNINITIALIZED_AUTOS = YES_AGGRESSIVE;
				GCC_WARN_UNUSED_FUNCTION = YES;
				GCC_WARN_UNUSED_VARIABLE = YES;
				MACOSX_DEPLOYMENT_TARGET = 10.14;
				MTL_ENABLE_DEBUG_INFO = NO;
				MTL_FAST_MATH = YES;
				SDKROOT = macosx;
			};
			name = Release;
		};
		976FFCB522BD5708000876BF /* Debug */ = {
			isa = XCBuildConfiguration;
			buildSettings = {
				CODE_SIGN_ENTITLEMENTS = ingelicense.entitlements;
				CODE_SIGN_IDENTITY = "Apple Development";
				CODE_SIGN_STYLE = Automatic;
				DEVELOPMENT_TEAM = 56DRT9MG9S;
				ENABLE_HARDENED_RUNTIME = YES;
				HEADER_SEARCH_PATHS = (
					"$(SRCROOT)/../../../../../third-party/czmq/include",
					"$(SRCROOT)/../../../../../third-party/libzmq/include",
					"$(SRCROOT)/../../../../../third-party/libsodium/src/libsodium/include",
				);
				LIBRARY_SEARCH_PATHS = "";
				PRODUCT_BUNDLE_IDENTIFIER = com.ingescape.ingelicense;
				PRODUCT_NAME = "$(TARGET_NAME)";
			};
			name = Debug;
		};
		976FFCB622BD5708000876BF /* Release */ = {
			isa = XCBuildConfiguration;
			buildSettings = {
				CODE_SIGN_ENTITLEMENTS = ingelicense.entitlements;
				CODE_SIGN_IDENTITY = "Apple Development";
				CODE_SIGN_STYLE = Automatic;
				DEVELOPMENT_TEAM = 56DRT9MG9S;
				ENABLE_HARDENED_RUNTIME = YES;
				HEADER_SEARCH_PATHS = (
					"$(SRCROOT)/../../../../../third-party/czmq/include",
					"$(SRCROOT)/../../../../../third-party/libzmq/include",
					"$(SRCROOT)/../../../../../third-party/libsodium/src/libsodium/include",
				);
				LIBRARY_SEARCH_PATHS = "";
				PRODUCT_BUNDLE_IDENTIFIER = com.ingescape.ingelicense;
				PRODUCT_NAME = "$(TARGET_NAME)";
			};
			name = Release;
		};
/* End XCBuildConfiguration section */

/* Begin XCConfigurationList section */
		976FFCA822BD5708000876BF /* Build configuration list for PBXProject "ingelicense" */ = {
			isa = XCConfigurationList;
			buildConfigurations = (
				976FFCB222BD5708000876BF /* Debug */,
				976FFCB322BD5708000876BF /* Release */,
			);
			defaultConfigurationIsVisible = 0;
			defaultConfigurationName = Release;
		};
		976FFCB422BD5708000876BF /* Build configuration list for PBXNativeTarget "ingelicense" */ = {
			isa = XCConfigurationList;
			buildConfigurations = (
				976FFCB522BD5708000876BF /* Debug */,
				976FFCB622BD5708000876BF /* Release */,
			);
			defaultConfigurationIsVisible = 0;
			defaultConfigurationName = Release;
		};
/* End XCConfigurationList section */
	};
	rootObject = 976FFCA522BD5708000876BF /* Project object */;
}
