// !$*UTF8*$!
{
	archiveVersion = 1;
	classes = {
	};
	objectVersion = 50;
	objects = {

/* Begin PBXBuildFile section */
		979C1DE2224944BF0048E9F3 /* main.c in Sources */ = {isa = PBXBuildFile; fileRef = 979C1DE1224944BF0048E9F3 /* main.c */; };
		979C1DEA224947BF0048E9F3 /* libsodium.23.dylib in Frameworks */ = {isa = PBXBuildFile; fileRef = 979C1DE9224947BF0048E9F3 /* libsodium.23.dylib */; };
		979C1DEC224960F10048E9F3 /* libczmq.4.dylib in Frameworks */ = {isa = PBXBuildFile; fileRef = 979C1DEB224960F10048E9F3 /* libczmq.4.dylib */; };
		979C1DEF224968450048E9F3 /* features.txt in CopyFiles */ = {isa = PBXBuildFile; fileRef = 979C1DED224965790048E9F3 /* features.txt */; };
		979C1DF0224968450048E9F3 /* agents.txt in CopyFiles */ = {isa = PBXBuildFile; fileRef = 979C1DEE2249658A0048E9F3 /* agents.txt */; };
/* End PBXBuildFile section */

/* Begin PBXCopyFilesBuildPhase section */
		979C1DDC224944BF0048E9F3 /* CopyFiles */ = {
			isa = PBXCopyFilesBuildPhase;
			buildActionMask = 12;
			dstPath = "";
			dstSubfolderSpec = 16;
			files = (
				979C1DEF224968450048E9F3 /* features.txt in CopyFiles */,
				979C1DF0224968450048E9F3 /* agents.txt in CopyFiles */,
			);
			runOnlyForDeploymentPostprocessing = 0;
		};
/* End PBXCopyFilesBuildPhase section */

/* Begin PBXFileReference section */
		979C1DDE224944BF0048E9F3 /* ingelicense */ = {isa = PBXFileReference; explicitFileType = "compiled.mach-o.executable"; includeInIndex = 0; path = ingelicense; sourceTree = BUILT_PRODUCTS_DIR; };
		979C1DE1224944BF0048E9F3 /* main.c */ = {isa = PBXFileReference; lastKnownFileType = sourcecode.c.c; path = main.c; sourceTree = "<group>"; };
		979C1DE9224947BF0048E9F3 /* libsodium.23.dylib */ = {isa = PBXFileReference; lastKnownFileType = "compiled.mach-o.dylib"; name = libsodium.23.dylib; path = ../../../../../../../../usr/local/Cellar/libsodium/1.0.17/lib/libsodium.23.dylib; sourceTree = "<group>"; };
		979C1DEB224960F10048E9F3 /* libczmq.4.dylib */ = {isa = PBXFileReference; lastKnownFileType = "compiled.mach-o.dylib"; name = libczmq.4.dylib; path = ../../../../../../../../usr/local/Cellar/czmq/4.2.0/lib/libczmq.4.dylib; sourceTree = "<group>"; };
		979C1DED224965790048E9F3 /* features.txt */ = {isa = PBXFileReference; lastKnownFileType = text; path = features.txt; sourceTree = "<group>"; };
		979C1DEE2249658A0048E9F3 /* agents.txt */ = {isa = PBXFileReference; lastKnownFileType = text; path = agents.txt; sourceTree = "<group>"; };
/* End PBXFileReference section */

/* Begin PBXFrameworksBuildPhase section */
		979C1DDB224944BF0048E9F3 /* Frameworks */ = {
			isa = PBXFrameworksBuildPhase;
			buildActionMask = 2147483647;
			files = (
				979C1DEC224960F10048E9F3 /* libczmq.4.dylib in Frameworks */,
				979C1DEA224947BF0048E9F3 /* libsodium.23.dylib in Frameworks */,
			);
			runOnlyForDeploymentPostprocessing = 0;
		};
/* End PBXFrameworksBuildPhase section */

/* Begin PBXGroup section */
		979C1DD5224944BF0048E9F3 = {
			isa = PBXGroup;
			children = (
				979C1DE0224944BF0048E9F3 /* src */,
				979C1DDF224944BF0048E9F3 /* Products */,
				979C1DE8224947BE0048E9F3 /* Frameworks */,
			);
			sourceTree = "<group>";
		};
		979C1DDF224944BF0048E9F3 /* Products */ = {
			isa = PBXGroup;
			children = (
				979C1DDE224944BF0048E9F3 /* ingelicense */,
			);
			name = Products;
			sourceTree = "<group>";
		};
		979C1DE0224944BF0048E9F3 /* src */ = {
			isa = PBXGroup;
			children = (
				979C1DE1224944BF0048E9F3 /* main.c */,
				979C1DED224965790048E9F3 /* features.txt */,
				979C1DEE2249658A0048E9F3 /* agents.txt */,
			);
			path = src;
			sourceTree = "<group>";
		};
		979C1DE8224947BE0048E9F3 /* Frameworks */ = {
			isa = PBXGroup;
			children = (
				979C1DEB224960F10048E9F3 /* libczmq.4.dylib */,
				979C1DE9224947BF0048E9F3 /* libsodium.23.dylib */,
			);
			name = Frameworks;
			sourceTree = "<group>";
		};
/* End PBXGroup section */

/* Begin PBXNativeTarget section */
		979C1DDD224944BF0048E9F3 /* ingelicense */ = {
			isa = PBXNativeTarget;
			buildConfigurationList = 979C1DE5224944BF0048E9F3 /* Build configuration list for PBXNativeTarget "ingelicense" */;
			buildPhases = (
				979C1DDA224944BF0048E9F3 /* Sources */,
				979C1DDB224944BF0048E9F3 /* Frameworks */,
				979C1DDC224944BF0048E9F3 /* CopyFiles */,
			);
			buildRules = (
			);
			dependencies = (
			);
			name = ingelicense;
			productName = ingelicense;
			productReference = 979C1DDE224944BF0048E9F3 /* ingelicense */;
			productType = "com.apple.product-type.tool";
		};
/* End PBXNativeTarget section */

/* Begin PBXProject section */
		979C1DD6224944BF0048E9F3 /* Project object */ = {
			isa = PBXProject;
			attributes = {
				LastUpgradeCheck = 1010;
				ORGANIZATIONNAME = Ingescape;
				TargetAttributes = {
					979C1DDD224944BF0048E9F3 = {
						CreatedOnToolsVersion = 10.1;
					};
				};
			};
			buildConfigurationList = 979C1DD9224944BF0048E9F3 /* Build configuration list for PBXProject "ingelicense" */;
			compatibilityVersion = "Xcode 9.3";
			developmentRegion = en;
			hasScannedForEncodings = 0;
			knownRegions = (
				en,
				Base,
			);
			mainGroup = 979C1DD5224944BF0048E9F3;
			productRefGroup = 979C1DDF224944BF0048E9F3 /* Products */;
			projectDirPath = "";
			projectRoot = "";
			targets = (
				979C1DDD224944BF0048E9F3 /* ingelicense */,
			);
		};
/* End PBXProject section */

/* Begin PBXSourcesBuildPhase section */
		979C1DDA224944BF0048E9F3 /* Sources */ = {
			isa = PBXSourcesBuildPhase;
			buildActionMask = 2147483647;
			files = (
				979C1DE2224944BF0048E9F3 /* main.c in Sources */,
			);
			runOnlyForDeploymentPostprocessing = 0;
		};
/* End PBXSourcesBuildPhase section */

/* Begin XCBuildConfiguration section */
		979C1DE3224944BF0048E9F3 /* Debug */ = {
			isa = XCBuildConfiguration;
			buildSettings = {
				ALWAYS_SEARCH_USER_PATHS = NO;
				CLANG_ANALYZER_NONNULL = YES;
				CLANG_ANALYZER_NUMBER_OBJECT_CONVERSION = YES_AGGRESSIVE;
				CLANG_CXX_LANGUAGE_STANDARD = "gnu++14";
				CLANG_CXX_LIBRARY = "libc++";
				CLANG_ENABLE_MODULES = YES;
				CLANG_ENABLE_OBJC_ARC = YES;
				CLANG_ENABLE_OBJC_WEAK = YES;
				CLANG_WARN_BLOCK_CAPTURE_AUTORELEASING = YES;
				CLANG_WARN_BOOL_CONVERSION = YES;
				CLANG_WARN_COMMA = YES;
				CLANG_WARN_CONSTANT_CONVERSION = YES;
				CLANG_WARN_DEPRECATED_OBJC_IMPLEMENTATIONS = YES;
				CLANG_WARN_DIRECT_OBJC_ISA_USAGE = YES_ERROR;
				CLANG_WARN_DOCUMENTATION_COMMENTS = YES;
				CLANG_WARN_EMPTY_BODY = YES;
				CLANG_WARN_ENUM_CONVERSION = YES;
				CLANG_WARN_INFINITE_RECURSION = YES;
				CLANG_WARN_INT_CONVERSION = YES;
				CLANG_WARN_NON_LITERAL_NULL_CONVERSION = YES;
				CLANG_WARN_OBJC_IMPLICIT_RETAIN_SELF = YES;
				CLANG_WARN_OBJC_LITERAL_CONVERSION = YES;
				CLANG_WARN_OBJC_ROOT_CLASS = YES_ERROR;
				CLANG_WARN_RANGE_LOOP_ANALYSIS = YES;
				CLANG_WARN_STRICT_PROTOTYPES = YES;
				CLANG_WARN_SUSPICIOUS_MOVE = YES;
				CLANG_WARN_UNGUARDED_AVAILABILITY = YES_AGGRESSIVE;
				CLANG_WARN_UNREACHABLE_CODE = YES;
				CLANG_WARN__DUPLICATE_METHOD_MATCH = YES;
				CODE_SIGN_IDENTITY = "Mac Developer";
				COPY_PHASE_STRIP = NO;
				DEBUG_INFORMATION_FORMAT = dwarf;
				ENABLE_STRICT_OBJC_MSGSEND = YES;
				ENABLE_TESTABILITY = YES;
				GCC_C_LANGUAGE_STANDARD = gnu11;
				GCC_DYNAMIC_NO_PIC = NO;
				GCC_NO_COMMON_BLOCKS = YES;
				GCC_OPTIMIZATION_LEVEL = 0;
				GCC_PREPROCESSOR_DEFINITIONS = (
					"DEBUG=1",
					"$(inherited)",
				);
				GCC_WARN_64_TO_32_BIT_CONVERSION = YES;
				GCC_WARN_ABOUT_RETURN_TYPE = YES_ERROR;
				GCC_WARN_UNDECLARED_SELECTOR = YES;
				GCC_WARN_UNINITIALIZED_AUTOS = YES_AGGRESSIVE;
				GCC_WARN_UNUSED_FUNCTION = YES;
				GCC_WARN_UNUSED_VARIABLE = YES;
				MACOSX_DEPLOYMENT_TARGET = 10.14;
				MTL_ENABLE_DEBUG_INFO = INCLUDE_SOURCE;
				MTL_FAST_MATH = YES;
				ONLY_ACTIVE_ARCH = YES;
				SDKROOT = macosx;
			};
			name = Debug;
		};
		979C1DE4224944BF0048E9F3 /* Release */ = {
			isa = XCBuildConfiguration;
			buildSettings = {
				ALWAYS_SEARCH_USER_PATHS = NO;
				CLANG_ANALYZER_NONNULL = YES;
				CLANG_ANALYZER_NUMBER_OBJECT_CONVERSION = YES_AGGRESSIVE;
				CLANG_CXX_LANGUAGE_STANDARD = "gnu++14";
				CLANG_CXX_LIBRARY = "libc++";
				CLANG_ENABLE_MODULES = YES;
				CLANG_ENABLE_OBJC_ARC = YES;
				CLANG_ENABLE_OBJC_WEAK = YES;
				CLANG_WARN_BLOCK_CAPTURE_AUTORELEASING = YES;
				CLANG_WARN_BOOL_CONVERSION = YES;
				CLANG_WARN_COMMA = YES;
				CLANG_WARN_CONSTANT_CONVERSION = YES;
				CLANG_WARN_DEPRECATED_OBJC_IMPLEMENTATIONS = YES;
				CLANG_WARN_DIRECT_OBJC_ISA_USAGE = YES_ERROR;
				CLANG_WARN_DOCUMENTATION_COMMENTS = YES;
				CLANG_WARN_EMPTY_BODY = YES;
				CLANG_WARN_ENUM_CONVERSION = YES;
				CLANG_WARN_INFINITE_RECURSION = YES;
				CLANG_WARN_INT_CONVERSION = YES;
				CLANG_WARN_NON_LITERAL_NULL_CONVERSION = YES;
				CLANG_WARN_OBJC_IMPLICIT_RETAIN_SELF = YES;
				CLANG_WARN_OBJC_LITERAL_CONVERSION = YES;
				CLANG_WARN_OBJC_ROOT_CLASS = YES_ERROR;
				CLANG_WARN_RANGE_LOOP_ANALYSIS = YES;
				CLANG_WARN_STRICT_PROTOTYPES = YES;
				CLANG_WARN_SUSPICIOUS_MOVE = YES;
				CLANG_WARN_UNGUARDED_AVAILABILITY = YES_AGGRESSIVE;
				CLANG_WARN_UNREACHABLE_CODE = YES;
				CLANG_WARN__DUPLICATE_METHOD_MATCH = YES;
				CODE_SIGN_IDENTITY = "Mac Developer";
				COPY_PHASE_STRIP = NO;
				DEBUG_INFORMATION_FORMAT = "dwarf-with-dsym";
				ENABLE_NS_ASSERTIONS = NO;
				ENABLE_STRICT_OBJC_MSGSEND = YES;
				GCC_C_LANGUAGE_STANDARD = gnu11;
				GCC_NO_COMMON_BLOCKS = YES;
				GCC_WARN_64_TO_32_BIT_CONVERSION = YES;
				GCC_WARN_ABOUT_RETURN_TYPE = YES_ERROR;
				GCC_WARN_UNDECLARED_SELECTOR = YES;
				GCC_WARN_UNINITIALIZED_AUTOS = YES_AGGRESSIVE;
				GCC_WARN_UNUSED_FUNCTION = YES;
				GCC_WARN_UNUSED_VARIABLE = YES;
				MACOSX_DEPLOYMENT_TARGET = 10.14;
				MTL_ENABLE_DEBUG_INFO = NO;
				MTL_FAST_MATH = YES;
				SDKROOT = macosx;
			};
			name = Release;
		};
		979C1DE6224944BF0048E9F3 /* Debug */ = {
			isa = XCBuildConfiguration;
			buildSettings = {
				CODE_SIGN_STYLE = Automatic;
				DEVELOPMENT_TEAM = 56DRT9MG9S;
				HEADER_SEARCH_PATHS = /usr/local/include;
				LIBRARY_SEARCH_PATHS = (
					/usr/local/lib,
					/usr/local/Cellar/libsodium/1.0.17/lib,
					/usr/local/Cellar/czmq/4.2.0/lib,
				);
				PRODUCT_NAME = "$(TARGET_NAME)";
			};
			name = Debug;
		};
		979C1DE7224944BF0048E9F3 /* Release */ = {
			isa = XCBuildConfiguration;
			buildSettings = {
				CODE_SIGN_STYLE = Automatic;
				DEVELOPMENT_TEAM = 56DRT9MG9S;
				HEADER_SEARCH_PATHS = /usr/local/include;
				LIBRARY_SEARCH_PATHS = (
					/usr/local/lib,
					/usr/local/Cellar/libsodium/1.0.17/lib,
					/usr/local/Cellar/czmq/4.2.0/lib,
				);
				PRODUCT_NAME = "$(TARGET_NAME)";
			};
			name = Release;
		};
/* End XCBuildConfiguration section */

/* Begin XCConfigurationList section */
		979C1DD9224944BF0048E9F3 /* Build configuration list for PBXProject "ingelicense" */ = {
			isa = XCConfigurationList;
			buildConfigurations = (
				979C1DE3224944BF0048E9F3 /* Debug */,
				979C1DE4224944BF0048E9F3 /* Release */,
			);
			defaultConfigurationIsVisible = 0;
			defaultConfigurationName = Release;
		};
		979C1DE5224944BF0048E9F3 /* Build configuration list for PBXNativeTarget "ingelicense" */ = {
			isa = XCConfigurationList;
			buildConfigurations = (
				979C1DE6224944BF0048E9F3 /* Debug */,
				979C1DE7224944BF0048E9F3 /* Release */,
			);
			defaultConfigurationIsVisible = 0;
			defaultConfigurationName = Release;
		};
/* End XCConfigurationList section */
	};
	rootObject = 979C1DD6224944BF0048E9F3 /* Project object */;
}
